
Microsoft Visual Studio Solution File, Format Version 12.00
# Visual Studio 15
VisualStudioVersion = 15.0.27004.2010
MinimumVisualStudioVersion = 10.0.40219.1
Project("{FAE04EC0-301F-11D3-BF4B-00C04F79EFBC}") = "_25XamlClock.Android", "25XamlClock\_25XamlClock.Android\_25XamlClock.Android.csproj", "{18199FE6-57DC-4F83-8BEA-64E55040223F}"
EndProject
Project("{FAE04EC0-301F-11D3-BF4B-00C04F79EFBC}") = "_25XamlClock", "25XamlClock\_25XamlClock\_25XamlClock.csproj", "{D17EEEA9-A8CC-476E-B666-EE8C598200EC}"
EndProject
Project("{FAE04EC0-301F-11D3-BF4B-00C04F79EFBC}") = "_25XamlClock.UWP", "25XamlClock\_25XamlClock.UWP\_25XamlClock.UWP.csproj", "{84F102AF-C7A0-410B-8301-0C1A18389553}"
EndProject
Global
	GlobalSection(SolutionConfigurationPlatforms) = preSolution
		Ad-Hoc|Any CPU = Ad-Hoc|Any CPU
		Ad-Hoc|ARM = Ad-Hoc|ARM
		Ad-Hoc|iPhone = Ad-Hoc|iPhone
		Ad-Hoc|iPhoneSimulator = Ad-Hoc|iPhoneSimulator
		Ad-Hoc|x64 = Ad-Hoc|x64
		Ad-Hoc|x86 = Ad-Hoc|x86
		AppStore|Any CPU = AppStore|Any CPU
		AppStore|ARM = AppStore|ARM
		AppStore|iPhone = AppStore|iPhone
		AppStore|iPhoneSimulator = AppStore|iPhoneSimulator
		AppStore|x64 = AppStore|x64
		AppStore|x86 = AppStore|x86
		Debug|Any CPU = Debug|Any CPU
		Debug|ARM = Debug|ARM
		Debug|iPhone = Debug|iPhone
		Debug|iPhoneSimulator = Debug|iPhoneSimulator
		Debug|x64 = Debug|x64
		Debug|x86 = Debug|x86
		Release|Any CPU = Release|Any CPU
		Release|ARM = Release|ARM
		Release|iPhone = Release|iPhone
		Release|iPhoneSimulator = Release|iPhoneSimulator
		Release|x64 = Release|x64
		Release|x86 = Release|x86
	EndGlobalSection
	GlobalSection(ProjectConfigurationPlatforms) = postSolution
		{18199FE6-57DC-4F83-8BEA-64E55040223F}.Ad-Hoc|Any CPU.ActiveCfg = Release|Any CPU
		{18199FE6-57DC-4F83-8BEA-64E55040223F}.Ad-Hoc|Any CPU.Build.0 = Release|Any CPU
		{18199FE6-57DC-4F83-8BEA-64E55040223F}.Ad-Hoc|Any CPU.Deploy.0 = Release|Any CPU
		{18199FE6-57DC-4F83-8BEA-64E55040223F}.Ad-Hoc|ARM.ActiveCfg = Release|Any CPU
		{18199FE6-57DC-4F83-8BEA-64E55040223F}.Ad-Hoc|ARM.Build.0 = Release|Any CPU
		{18199FE6-57DC-4F83-8BEA-64E55040223F}.Ad-Hoc|ARM.Deploy.0 = Release|Any CPU
		{18199FE6-57DC-4F83-8BEA-64E55040223F}.Ad-Hoc|iPhone.ActiveCfg = Release|Any CPU
		{18199FE6-57DC-4F83-8BEA-64E55040223F}.Ad-Hoc|iPhone.Build.0 = Release|Any CPU
		{18199FE6-57DC-4F83-8BEA-64E55040223F}.Ad-Hoc|iPhone.Deploy.0 = Release|Any CPU
		{18199FE6-57DC-4F83-8BEA-64E55040223F}.Ad-Hoc|iPhoneSimulator.ActiveCfg = Release|Any CPU
		{18199FE6-57DC-4F83-8BEA-64E55040223F}.Ad-Hoc|iPhoneSimulator.Build.0 = Release|Any CPU
		{18199FE6-57DC-4F83-8BEA-64E55040223F}.Ad-Hoc|iPhoneSimulator.Deploy.0 = Release|Any CPU
		{18199FE6-57DC-4F83-8BEA-64E55040223F}.Ad-Hoc|x64.ActiveCfg = Release|Any CPU
		{18199FE6-57DC-4F83-8BEA-64E55040223F}.Ad-Hoc|x64.Build.0 = Release|Any CPU
		{18199FE6-57DC-4F83-8BEA-64E55040223F}.Ad-Hoc|x64.Deploy.0 = Release|Any CPU
		{18199FE6-57DC-4F83-8BEA-64E55040223F}.Ad-Hoc|x86.ActiveCfg = Release|Any CPU
		{18199FE6-57DC-4F83-8BEA-64E55040223F}.Ad-Hoc|x86.Build.0 = Release|Any CPU
		{18199FE6-57DC-4F83-8BEA-64E55040223F}.Ad-Hoc|x86.Deploy.0 = Release|Any CPU
		{18199FE6-57DC-4F83-8BEA-64E55040223F}.AppStore|Any CPU.ActiveCfg = Release|Any CPU
		{18199FE6-57DC-4F83-8BEA-64E55040223F}.AppStore|Any CPU.Build.0 = Release|Any CPU
		{18199FE6-57DC-4F83-8BEA-64E55040223F}.AppStore|Any CPU.Deploy.0 = Release|Any CPU
		{18199FE6-57DC-4F83-8BEA-64E55040223F}.AppStore|ARM.ActiveCfg = Release|Any CPU
		{18199FE6-57DC-4F83-8BEA-64E55040223F}.AppStore|ARM.Build.0 = Release|Any CPU
		{18199FE6-57DC-4F83-8BEA-64E55040223F}.AppStore|ARM.Deploy.0 = Release|Any CPU
		{18199FE6-57DC-4F83-8BEA-64E55040223F}.AppStore|iPhone.ActiveCfg = Release|Any CPU
		{18199FE6-57DC-4F83-8BEA-64E55040223F}.AppStore|iPhone.Build.0 = Release|Any CPU
		{18199FE6-57DC-4F83-8BEA-64E55040223F}.AppStore|iPhone.Deploy.0 = Release|Any CPU
		{18199FE6-57DC-4F83-8BEA-64E55040223F}.AppStore|iPhoneSimulator.ActiveCfg = Release|Any CPU
		{18199FE6-57DC-4F83-8BEA-64E55040223F}.AppStore|iPhoneSimulator.Build.0 = Release|Any CPU
		{18199FE6-57DC-4F83-8BEA-64E55040223F}.AppStore|iPhoneSimulator.Deploy.0 = Release|Any CPU
		{18199FE6-57DC-4F83-8BEA-64E55040223F}.AppStore|x64.ActiveCfg = Release|Any CPU
		{18199FE6-57DC-4F83-8BEA-64E55040223F}.AppStore|x64.Build.0 = Release|Any CPU
		{18199FE6-57DC-4F83-8BEA-64E55040223F}.AppStore|x64.Deploy.0 = Release|Any CPU
		{18199FE6-57DC-4F83-8BEA-64E55040223F}.AppStore|x86.ActiveCfg = Release|Any CPU
		{18199FE6-57DC-4F83-8BEA-64E55040223F}.AppStore|x86.Build.0 = Release|Any CPU
		{18199FE6-57DC-4F83-8BEA-64E55040223F}.AppStore|x86.Deploy.0 = Release|Any CPU
		{18199FE6-57DC-4F83-8BEA-64E55040223F}.Debug|Any CPU.ActiveCfg = Debug|Any CPU
		{18199FE6-57DC-4F83-8BEA-64E55040223F}.Debug|Any CPU.Build.0 = Debug|Any CPU
		{18199FE6-57DC-4F83-8BEA-64E55040223F}.Debug|Any CPU.Deploy.0 = Debug|Any CPU
		{18199FE6-57DC-4F83-8BEA-64E55040223F}.Debug|ARM.ActiveCfg = Debug|Any CPU
		{18199FE6-57DC-4F83-8BEA-64E55040223F}.Debug|ARM.Build.0 = Debug|Any CPU
		{18199FE6-57DC-4F83-8BEA-64E55040223F}.Debug|ARM.Deploy.0 = Debug|Any CPU
		{18199FE6-57DC-4F83-8BEA-64E55040223F}.Debug|iPhone.ActiveCfg = Debug|Any CPU
		{18199FE6-57DC-4F83-8BEA-64E55040223F}.Debug|iPhone.Build.0 = Debug|Any CPU
		{18199FE6-57DC-4F83-8BEA-64E55040223F}.Debug|iPhone.Deploy.0 = Debug|Any CPU
		{18199FE6-57DC-4F83-8BEA-64E55040223F}.Debug|iPhoneSimulator.ActiveCfg = Debug|Any CPU
		{18199FE6-57DC-4F83-8BEA-64E55040223F}.Debug|iPhoneSimulator.Build.0 = Debug|Any CPU
		{18199FE6-57DC-4F83-8BEA-64E55040223F}.Debug|iPhoneSimulator.Deploy.0 = Debug|Any CPU
		{18199FE6-57DC-4F83-8BEA-64E55040223F}.Debug|x64.ActiveCfg = Debug|Any CPU
		{18199FE6-57DC-4F83-8BEA-64E55040223F}.Debug|x64.Build.0 = Debug|Any CPU
		{18199FE6-57DC-4F83-8BEA-64E55040223F}.Debug|x64.Deploy.0 = Debug|Any CPU
		{18199FE6-57DC-4F83-8BEA-64E55040223F}.Debug|x86.ActiveCfg = Debug|Any CPU
		{18199FE6-57DC-4F83-8BEA-64E55040223F}.Debug|x86.Build.0 = Debug|Any CPU
		{18199FE6-57DC-4F83-8BEA-64E55040223F}.Debug|x86.Deploy.0 = Debug|Any CPU
		{18199FE6-57DC-4F83-8BEA-64E55040223F}.Release|Any CPU.ActiveCfg = Release|Any CPU
		{18199FE6-57DC-4F83-8BEA-64E55040223F}.Release|Any CPU.Build.0 = Release|Any CPU
		{18199FE6-57DC-4F83-8BEA-64E55040223F}.Release|Any CPU.Deploy.0 = Release|Any CPU
		{18199FE6-57DC-4F83-8BEA-64E55040223F}.Release|ARM.ActiveCfg = Release|Any CPU
		{18199FE6-57DC-4F83-8BEA-64E55040223F}.Release|ARM.Build.0 = Release|Any CPU
		{18199FE6-57DC-4F83-8BEA-64E55040223F}.Release|ARM.Deploy.0 = Release|Any CPU
		{18199FE6-57DC-4F83-8BEA-64E55040223F}.Release|iPhone.ActiveCfg = Release|Any CPU
		{18199FE6-57DC-4F83-8BEA-64E55040223F}.Release|iPhone.Build.0 = Release|Any CPU
		{18199FE6-57DC-4F83-8BEA-64E55040223F}.Release|iPhone.Deploy.0 = Release|Any CPU
		{18199FE6-57DC-4F83-8BEA-64E55040223F}.Release|iPhoneSimulator.ActiveCfg = Release|Any CPU
		{18199FE6-57DC-4F83-8BEA-64E55040223F}.Release|iPhoneSimulator.Build.0 = Release|Any CPU
		{18199FE6-57DC-4F83-8BEA-64E55040223F}.Release|iPhoneSimulator.Deploy.0 = Release|Any CPU
		{18199FE6-57DC-4F83-8BEA-64E55040223F}.Release|x64.ActiveCfg = Release|Any CPU
		{18199FE6-57DC-4F83-8BEA-64E55040223F}.Release|x64.Build.0 = Release|Any CPU
		{18199FE6-57DC-4F83-8BEA-64E55040223F}.Release|x64.Deploy.0 = Release|Any CPU
		{18199FE6-57DC-4F83-8BEA-64E55040223F}.Release|x86.ActiveCfg = Release|Any CPU
		{18199FE6-57DC-4F83-8BEA-64E55040223F}.Release|x86.Build.0 = Release|Any CPU
		{18199FE6-57DC-4F83-8BEA-64E55040223F}.Release|x86.Deploy.0 = Release|Any CPU
		{D17EEEA9-A8CC-476E-B666-EE8C598200EC}.Ad-Hoc|Any CPU.ActiveCfg = Release|Any CPU
		{D17EEEA9-A8CC-476E-B666-EE8C598200EC}.Ad-Hoc|Any CPU.Build.0 = Release|Any CPU
		{D17EEEA9-A8CC-476E-B666-EE8C598200EC}.Ad-Hoc|ARM.ActiveCfg = Release|Any CPU
		{D17EEEA9-A8CC-476E-B666-EE8C598200EC}.Ad-Hoc|ARM.Build.0 = Release|Any CPU
		{D17EEEA9-A8CC-476E-B666-EE8C598200EC}.Ad-Hoc|iPhone.ActiveCfg = Release|Any CPU
		{D17EEEA9-A8CC-476E-B666-EE8C598200EC}.Ad-Hoc|iPhone.Build.0 = Release|Any CPU
		{D17EEEA9-A8CC-476E-B666-EE8C598200EC}.Ad-Hoc|iPhoneSimulator.ActiveCfg = Release|Any CPU
		{D17EEEA9-A8CC-476E-B666-EE8C598200EC}.Ad-Hoc|iPhoneSimulator.Build.0 = Release|Any CPU
		{D17EEEA9-A8CC-476E-B666-EE8C598200EC}.Ad-Hoc|x64.ActiveCfg = Release|Any CPU
		{D17EEEA9-A8CC-476E-B666-EE8C598200EC}.Ad-Hoc|x64.Build.0 = Release|Any CPU
		{D17EEEA9-A8CC-476E-B666-EE8C598200EC}.Ad-Hoc|x86.ActiveCfg = Release|Any CPU
		{D17EEEA9-A8CC-476E-B666-EE8C598200EC}.Ad-Hoc|x86.Build.0 = Release|Any CPU
		{D17EEEA9-A8CC-476E-B666-EE8C598200EC}.AppStore|Any CPU.ActiveCfg = Release|Any CPU
		{D17EEEA9-A8CC-476E-B666-EE8C598200EC}.AppStore|Any CPU.Build.0 = Release|Any CPU
		{D17EEEA9-A8CC-476E-B666-EE8C598200EC}.AppStore|ARM.ActiveCfg = Release|Any CPU
		{D17EEEA9-A8CC-476E-B666-EE8C598200EC}.AppStore|ARM.Build.0 = Release|Any CPU
		{D17EEEA9-A8CC-476E-B666-EE8C598200EC}.AppStore|iPhone.ActiveCfg = Release|Any CPU
		{D17EEEA9-A8CC-476E-B666-EE8C598200EC}.AppStore|iPhone.Build.0 = Release|Any CPU
		{D17EEEA9-A8CC-476E-B666-EE8C598200EC}.AppStore|iPhoneSimulator.ActiveCfg = Release|Any CPU
		{D17EEEA9-A8CC-476E-B666-EE8C598200EC}.AppStore|iPhoneSimulator.Build.0 = Release|Any CPU
		{D17EEEA9-A8CC-476E-B666-EE8C598200EC}.AppStore|x64.ActiveCfg = Release|Any CPU
		{D17EEEA9-A8CC-476E-B666-EE8C598200EC}.AppStore|x64.Build.0 = Release|Any CPU
		{D17EEEA9-A8CC-476E-B666-EE8C598200EC}.AppStore|x86.ActiveCfg = Release|Any CPU
		{D17EEEA9-A8CC-476E-B666-EE8C598200EC}.AppStore|x86.Build.0 = Release|Any CPU
		{D17EEEA9-A8CC-476E-B666-EE8C598200EC}.Debug|Any CPU.ActiveCfg = Debug|Any CPU
		{D17EEEA9-A8CC-476E-B666-EE8C598200EC}.Debug|Any CPU.Build.0 = Debug|Any CPU
		{D17EEEA9-A8CC-476E-B666-EE8C598200EC}.Debug|ARM.ActiveCfg = Debug|Any CPU
		{D17EEEA9-A8CC-476E-B666-EE8C598200EC}.Debug|ARM.Build.0 = Debug|Any CPU
		{D17EEEA9-A8CC-476E-B666-EE8C598200EC}.Debug|iPhone.ActiveCfg = Debug|Any CPU
		{D17EEEA9-A8CC-476E-B666-EE8C598200EC}.Debug|iPhone.Build.0 = Debug|Any CPU
		{D17EEEA9-A8CC-476E-B666-EE8C598200EC}.Debug|iPhoneSimulator.ActiveCfg = Debug|Any CPU
		{D17EEEA9-A8CC-476E-B666-EE8C598200EC}.Debug|iPhoneSimulator.Build.0 = Debug|Any CPU
		{D17EEEA9-A8CC-476E-B666-EE8C598200EC}.Debug|x64.ActiveCfg = Debug|Any CPU
		{D17EEEA9-A8CC-476E-B666-EE8C598200EC}.Debug|x64.Build.0 = Debug|Any CPU
		{D17EEEA9-A8CC-476E-B666-EE8C598200EC}.Debug|x86.ActiveCfg = Debug|Any CPU
		{D17EEEA9-A8CC-476E-B666-EE8C598200EC}.Debug|x86.Build.0 = Debug|Any CPU
		{D17EEEA9-A8CC-476E-B666-EE8C598200EC}.Release|Any CPU.ActiveCfg = Release|Any CPU
		{D17EEEA9-A8CC-476E-B666-EE8C598200EC}.Release|Any CPU.Build.0 = Release|Any CPU
		{D17EEEA9-A8CC-476E-B666-EE8C598200EC}.Release|ARM.ActiveCfg = Release|Any CPU
		{D17EEEA9-A8CC-476E-B666-EE8C598200EC}.Release|ARM.Build.0 = Release|Any CPU
		{D17EEEA9-A8CC-476E-B666-EE8C598200EC}.Release|iPhone.ActiveCfg = Release|Any CPU
		{D17EEEA9-A8CC-476E-B666-EE8C598200EC}.Release|iPhone.Build.0 = Release|Any CPU
		{D17EEEA9-A8CC-476E-B666-EE8C598200EC}.Release|iPhoneSimulator.ActiveCfg = Release|Any CPU
		{D17EEEA9-A8CC-476E-B666-EE8C598200EC}.Release|iPhoneSimulator.Build.0 = Release|Any CPU
		{D17EEEA9-A8CC-476E-B666-EE8C598200EC}.Release|x64.ActiveCfg = Release|Any CPU
		{D17EEEA9-A8CC-476E-B666-EE8C598200EC}.Release|x64.Build.0 = Release|Any CPU
		{D17EEEA9-A8CC-476E-B666-EE8C598200EC}.Release|x86.ActiveCfg = Release|Any CPU
		{D17EEEA9-A8CC-476E-B666-EE8C598200EC}.Release|x86.Build.0 = Release|Any CPU
		{84F102AF-C7A0-410B-8301-0C1A18389553}.Ad-Hoc|Any CPU.ActiveCfg = Release|x86
		{84F102AF-C7A0-410B-8301-0C1A18389553}.Ad-Hoc|Any CPU.Build.0 = Release|x86
		{84F102AF-C7A0-410B-8301-0C1A18389553}.Ad-Hoc|Any CPU.Deploy.0 = Release|x86
		{84F102AF-C7A0-410B-8301-0C1A18389553}.Ad-Hoc|ARM.ActiveCfg = Release|ARM
		{84F102AF-C7A0-410B-8301-0C1A18389553}.Ad-Hoc|ARM.Build.0 = Release|ARM
		{84F102AF-C7A0-410B-8301-0C1A18389553}.Ad-Hoc|ARM.Deploy.0 = Release|ARM
		{84F102AF-C7A0-410B-8301-0C1A18389553}.Ad-Hoc|iPhone.ActiveCfg = Release|x86
		{84F102AF-C7A0-410B-8301-0C1A18389553}.Ad-Hoc|iPhone.Build.0 = Release|x86
		{84F102AF-C7A0-410B-8301-0C1A18389553}.Ad-Hoc|iPhone.Deploy.0 = Release|x86
		{84F102AF-C7A0-410B-8301-0C1A18389553}.Ad-Hoc|iPhoneSimulator.ActiveCfg = Release|x86
		{84F102AF-C7A0-410B-8301-0C1A18389553}.Ad-Hoc|iPhoneSimulator.Build.0 = Release|x86
		{84F102AF-C7A0-410B-8301-0C1A18389553}.Ad-Hoc|iPhoneSimulator.Deploy.0 = Release|x86
		{84F102AF-C7A0-410B-8301-0C1A18389553}.Ad-Hoc|x64.ActiveCfg = Release|x64
		{84F102AF-C7A0-410B-8301-0C1A18389553}.Ad-Hoc|x64.Build.0 = Release|x64
		{84F102AF-C7A0-410B-8301-0C1A18389553}.Ad-Hoc|x64.Deploy.0 = Release|x64
		{84F102AF-C7A0-410B-8301-0C1A18389553}.Ad-Hoc|x86.ActiveCfg = Release|x86
		{84F102AF-C7A0-410B-8301-0C1A18389553}.Ad-Hoc|x86.Build.0 = Release|x86
		{84F102AF-C7A0-410B-8301-0C1A18389553}.Ad-Hoc|x86.Deploy.0 = Release|x86
		{84F102AF-C7A0-410B-8301-0C1A18389553}.AppStore|Any CPU.ActiveCfg = Release|x86
		{84F102AF-C7A0-410B-8301-0C1A18389553}.AppStore|Any CPU.Build.0 = Release|x86
		{84F102AF-C7A0-410B-8301-0C1A18389553}.AppStore|Any CPU.Deploy.0 = Release|x86
		{84F102AF-C7A0-410B-8301-0C1A18389553}.AppStore|ARM.ActiveCfg = Release|ARM
		{84F102AF-C7A0-410B-8301-0C1A18389553}.AppStore|ARM.Build.0 = Release|ARM
		{84F102AF-C7A0-410B-8301-0C1A18389553}.AppStore|ARM.Deploy.0 = Release|ARM
		{84F102AF-C7A0-410B-8301-0C1A18389553}.AppStore|iPhone.ActiveCfg = Release|x86
		{84F102AF-C7A0-410B-8301-0C1A18389553}.AppStore|iPhone.Build.0 = Release|x86
		{84F102AF-C7A0-410B-8301-0C1A18389553}.AppStore|iPhone.Deploy.0 = Release|x86
		{84F102AF-C7A0-410B-8301-0C1A18389553}.AppStore|iPhoneSimulator.ActiveCfg = Release|x86
		{84F102AF-C7A0-410B-8301-0C1A18389553}.AppStore|iPhoneSimulator.Build.0 = Release|x86
		{84F102AF-C7A0-410B-8301-0C1A18389553}.AppStore|iPhoneSimulator.Deploy.0 = Release|x86
		{84F102AF-C7A0-410B-8301-0C1A18389553}.AppStore|x64.ActiveCfg = Release|x64
		{84F102AF-C7A0-410B-8301-0C1A18389553}.AppStore|x64.Build.0 = Release|x64
		{84F102AF-C7A0-410B-8301-0C1A18389553}.AppStore|x64.Deploy.0 = Release|x64
		{84F102AF-C7A0-410B-8301-0C1A18389553}.AppStore|x86.ActiveCfg = Release|x86
		{84F102AF-C7A0-410B-8301-0C1A18389553}.AppStore|x86.Build.0 = Release|x86
		{84F102AF-C7A0-410B-8301-0C1A18389553}.AppStore|x86.Deploy.0 = Release|x86
		{84F102AF-C7A0-410B-8301-0C1A18389553}.Debug|Any CPU.ActiveCfg = Debug|x86
		{84F102AF-C7A0-410B-8301-0C1A18389553}.Debug|ARM.ActiveCfg = Debug|ARM
		{84F102AF-C7A0-410B-8301-0C1A18389553}.Debug|ARM.Build.0 = Debug|ARM
		{84F102AF-C7A0-410B-8301-0C1A18389553}.Debug|ARM.Deploy.0 = Debug|ARM
		{84F102AF-C7A0-410B-8301-0C1A18389553}.Debug|iPhone.ActiveCfg = Debug|x86
		{84F102AF-C7A0-410B-8301-0C1A18389553}.Debug|iPhoneSimulator.ActiveCfg = Debug|x86
		{84F102AF-C7A0-410B-8301-0C1A18389553}.Debug|x64.ActiveCfg = Debug|x64
		{84F102AF-C7A0-410B-8301-0C1A18389553}.Debug|x64.Build.0 = Debug|x64
		{84F102AF-C7A0-410B-8301-0C1A18389553}.Debug|x64.Deploy.0 = Debug|x64
		{84F102AF-C7A0-410B-8301-0C1A18389553}.Debug|x86.ActiveCfg = Debug|x86
		{84F102AF-C7A0-410B-8301-0C1A18389553}.Debug|x86.Build.0 = Debug|x86
		{84F102AF-C7A0-410B-8301-0C1A18389553}.Debug|x86.Deploy.0 = Debug|x86
		{84F102AF-C7A0-410B-8301-0C1A18389553}.Release|Any CPU.ActiveCfg = Release|x86
		{84F102AF-C7A0-410B-8301-0C1A18389553}.Release|ARM.ActiveCfg = Release|ARM
		{84F102AF-C7A0-410B-8301-0C1A18389553}.Release|ARM.Build.0 = Release|ARM
		{84F102AF-C7A0-410B-8301-0C1A18389553}.Release|ARM.Deploy.0 = Release|ARM
		{84F102AF-C7A0-410B-8301-0C1A18389553}.Release|iPhone.ActiveCfg = Release|x86
		{84F102AF-C7A0-410B-8301-0C1A18389553}.Release|iPhoneSimulator.ActiveCfg = Release|x86
		{84F102AF-C7A0-410B-8301-0C1A18389553}.Release|x64.ActiveCfg = Release|x64
		{84F102AF-C7A0-410B-8301-0C1A18389553}.Release|x64.Build.0 = Release|x64
		{84F102AF-C7A0-410B-8301-0C1A18389553}.Release|x64.Deploy.0 = Release|x64
		{84F102AF-C7A0-410B-8301-0C1A18389553}.Release|x86.ActiveCfg = Release|x86
		{84F102AF-C7A0-410B-8301-0C1A18389553}.Release|x86.Build.0 = Release|x86
		{84F102AF-C7A0-410B-8301-0C1A18389553}.Release|x86.Deploy.0 = Release|x86
	EndGlobalSection
	GlobalSection(SolutionProperties) = preSolution
		HideSolutionNode = FALSE
	EndGlobalSection
	GlobalSection(ExtensibilityGlobals) = postSolution
		SolutionGuid = {57C2BADB-1A0E-492D-943A-C090843FDE0A}
	EndGlobalSection
EndGlobal
