
Microsoft Visual Studio Solution File, Format Version 12.00
# Visual Studio 15
VisualStudioVersion = 15.0.27004.2009
MinimumVisualStudioVersion = 10.0.40219.1
Project("{FAE04EC0-301F-11D3-BF4B-00C04F79EFBC}") = "_03Text.Android", "03Text\_03Text.Android\_03Text.Android.csproj", "{202010FB-F63B-476A-AD10-B3F77D003616}"
EndProject
Project("{FAE04EC0-301F-11D3-BF4B-00C04F79EFBC}") = "_03Text", "03Text\_03Text\_03Text.csproj", "{02AF43C7-B322-47C9-9A04-1E1790E4F3B9}"
EndProject
Project("{FAE04EC0-301F-11D3-BF4B-00C04F79EFBC}") = "_03Text.UWP", "03Text\_03Text.UWP\_03Text.UWP.csproj", "{DB9EDDFA-8270-41FA-89E4-6C00B78CFDC3}"
EndProject
Project("{FAE04EC0-301F-11D3-BF4B-00C04F79EFBC}") = "_03Text.iOS", "03Text\_03Text.iOS\_03Text.iOS.csproj", "{A40A0001-2EA4-470D-9197-6C7CB83A859F}"
EndProject
Global
	GlobalSection(SolutionConfigurationPlatforms) = preSolution
		Ad-Hoc|Any CPU = Ad-Hoc|Any CPU
		Ad-Hoc|ARM = Ad-Hoc|ARM
		Ad-Hoc|iPhone = Ad-Hoc|iPhone
		Ad-Hoc|iPhoneSimulator = Ad-Hoc|iPhoneSimulator
		Ad-Hoc|x64 = Ad-Hoc|x64
		Ad-Hoc|x86 = Ad-Hoc|x86
		AppStore|Any CPU = AppStore|Any CPU
		AppStore|ARM = AppStore|ARM
		AppStore|iPhone = AppStore|iPhone
		AppStore|iPhoneSimulator = AppStore|iPhoneSimulator
		AppStore|x64 = AppStore|x64
		AppStore|x86 = AppStore|x86
		Debug|Any CPU = Debug|Any CPU
		Debug|ARM = Debug|ARM
		Debug|iPhone = Debug|iPhone
		Debug|iPhoneSimulator = Debug|iPhoneSimulator
		Debug|x64 = Debug|x64
		Debug|x86 = Debug|x86
		Release|Any CPU = Release|Any CPU
		Release|ARM = Release|ARM
		Release|iPhone = Release|iPhone
		Release|iPhoneSimulator = Release|iPhoneSimulator
		Release|x64 = Release|x64
		Release|x86 = Release|x86
	EndGlobalSection
	GlobalSection(ProjectConfigurationPlatforms) = postSolution
		{202010FB-F63B-476A-AD10-B3F77D003616}.Ad-Hoc|Any CPU.ActiveCfg = Release|Any CPU
		{202010FB-F63B-476A-AD10-B3F77D003616}.Ad-Hoc|Any CPU.Build.0 = Release|Any CPU
		{202010FB-F63B-476A-AD10-B3F77D003616}.Ad-Hoc|Any CPU.Deploy.0 = Release|Any CPU
		{202010FB-F63B-476A-AD10-B3F77D003616}.Ad-Hoc|ARM.ActiveCfg = Release|Any CPU
		{202010FB-F63B-476A-AD10-B3F77D003616}.Ad-Hoc|ARM.Build.0 = Release|Any CPU
		{202010FB-F63B-476A-AD10-B3F77D003616}.Ad-Hoc|ARM.Deploy.0 = Release|Any CPU
		{202010FB-F63B-476A-AD10-B3F77D003616}.Ad-Hoc|iPhone.ActiveCfg = Release|Any CPU
		{202010FB-F63B-476A-AD10-B3F77D003616}.Ad-Hoc|iPhone.Build.0 = Release|Any CPU
		{202010FB-F63B-476A-AD10-B3F77D003616}.Ad-Hoc|iPhone.Deploy.0 = Release|Any CPU
		{202010FB-F63B-476A-AD10-B3F77D003616}.Ad-Hoc|iPhoneSimulator.ActiveCfg = Release|Any CPU
		{202010FB-F63B-476A-AD10-B3F77D003616}.Ad-Hoc|iPhoneSimulator.Build.0 = Release|Any CPU
		{202010FB-F63B-476A-AD10-B3F77D003616}.Ad-Hoc|iPhoneSimulator.Deploy.0 = Release|Any CPU
		{202010FB-F63B-476A-AD10-B3F77D003616}.Ad-Hoc|x64.ActiveCfg = Release|Any CPU
		{202010FB-F63B-476A-AD10-B3F77D003616}.Ad-Hoc|x64.Build.0 = Release|Any CPU
		{202010FB-F63B-476A-AD10-B3F77D003616}.Ad-Hoc|x64.Deploy.0 = Release|Any CPU
		{202010FB-F63B-476A-AD10-B3F77D003616}.Ad-Hoc|x86.ActiveCfg = Release|Any CPU
		{202010FB-F63B-476A-AD10-B3F77D003616}.Ad-Hoc|x86.Build.0 = Release|Any CPU
		{202010FB-F63B-476A-AD10-B3F77D003616}.Ad-Hoc|x86.Deploy.0 = Release|Any CPU
		{202010FB-F63B-476A-AD10-B3F77D003616}.AppStore|Any CPU.ActiveCfg = Release|Any CPU
		{202010FB-F63B-476A-AD10-B3F77D003616}.AppStore|Any CPU.Build.0 = Release|Any CPU
		{202010FB-F63B-476A-AD10-B3F77D003616}.AppStore|Any CPU.Deploy.0 = Release|Any CPU
		{202010FB-F63B-476A-AD10-B3F77D003616}.AppStore|ARM.ActiveCfg = Release|Any CPU
		{202010FB-F63B-476A-AD10-B3F77D003616}.AppStore|ARM.Build.0 = Release|Any CPU
		{202010FB-F63B-476A-AD10-B3F77D003616}.AppStore|ARM.Deploy.0 = Release|Any CPU
		{202010FB-F63B-476A-AD10-B3F77D003616}.AppStore|iPhone.ActiveCfg = Release|Any CPU
		{202010FB-F63B-476A-AD10-B3F77D003616}.AppStore|iPhone.Build.0 = Release|Any CPU
		{202010FB-F63B-476A-AD10-B3F77D003616}.AppStore|iPhone.Deploy.0 = Release|Any CPU
		{202010FB-F63B-476A-AD10-B3F77D003616}.AppStore|iPhoneSimulator.ActiveCfg = Release|Any CPU
		{202010FB-F63B-476A-AD10-B3F77D003616}.AppStore|iPhoneSimulator.Build.0 = Release|Any CPU
		{202010FB-F63B-476A-AD10-B3F77D003616}.AppStore|iPhoneSimulator.Deploy.0 = Release|Any CPU
		{202010FB-F63B-476A-AD10-B3F77D003616}.AppStore|x64.ActiveCfg = Release|Any CPU
		{202010FB-F63B-476A-AD10-B3F77D003616}.AppStore|x64.Build.0 = Release|Any CPU
		{202010FB-F63B-476A-AD10-B3F77D003616}.AppStore|x64.Deploy.0 = Release|Any CPU
		{202010FB-F63B-476A-AD10-B3F77D003616}.AppStore|x86.ActiveCfg = Release|Any CPU
		{202010FB-F63B-476A-AD10-B3F77D003616}.AppStore|x86.Build.0 = Release|Any CPU
		{202010FB-F63B-476A-AD10-B3F77D003616}.AppStore|x86.Deploy.0 = Release|Any CPU
		{202010FB-F63B-476A-AD10-B3F77D003616}.Debug|Any CPU.ActiveCfg = Debug|Any CPU
		{202010FB-F63B-476A-AD10-B3F77D003616}.Debug|Any CPU.Build.0 = Debug|Any CPU
		{202010FB-F63B-476A-AD10-B3F77D003616}.Debug|Any CPU.Deploy.0 = Debug|Any CPU
		{202010FB-F63B-476A-AD10-B3F77D003616}.Debug|ARM.ActiveCfg = Debug|Any CPU
		{202010FB-F63B-476A-AD10-B3F77D003616}.Debug|ARM.Build.0 = Debug|Any CPU
		{202010FB-F63B-476A-AD10-B3F77D003616}.Debug|ARM.Deploy.0 = Debug|Any CPU
		{202010FB-F63B-476A-AD10-B3F77D003616}.Debug|iPhone.ActiveCfg = Debug|Any CPU
		{202010FB-F63B-476A-AD10-B3F77D003616}.Debug|iPhone.Build.0 = Debug|Any CPU
		{202010FB-F63B-476A-AD10-B3F77D003616}.Debug|iPhone.Deploy.0 = Debug|Any CPU
		{202010FB-F63B-476A-AD10-B3F77D003616}.Debug|iPhoneSimulator.ActiveCfg = Debug|Any CPU
		{202010FB-F63B-476A-AD10-B3F77D003616}.Debug|iPhoneSimulator.Build.0 = Debug|Any CPU
		{202010FB-F63B-476A-AD10-B3F77D003616}.Debug|iPhoneSimulator.Deploy.0 = Debug|Any CPU
		{202010FB-F63B-476A-AD10-B3F77D003616}.Debug|x64.ActiveCfg = Debug|Any CPU
		{202010FB-F63B-476A-AD10-B3F77D003616}.Debug|x64.Build.0 = Debug|Any CPU
		{202010FB-F63B-476A-AD10-B3F77D003616}.Debug|x64.Deploy.0 = Debug|Any CPU
		{202010FB-F63B-476A-AD10-B3F77D003616}.Debug|x86.ActiveCfg = Debug|Any CPU
		{202010FB-F63B-476A-AD10-B3F77D003616}.Debug|x86.Build.0 = Debug|Any CPU
		{202010FB-F63B-476A-AD10-B3F77D003616}.Debug|x86.Deploy.0 = Debug|Any CPU
		{202010FB-F63B-476A-AD10-B3F77D003616}.Release|Any CPU.ActiveCfg = Release|Any CPU
		{202010FB-F63B-476A-AD10-B3F77D003616}.Release|Any CPU.Build.0 = Release|Any CPU
		{202010FB-F63B-476A-AD10-B3F77D003616}.Release|Any CPU.Deploy.0 = Release|Any CPU
		{202010FB-F63B-476A-AD10-B3F77D003616}.Release|ARM.ActiveCfg = Release|Any CPU
		{202010FB-F63B-476A-AD10-B3F77D003616}.Release|ARM.Build.0 = Release|Any CPU
		{202010FB-F63B-476A-AD10-B3F77D003616}.Release|ARM.Deploy.0 = Release|Any CPU
		{202010FB-F63B-476A-AD10-B3F77D003616}.Release|iPhone.ActiveCfg = Release|Any CPU
		{202010FB-F63B-476A-AD10-B3F77D003616}.Release|iPhone.Build.0 = Release|Any CPU
		{202010FB-F63B-476A-AD10-B3F77D003616}.Release|iPhone.Deploy.0 = Release|Any CPU
		{202010FB-F63B-476A-AD10-B3F77D003616}.Release|iPhoneSimulator.ActiveCfg = Release|Any CPU
		{202010FB-F63B-476A-AD10-B3F77D003616}.Release|iPhoneSimulator.Build.0 = Release|Any CPU
		{202010FB-F63B-476A-AD10-B3F77D003616}.Release|iPhoneSimulator.Deploy.0 = Release|Any CPU
		{202010FB-F63B-476A-AD10-B3F77D003616}.Release|x64.ActiveCfg = Release|Any CPU
		{202010FB-F63B-476A-AD10-B3F77D003616}.Release|x64.Build.0 = Release|Any CPU
		{202010FB-F63B-476A-AD10-B3F77D003616}.Release|x64.Deploy.0 = Release|Any CPU
		{202010FB-F63B-476A-AD10-B3F77D003616}.Release|x86.ActiveCfg = Release|Any CPU
		{202010FB-F63B-476A-AD10-B3F77D003616}.Release|x86.Build.0 = Release|Any CPU
		{202010FB-F63B-476A-AD10-B3F77D003616}.Release|x86.Deploy.0 = Release|Any CPU
		{02AF43C7-B322-47C9-9A04-1E1790E4F3B9}.Ad-Hoc|Any CPU.ActiveCfg = Release|Any CPU
		{02AF43C7-B322-47C9-9A04-1E1790E4F3B9}.Ad-Hoc|Any CPU.Build.0 = Release|Any CPU
		{02AF43C7-B322-47C9-9A04-1E1790E4F3B9}.Ad-Hoc|ARM.ActiveCfg = Release|Any CPU
		{02AF43C7-B322-47C9-9A04-1E1790E4F3B9}.Ad-Hoc|ARM.Build.0 = Release|Any CPU
		{02AF43C7-B322-47C9-9A04-1E1790E4F3B9}.Ad-Hoc|iPhone.ActiveCfg = Release|Any CPU
		{02AF43C7-B322-47C9-9A04-1E1790E4F3B9}.Ad-Hoc|iPhone.Build.0 = Release|Any CPU
		{02AF43C7-B322-47C9-9A04-1E1790E4F3B9}.Ad-Hoc|iPhoneSimulator.ActiveCfg = Release|Any CPU
		{02AF43C7-B322-47C9-9A04-1E1790E4F3B9}.Ad-Hoc|iPhoneSimulator.Build.0 = Release|Any CPU
		{02AF43C7-B322-47C9-9A04-1E1790E4F3B9}.Ad-Hoc|x64.ActiveCfg = Release|Any CPU
		{02AF43C7-B322-47C9-9A04-1E1790E4F3B9}.Ad-Hoc|x64.Build.0 = Release|Any CPU
		{02AF43C7-B322-47C9-9A04-1E1790E4F3B9}.Ad-Hoc|x86.ActiveCfg = Release|Any CPU
		{02AF43C7-B322-47C9-9A04-1E1790E4F3B9}.Ad-Hoc|x86.Build.0 = Release|Any CPU
		{02AF43C7-B322-47C9-9A04-1E1790E4F3B9}.AppStore|Any CPU.ActiveCfg = Release|Any CPU
		{02AF43C7-B322-47C9-9A04-1E1790E4F3B9}.AppStore|Any CPU.Build.0 = Release|Any CPU
		{02AF43C7-B322-47C9-9A04-1E1790E4F3B9}.AppStore|ARM.ActiveCfg = Release|Any CPU
		{02AF43C7-B322-47C9-9A04-1E1790E4F3B9}.AppStore|ARM.Build.0 = Release|Any CPU
		{02AF43C7-B322-47C9-9A04-1E1790E4F3B9}.AppStore|iPhone.ActiveCfg = Release|Any CPU
		{02AF43C7-B322-47C9-9A04-1E1790E4F3B9}.AppStore|iPhone.Build.0 = Release|Any CPU
		{02AF43C7-B322-47C9-9A04-1E1790E4F3B9}.AppStore|iPhoneSimulator.ActiveCfg = Release|Any CPU
		{02AF43C7-B322-47C9-9A04-1E1790E4F3B9}.AppStore|iPhoneSimulator.Build.0 = Release|Any CPU
		{02AF43C7-B322-47C9-9A04-1E1790E4F3B9}.AppStore|x64.ActiveCfg = Release|Any CPU
		{02AF43C7-B322-47C9-9A04-1E1790E4F3B9}.AppStore|x64.Build.0 = Release|Any CPU
		{02AF43C7-B322-47C9-9A04-1E1790E4F3B9}.AppStore|x86.ActiveCfg = Release|Any CPU
		{02AF43C7-B322-47C9-9A04-1E1790E4F3B9}.AppStore|x86.Build.0 = Release|Any CPU
		{02AF43C7-B322-47C9-9A04-1E1790E4F3B9}.Debug|Any CPU.ActiveCfg = Debug|Any CPU
		{02AF43C7-B322-47C9-9A04-1E1790E4F3B9}.Debug|Any CPU.Build.0 = Debug|Any CPU
		{02AF43C7-B322-47C9-9A04-1E1790E4F3B9}.Debug|ARM.ActiveCfg = Debug|Any CPU
		{02AF43C7-B322-47C9-9A04-1E1790E4F3B9}.Debug|ARM.Build.0 = Debug|Any CPU
		{02AF43C7-B322-47C9-9A04-1E1790E4F3B9}.Debug|iPhone.ActiveCfg = Debug|Any CPU
		{02AF43C7-B322-47C9-9A04-1E1790E4F3B9}.Debug|iPhone.Build.0 = Debug|Any CPU
		{02AF43C7-B322-47C9-9A04-1E1790E4F3B9}.Debug|iPhoneSimulator.ActiveCfg = Debug|Any CPU
		{02AF43C7-B322-47C9-9A04-1E1790E4F3B9}.Debug|iPhoneSimulator.Build.0 = Debug|Any CPU
		{02AF43C7-B322-47C9-9A04-1E1790E4F3B9}.Debug|x64.ActiveCfg = Debug|Any CPU
		{02AF43C7-B322-47C9-9A04-1E1790E4F3B9}.Debug|x64.Build.0 = Debug|Any CPU
		{02AF43C7-B322-47C9-9A04-1E1790E4F3B9}.Debug|x86.ActiveCfg = Debug|Any CPU
		{02AF43C7-B322-47C9-9A04-1E1790E4F3B9}.Debug|x86.Build.0 = Debug|Any CPU
		{02AF43C7-B322-47C9-9A04-1E1790E4F3B9}.Release|Any CPU.ActiveCfg = Release|Any CPU
		{02AF43C7-B322-47C9-9A04-1E1790E4F3B9}.Release|Any CPU.Build.0 = Release|Any CPU
		{02AF43C7-B322-47C9-9A04-1E1790E4F3B9}.Release|ARM.ActiveCfg = Release|Any CPU
		{02AF43C7-B322-47C9-9A04-1E1790E4F3B9}.Release|ARM.Build.0 = Release|Any CPU
		{02AF43C7-B322-47C9-9A04-1E1790E4F3B9}.Release|iPhone.ActiveCfg = Release|Any CPU
		{02AF43C7-B322-47C9-9A04-1E1790E4F3B9}.Release|iPhone.Build.0 = Release|Any CPU
		{02AF43C7-B322-47C9-9A04-1E1790E4F3B9}.Release|iPhoneSimulator.ActiveCfg = Release|Any CPU
		{02AF43C7-B322-47C9-9A04-1E1790E4F3B9}.Release|iPhoneSimulator.Build.0 = Release|Any CPU
		{02AF43C7-B322-47C9-9A04-1E1790E4F3B9}.Release|x64.ActiveCfg = Release|Any CPU
		{02AF43C7-B322-47C9-9A04-1E1790E4F3B9}.Release|x64.Build.0 = Release|Any CPU
		{02AF43C7-B322-47C9-9A04-1E1790E4F3B9}.Release|x86.ActiveCfg = Release|Any CPU
		{02AF43C7-B322-47C9-9A04-1E1790E4F3B9}.Release|x86.Build.0 = Release|Any CPU
		{DB9EDDFA-8270-41FA-89E4-6C00B78CFDC3}.Ad-Hoc|Any CPU.ActiveCfg = Release|x86
		{DB9EDDFA-8270-41FA-89E4-6C00B78CFDC3}.Ad-Hoc|Any CPU.Build.0 = Release|x86
		{DB9EDDFA-8270-41FA-89E4-6C00B78CFDC3}.Ad-Hoc|Any CPU.Deploy.0 = Release|x86
		{DB9EDDFA-8270-41FA-89E4-6C00B78CFDC3}.Ad-Hoc|ARM.ActiveCfg = Release|ARM
		{DB9EDDFA-8270-41FA-89E4-6C00B78CFDC3}.Ad-Hoc|ARM.Build.0 = Release|ARM
		{DB9EDDFA-8270-41FA-89E4-6C00B78CFDC3}.Ad-Hoc|ARM.Deploy.0 = Release|ARM
		{DB9EDDFA-8270-41FA-89E4-6C00B78CFDC3}.Ad-Hoc|iPhone.ActiveCfg = Release|x86
		{DB9EDDFA-8270-41FA-89E4-6C00B78CFDC3}.Ad-Hoc|iPhone.Build.0 = Release|x86
		{DB9EDDFA-8270-41FA-89E4-6C00B78CFDC3}.Ad-Hoc|iPhone.Deploy.0 = Release|x86
		{DB9EDDFA-8270-41FA-89E4-6C00B78CFDC3}.Ad-Hoc|iPhoneSimulator.ActiveCfg = Release|x86
		{DB9EDDFA-8270-41FA-89E4-6C00B78CFDC3}.Ad-Hoc|iPhoneSimulator.Build.0 = Release|x86
		{DB9EDDFA-8270-41FA-89E4-6C00B78CFDC3}.Ad-Hoc|iPhoneSimulator.Deploy.0 = Release|x86
		{DB9EDDFA-8270-41FA-89E4-6C00B78CFDC3}.Ad-Hoc|x64.ActiveCfg = Release|x64
		{DB9EDDFA-8270-41FA-89E4-6C00B78CFDC3}.Ad-Hoc|x64.Build.0 = Release|x64
		{DB9EDDFA-8270-41FA-89E4-6C00B78CFDC3}.Ad-Hoc|x64.Deploy.0 = Release|x64
		{DB9EDDFA-8270-41FA-89E4-6C00B78CFDC3}.Ad-Hoc|x86.ActiveCfg = Release|x86
		{DB9EDDFA-8270-41FA-89E4-6C00B78CFDC3}.Ad-Hoc|x86.Build.0 = Release|x86
		{DB9EDDFA-8270-41FA-89E4-6C00B78CFDC3}.Ad-Hoc|x86.Deploy.0 = Release|x86
		{DB9EDDFA-8270-41FA-89E4-6C00B78CFDC3}.AppStore|Any CPU.ActiveCfg = Release|x86
		{DB9EDDFA-8270-41FA-89E4-6C00B78CFDC3}.AppStore|Any CPU.Build.0 = Release|x86
		{DB9EDDFA-8270-41FA-89E4-6C00B78CFDC3}.AppStore|Any CPU.Deploy.0 = Release|x86
		{DB9EDDFA-8270-41FA-89E4-6C00B78CFDC3}.AppStore|ARM.ActiveCfg = Release|ARM
		{DB9EDDFA-8270-41FA-89E4-6C00B78CFDC3}.AppStore|ARM.Build.0 = Release|ARM
		{DB9EDDFA-8270-41FA-89E4-6C00B78CFDC3}.AppStore|ARM.Deploy.0 = Release|ARM
		{DB9EDDFA-8270-41FA-89E4-6C00B78CFDC3}.AppStore|iPhone.ActiveCfg = Release|x86
		{DB9EDDFA-8270-41FA-89E4-6C00B78CFDC3}.AppStore|iPhone.Build.0 = Release|x86
		{DB9EDDFA-8270-41FA-89E4-6C00B78CFDC3}.AppStore|iPhone.Deploy.0 = Release|x86
		{DB9EDDFA-8270-41FA-89E4-6C00B78CFDC3}.AppStore|iPhoneSimulator.ActiveCfg = Release|x86
		{DB9EDDFA-8270-41FA-89E4-6C00B78CFDC3}.AppStore|iPhoneSimulator.Build.0 = Release|x86
		{DB9EDDFA-8270-41FA-89E4-6C00B78CFDC3}.AppStore|iPhoneSimulator.Deploy.0 = Release|x86
		{DB9EDDFA-8270-41FA-89E4-6C00B78CFDC3}.AppStore|x64.ActiveCfg = Release|x64
		{DB9EDDFA-8270-41FA-89E4-6C00B78CFDC3}.AppStore|x64.Build.0 = Release|x64
		{DB9EDDFA-8270-41FA-89E4-6C00B78CFDC3}.AppStore|x64.Deploy.0 = Release|x64
		{DB9EDDFA-8270-41FA-89E4-6C00B78CFDC3}.AppStore|x86.ActiveCfg = Release|x86
		{DB9EDDFA-8270-41FA-89E4-6C00B78CFDC3}.AppStore|x86.Build.0 = Release|x86
		{DB9EDDFA-8270-41FA-89E4-6C00B78CFDC3}.AppStore|x86.Deploy.0 = Release|x86
		{DB9EDDFA-8270-41FA-89E4-6C00B78CFDC3}.Debug|Any CPU.ActiveCfg = Debug|x86
		{DB9EDDFA-8270-41FA-89E4-6C00B78CFDC3}.Debug|ARM.ActiveCfg = Debug|ARM
		{DB9EDDFA-8270-41FA-89E4-6C00B78CFDC3}.Debug|ARM.Build.0 = Debug|ARM
		{DB9EDDFA-8270-41FA-89E4-6C00B78CFDC3}.Debug|ARM.Deploy.0 = Debug|ARM
		{DB9EDDFA-8270-41FA-89E4-6C00B78CFDC3}.Debug|iPhone.ActiveCfg = Debug|x86
		{DB9EDDFA-8270-41FA-89E4-6C00B78CFDC3}.Debug|iPhoneSimulator.ActiveCfg = Debug|x86
		{DB9EDDFA-8270-41FA-89E4-6C00B78CFDC3}.Debug|x64.ActiveCfg = Debug|x64
		{DB9EDDFA-8270-41FA-89E4-6C00B78CFDC3}.Debug|x64.Build.0 = Debug|x64
		{DB9EDDFA-8270-41FA-89E4-6C00B78CFDC3}.Debug|x64.Deploy.0 = Debug|x64
		{DB9EDDFA-8270-41FA-89E4-6C00B78CFDC3}.Debug|x86.ActiveCfg = Debug|x86
		{DB9EDDFA-8270-41FA-89E4-6C00B78CFDC3}.Debug|x86.Build.0 = Debug|x86
		{DB9EDDFA-8270-41FA-89E4-6C00B78CFDC3}.Debug|x86.Deploy.0 = Debug|x86
		{DB9EDDFA-8270-41FA-89E4-6C00B78CFDC3}.Release|Any CPU.ActiveCfg = Release|x86
		{DB9EDDFA-8270-41FA-89E4-6C00B78CFDC3}.Release|ARM.ActiveCfg = Release|ARM
		{DB9EDDFA-8270-41FA-89E4-6C00B78CFDC3}.Release|ARM.Build.0 = Release|ARM
		{DB9EDDFA-8270-41FA-89E4-6C00B78CFDC3}.Release|ARM.Deploy.0 = Release|ARM
		{DB9EDDFA-8270-41FA-89E4-6C00B78CFDC3}.Release|iPhone.ActiveCfg = Release|x86
		{DB9EDDFA-8270-41FA-89E4-6C00B78CFDC3}.Release|iPhoneSimulator.ActiveCfg = Release|x86
		{DB9EDDFA-8270-41FA-89E4-6C00B78CFDC3}.Release|x64.ActiveCfg = Release|x64
		{DB9EDDFA-8270-41FA-89E4-6C00B78CFDC3}.Release|x64.Build.0 = Release|x64
		{DB9EDDFA-8270-41FA-89E4-6C00B78CFDC3}.Release|x64.Deploy.0 = Release|x64
		{DB9EDDFA-8270-41FA-89E4-6C00B78CFDC3}.Release|x86.ActiveCfg = Release|x86
		{DB9EDDFA-8270-41FA-89E4-6C00B78CFDC3}.Release|x86.Build.0 = Release|x86
		{DB9EDDFA-8270-41FA-89E4-6C00B78CFDC3}.Release|x86.Deploy.0 = Release|x86
		{A40A0001-2EA4-470D-9197-6C7CB83A859F}.Ad-Hoc|Any CPU.ActiveCfg = Ad-Hoc|iPhoneSimulator
		{A40A0001-2EA4-470D-9197-6C7CB83A859F}.Ad-Hoc|ARM.ActiveCfg = Ad-Hoc|iPhone
		{A40A0001-2EA4-470D-9197-6C7CB83A859F}.Ad-Hoc|iPhone.ActiveCfg = Ad-Hoc|iPhone
		{A40A0001-2EA4-470D-9197-6C7CB83A859F}.Ad-Hoc|iPhone.Build.0 = Ad-Hoc|iPhone
		{A40A0001-2EA4-470D-9197-6C7CB83A859F}.Ad-Hoc|iPhoneSimulator.ActiveCfg = Ad-Hoc|iPhoneSimulator
		{A40A0001-2EA4-470D-9197-6C7CB83A859F}.Ad-Hoc|iPhoneSimulator.Build.0 = Ad-Hoc|iPhoneSimulator
		{A40A0001-2EA4-470D-9197-6C7CB83A859F}.Ad-Hoc|x64.ActiveCfg = Ad-Hoc|iPhone
		{A40A0001-2EA4-470D-9197-6C7CB83A859F}.Ad-Hoc|x86.ActiveCfg = Ad-Hoc|iPhone
		{A40A0001-2EA4-470D-9197-6C7CB83A859F}.AppStore|Any CPU.ActiveCfg = AppStore|iPhoneSimulator
		{A40A0001-2EA4-470D-9197-6C7CB83A859F}.AppStore|ARM.ActiveCfg = AppStore|iPhone
		{A40A0001-2EA4-470D-9197-6C7CB83A859F}.AppStore|iPhone.ActiveCfg = AppStore|iPhone
		{A40A0001-2EA4-470D-9197-6C7CB83A859F}.AppStore|iPhone.Build.0 = AppStore|iPhone
		{A40A0001-2EA4-470D-9197-6C7CB83A859F}.AppStore|iPhoneSimulator.ActiveCfg = AppStore|iPhoneSimulator
		{A40A0001-2EA4-470D-9197-6C7CB83A859F}.AppStore|iPhoneSimulator.Build.0 = AppStore|iPhoneSimulator
		{A40A0001-2EA4-470D-9197-6C7CB83A859F}.AppStore|x64.ActiveCfg = AppStore|iPhone
		{A40A0001-2EA4-470D-9197-6C7CB83A859F}.AppStore|x86.ActiveCfg = AppStore|iPhone
		{A40A0001-2EA4-470D-9197-6C7CB83A859F}.Debug|Any CPU.ActiveCfg = Debug|iPhoneSimulator
		{A40A0001-2EA4-470D-9197-6C7CB83A859F}.Debug|ARM.ActiveCfg = Debug|iPhone
		{A40A0001-2EA4-470D-9197-6C7CB83A859F}.Debug|iPhone.ActiveCfg = Debug|iPhone
		{A40A0001-2EA4-470D-9197-6C7CB83A859F}.Debug|iPhone.Build.0 = Debug|iPhone
		{A40A0001-2EA4-470D-9197-6C7CB83A859F}.Debug|iPhoneSimulator.ActiveCfg = Debug|iPhoneSimulator
		{A40A0001-2EA4-470D-9197-6C7CB83A859F}.Debug|iPhoneSimulator.Build.0 = Debug|iPhoneSimulator
		{A40A0001-2EA4-470D-9197-6C7CB83A859F}.Debug|x64.ActiveCfg = Debug|iPhone
		{A40A0001-2EA4-470D-9197-6C7CB83A859F}.Debug|x86.ActiveCfg = Debug|iPhone
		{A40A0001-2EA4-470D-9197-6C7CB83A859F}.Release|Any CPU.ActiveCfg = Release|iPhoneSimulator
		{A40A0001-2EA4-470D-9197-6C7CB83A859F}.Release|ARM.ActiveCfg = Release|iPhone
		{A40A0001-2EA4-470D-9197-6C7CB83A859F}.Release|iPhone.ActiveCfg = Release|iPhone
		{A40A0001-2EA4-470D-9197-6C7CB83A859F}.Release|iPhone.Build.0 = Release|iPhone
		{A40A0001-2EA4-470D-9197-6C7CB83A859F}.Release|iPhoneSimulator.ActiveCfg = Release|iPhoneSimulator
		{A40A0001-2EA4-470D-9197-6C7CB83A859F}.Release|iPhoneSimulator.Build.0 = Release|iPhoneSimulator
		{A40A0001-2EA4-470D-9197-6C7CB83A859F}.Release|x64.ActiveCfg = Release|iPhone
		{A40A0001-2EA4-470D-9197-6C7CB83A859F}.Release|x86.ActiveCfg = Release|iPhone
	EndGlobalSection
	GlobalSection(SolutionProperties) = preSolution
		HideSolutionNode = FALSE
	EndGlobalSection
	GlobalSection(ExtensibilityGlobals) = postSolution
		SolutionGuid = {CA548AE2-A775-4745-9710-9C228F240459}
	EndGlobalSection
EndGlobal
