
Microsoft Visual Studio Solution File, Format Version 12.00
# Visual Studio 15
VisualStudioVersion = 15.0.27004.2010
MinimumVisualStudioVersion = 10.0.40219.1
Project("{FAE04EC0-301F-11D3-BF4B-00C04F79EFBC}") = "_13FitToSizeClock.Android", "13FitToSizeClock\_13FitToSizeClock.Android\_13FitToSizeClock.Android.csproj", "{4D17ABDA-F7A6-4EF4-ACD3-2903C033898C}"
EndProject
Project("{FAE04EC0-301F-11D3-BF4B-00C04F79EFBC}") = "_13FitToSizeClock", "13FitToSizeClock\_13FitToSizeClock\_13FitToSizeClock.csproj", "{8DF20253-1C8E-4D04-99DF-6C666C7FD233}"
EndProject
Project("{FAE04EC0-301F-11D3-BF4B-00C04F79EFBC}") = "_13FitToSizeClock.UWP", "13FitToSizeClock\_13FitToSizeClock.UWP\_13FitToSizeClock.UWP.csproj", "{14631A79-1699-48AB-8F36-8BE5F91BA42C}"
EndProject
Global
	GlobalSection(SolutionConfigurationPlatforms) = preSolution
		Ad-Hoc|Any CPU = Ad-Hoc|Any CPU
		Ad-Hoc|ARM = Ad-Hoc|ARM
		Ad-Hoc|iPhone = Ad-Hoc|iPhone
		Ad-Hoc|iPhoneSimulator = Ad-Hoc|iPhoneSimulator
		Ad-Hoc|x64 = Ad-Hoc|x64
		Ad-Hoc|x86 = Ad-Hoc|x86
		AppStore|Any CPU = AppStore|Any CPU
		AppStore|ARM = AppStore|ARM
		AppStore|iPhone = AppStore|iPhone
		AppStore|iPhoneSimulator = AppStore|iPhoneSimulator
		AppStore|x64 = AppStore|x64
		AppStore|x86 = AppStore|x86
		Debug|Any CPU = Debug|Any CPU
		Debug|ARM = Debug|ARM
		Debug|iPhone = Debug|iPhone
		Debug|iPhoneSimulator = Debug|iPhoneSimulator
		Debug|x64 = Debug|x64
		Debug|x86 = Debug|x86
		Release|Any CPU = Release|Any CPU
		Release|ARM = Release|ARM
		Release|iPhone = Release|iPhone
		Release|iPhoneSimulator = Release|iPhoneSimulator
		Release|x64 = Release|x64
		Release|x86 = Release|x86
	EndGlobalSection
	GlobalSection(ProjectConfigurationPlatforms) = postSolution
		{4D17ABDA-F7A6-4EF4-ACD3-2903C033898C}.Ad-Hoc|Any CPU.ActiveCfg = Release|Any CPU
		{4D17ABDA-F7A6-4EF4-ACD3-2903C033898C}.Ad-Hoc|Any CPU.Build.0 = Release|Any CPU
		{4D17ABDA-F7A6-4EF4-ACD3-2903C033898C}.Ad-Hoc|Any CPU.Deploy.0 = Release|Any CPU
		{4D17ABDA-F7A6-4EF4-ACD3-2903C033898C}.Ad-Hoc|ARM.ActiveCfg = Release|Any CPU
		{4D17ABDA-F7A6-4EF4-ACD3-2903C033898C}.Ad-Hoc|ARM.Build.0 = Release|Any CPU
		{4D17ABDA-F7A6-4EF4-ACD3-2903C033898C}.Ad-Hoc|ARM.Deploy.0 = Release|Any CPU
		{4D17ABDA-F7A6-4EF4-ACD3-2903C033898C}.Ad-Hoc|iPhone.ActiveCfg = Release|Any CPU
		{4D17ABDA-F7A6-4EF4-ACD3-2903C033898C}.Ad-Hoc|iPhone.Build.0 = Release|Any CPU
		{4D17ABDA-F7A6-4EF4-ACD3-2903C033898C}.Ad-Hoc|iPhone.Deploy.0 = Release|Any CPU
		{4D17ABDA-F7A6-4EF4-ACD3-2903C033898C}.Ad-Hoc|iPhoneSimulator.ActiveCfg = Release|Any CPU
		{4D17ABDA-F7A6-4EF4-ACD3-2903C033898C}.Ad-Hoc|iPhoneSimulator.Build.0 = Release|Any CPU
		{4D17ABDA-F7A6-4EF4-ACD3-2903C033898C}.Ad-Hoc|iPhoneSimulator.Deploy.0 = Release|Any CPU
		{4D17ABDA-F7A6-4EF4-ACD3-2903C033898C}.Ad-Hoc|x64.ActiveCfg = Release|Any CPU
		{4D17ABDA-F7A6-4EF4-ACD3-2903C033898C}.Ad-Hoc|x64.Build.0 = Release|Any CPU
		{4D17ABDA-F7A6-4EF4-ACD3-2903C033898C}.Ad-Hoc|x64.Deploy.0 = Release|Any CPU
		{4D17ABDA-F7A6-4EF4-ACD3-2903C033898C}.Ad-Hoc|x86.ActiveCfg = Release|Any CPU
		{4D17ABDA-F7A6-4EF4-ACD3-2903C033898C}.Ad-Hoc|x86.Build.0 = Release|Any CPU
		{4D17ABDA-F7A6-4EF4-ACD3-2903C033898C}.Ad-Hoc|x86.Deploy.0 = Release|Any CPU
		{4D17ABDA-F7A6-4EF4-ACD3-2903C033898C}.AppStore|Any CPU.ActiveCfg = Release|Any CPU
		{4D17ABDA-F7A6-4EF4-ACD3-2903C033898C}.AppStore|Any CPU.Build.0 = Release|Any CPU
		{4D17ABDA-F7A6-4EF4-ACD3-2903C033898C}.AppStore|Any CPU.Deploy.0 = Release|Any CPU
		{4D17ABDA-F7A6-4EF4-ACD3-2903C033898C}.AppStore|ARM.ActiveCfg = Release|Any CPU
		{4D17ABDA-F7A6-4EF4-ACD3-2903C033898C}.AppStore|ARM.Build.0 = Release|Any CPU
		{4D17ABDA-F7A6-4EF4-ACD3-2903C033898C}.AppStore|ARM.Deploy.0 = Release|Any CPU
		{4D17ABDA-F7A6-4EF4-ACD3-2903C033898C}.AppStore|iPhone.ActiveCfg = Release|Any CPU
		{4D17ABDA-F7A6-4EF4-ACD3-2903C033898C}.AppStore|iPhone.Build.0 = Release|Any CPU
		{4D17ABDA-F7A6-4EF4-ACD3-2903C033898C}.AppStore|iPhone.Deploy.0 = Release|Any CPU
		{4D17ABDA-F7A6-4EF4-ACD3-2903C033898C}.AppStore|iPhoneSimulator.ActiveCfg = Release|Any CPU
		{4D17ABDA-F7A6-4EF4-ACD3-2903C033898C}.AppStore|iPhoneSimulator.Build.0 = Release|Any CPU
		{4D17ABDA-F7A6-4EF4-ACD3-2903C033898C}.AppStore|iPhoneSimulator.Deploy.0 = Release|Any CPU
		{4D17ABDA-F7A6-4EF4-ACD3-2903C033898C}.AppStore|x64.ActiveCfg = Release|Any CPU
		{4D17ABDA-F7A6-4EF4-ACD3-2903C033898C}.AppStore|x64.Build.0 = Release|Any CPU
		{4D17ABDA-F7A6-4EF4-ACD3-2903C033898C}.AppStore|x64.Deploy.0 = Release|Any CPU
		{4D17ABDA-F7A6-4EF4-ACD3-2903C033898C}.AppStore|x86.ActiveCfg = Release|Any CPU
		{4D17ABDA-F7A6-4EF4-ACD3-2903C033898C}.AppStore|x86.Build.0 = Release|Any CPU
		{4D17ABDA-F7A6-4EF4-ACD3-2903C033898C}.AppStore|x86.Deploy.0 = Release|Any CPU
		{4D17ABDA-F7A6-4EF4-ACD3-2903C033898C}.Debug|Any CPU.ActiveCfg = Debug|Any CPU
		{4D17ABDA-F7A6-4EF4-ACD3-2903C033898C}.Debug|Any CPU.Build.0 = Debug|Any CPU
		{4D17ABDA-F7A6-4EF4-ACD3-2903C033898C}.Debug|Any CPU.Deploy.0 = Debug|Any CPU
		{4D17ABDA-F7A6-4EF4-ACD3-2903C033898C}.Debug|ARM.ActiveCfg = Debug|Any CPU
		{4D17ABDA-F7A6-4EF4-ACD3-2903C033898C}.Debug|ARM.Build.0 = Debug|Any CPU
		{4D17ABDA-F7A6-4EF4-ACD3-2903C033898C}.Debug|ARM.Deploy.0 = Debug|Any CPU
		{4D17ABDA-F7A6-4EF4-ACD3-2903C033898C}.Debug|iPhone.ActiveCfg = Debug|Any CPU
		{4D17ABDA-F7A6-4EF4-ACD3-2903C033898C}.Debug|iPhone.Build.0 = Debug|Any CPU
		{4D17ABDA-F7A6-4EF4-ACD3-2903C033898C}.Debug|iPhone.Deploy.0 = Debug|Any CPU
		{4D17ABDA-F7A6-4EF4-ACD3-2903C033898C}.Debug|iPhoneSimulator.ActiveCfg = Debug|Any CPU
		{4D17ABDA-F7A6-4EF4-ACD3-2903C033898C}.Debug|iPhoneSimulator.Build.0 = Debug|Any CPU
		{4D17ABDA-F7A6-4EF4-ACD3-2903C033898C}.Debug|iPhoneSimulator.Deploy.0 = Debug|Any CPU
		{4D17ABDA-F7A6-4EF4-ACD3-2903C033898C}.Debug|x64.ActiveCfg = Debug|Any CPU
		{4D17ABDA-F7A6-4EF4-ACD3-2903C033898C}.Debug|x64.Build.0 = Debug|Any CPU
		{4D17ABDA-F7A6-4EF4-ACD3-2903C033898C}.Debug|x64.Deploy.0 = Debug|Any CPU
		{4D17ABDA-F7A6-4EF4-ACD3-2903C033898C}.Debug|x86.ActiveCfg = Debug|Any CPU
		{4D17ABDA-F7A6-4EF4-ACD3-2903C033898C}.Debug|x86.Build.0 = Debug|Any CPU
		{4D17ABDA-F7A6-4EF4-ACD3-2903C033898C}.Debug|x86.Deploy.0 = Debug|Any CPU
		{4D17ABDA-F7A6-4EF4-ACD3-2903C033898C}.Release|Any CPU.ActiveCfg = Release|Any CPU
		{4D17ABDA-F7A6-4EF4-ACD3-2903C033898C}.Release|Any CPU.Build.0 = Release|Any CPU
		{4D17ABDA-F7A6-4EF4-ACD3-2903C033898C}.Release|Any CPU.Deploy.0 = Release|Any CPU
		{4D17ABDA-F7A6-4EF4-ACD3-2903C033898C}.Release|ARM.ActiveCfg = Release|Any CPU
		{4D17ABDA-F7A6-4EF4-ACD3-2903C033898C}.Release|ARM.Build.0 = Release|Any CPU
		{4D17ABDA-F7A6-4EF4-ACD3-2903C033898C}.Release|ARM.Deploy.0 = Release|Any CPU
		{4D17ABDA-F7A6-4EF4-ACD3-2903C033898C}.Release|iPhone.ActiveCfg = Release|Any CPU
		{4D17ABDA-F7A6-4EF4-ACD3-2903C033898C}.Release|iPhone.Build.0 = Release|Any CPU
		{4D17ABDA-F7A6-4EF4-ACD3-2903C033898C}.Release|iPhone.Deploy.0 = Release|Any CPU
		{4D17ABDA-F7A6-4EF4-ACD3-2903C033898C}.Release|iPhoneSimulator.ActiveCfg = Release|Any CPU
		{4D17ABDA-F7A6-4EF4-ACD3-2903C033898C}.Release|iPhoneSimulator.Build.0 = Release|Any CPU
		{4D17ABDA-F7A6-4EF4-ACD3-2903C033898C}.Release|iPhoneSimulator.Deploy.0 = Release|Any CPU
		{4D17ABDA-F7A6-4EF4-ACD3-2903C033898C}.Release|x64.ActiveCfg = Release|Any CPU
		{4D17ABDA-F7A6-4EF4-ACD3-2903C033898C}.Release|x64.Build.0 = Release|Any CPU
		{4D17ABDA-F7A6-4EF4-ACD3-2903C033898C}.Release|x64.Deploy.0 = Release|Any CPU
		{4D17ABDA-F7A6-4EF4-ACD3-2903C033898C}.Release|x86.ActiveCfg = Release|Any CPU
		{4D17ABDA-F7A6-4EF4-ACD3-2903C033898C}.Release|x86.Build.0 = Release|Any CPU
		{4D17ABDA-F7A6-4EF4-ACD3-2903C033898C}.Release|x86.Deploy.0 = Release|Any CPU
		{8DF20253-1C8E-4D04-99DF-6C666C7FD233}.Ad-Hoc|Any CPU.ActiveCfg = Release|Any CPU
		{8DF20253-1C8E-4D04-99DF-6C666C7FD233}.Ad-Hoc|Any CPU.Build.0 = Release|Any CPU
		{8DF20253-1C8E-4D04-99DF-6C666C7FD233}.Ad-Hoc|ARM.ActiveCfg = Release|Any CPU
		{8DF20253-1C8E-4D04-99DF-6C666C7FD233}.Ad-Hoc|ARM.Build.0 = Release|Any CPU
		{8DF20253-1C8E-4D04-99DF-6C666C7FD233}.Ad-Hoc|iPhone.ActiveCfg = Release|Any CPU
		{8DF20253-1C8E-4D04-99DF-6C666C7FD233}.Ad-Hoc|iPhone.Build.0 = Release|Any CPU
		{8DF20253-1C8E-4D04-99DF-6C666C7FD233}.Ad-Hoc|iPhoneSimulator.ActiveCfg = Release|Any CPU
		{8DF20253-1C8E-4D04-99DF-6C666C7FD233}.Ad-Hoc|iPhoneSimulator.Build.0 = Release|Any CPU
		{8DF20253-1C8E-4D04-99DF-6C666C7FD233}.Ad-Hoc|x64.ActiveCfg = Release|Any CPU
		{8DF20253-1C8E-4D04-99DF-6C666C7FD233}.Ad-Hoc|x64.Build.0 = Release|Any CPU
		{8DF20253-1C8E-4D04-99DF-6C666C7FD233}.Ad-Hoc|x86.ActiveCfg = Release|Any CPU
		{8DF20253-1C8E-4D04-99DF-6C666C7FD233}.Ad-Hoc|x86.Build.0 = Release|Any CPU
		{8DF20253-1C8E-4D04-99DF-6C666C7FD233}.AppStore|Any CPU.ActiveCfg = Release|Any CPU
		{8DF20253-1C8E-4D04-99DF-6C666C7FD233}.AppStore|Any CPU.Build.0 = Release|Any CPU
		{8DF20253-1C8E-4D04-99DF-6C666C7FD233}.AppStore|ARM.ActiveCfg = Release|Any CPU
		{8DF20253-1C8E-4D04-99DF-6C666C7FD233}.AppStore|ARM.Build.0 = Release|Any CPU
		{8DF20253-1C8E-4D04-99DF-6C666C7FD233}.AppStore|iPhone.ActiveCfg = Release|Any CPU
		{8DF20253-1C8E-4D04-99DF-6C666C7FD233}.AppStore|iPhone.Build.0 = Release|Any CPU
		{8DF20253-1C8E-4D04-99DF-6C666C7FD233}.AppStore|iPhoneSimulator.ActiveCfg = Release|Any CPU
		{8DF20253-1C8E-4D04-99DF-6C666C7FD233}.AppStore|iPhoneSimulator.Build.0 = Release|Any CPU
		{8DF20253-1C8E-4D04-99DF-6C666C7FD233}.AppStore|x64.ActiveCfg = Release|Any CPU
		{8DF20253-1C8E-4D04-99DF-6C666C7FD233}.AppStore|x64.Build.0 = Release|Any CPU
		{8DF20253-1C8E-4D04-99DF-6C666C7FD233}.AppStore|x86.ActiveCfg = Release|Any CPU
		{8DF20253-1C8E-4D04-99DF-6C666C7FD233}.AppStore|x86.Build.0 = Release|Any CPU
		{8DF20253-1C8E-4D04-99DF-6C666C7FD233}.Debug|Any CPU.ActiveCfg = Debug|Any CPU
		{8DF20253-1C8E-4D04-99DF-6C666C7FD233}.Debug|Any CPU.Build.0 = Debug|Any CPU
		{8DF20253-1C8E-4D04-99DF-6C666C7FD233}.Debug|ARM.ActiveCfg = Debug|Any CPU
		{8DF20253-1C8E-4D04-99DF-6C666C7FD233}.Debug|ARM.Build.0 = Debug|Any CPU
		{8DF20253-1C8E-4D04-99DF-6C666C7FD233}.Debug|iPhone.ActiveCfg = Debug|Any CPU
		{8DF20253-1C8E-4D04-99DF-6C666C7FD233}.Debug|iPhone.Build.0 = Debug|Any CPU
		{8DF20253-1C8E-4D04-99DF-6C666C7FD233}.Debug|iPhoneSimulator.ActiveCfg = Debug|Any CPU
		{8DF20253-1C8E-4D04-99DF-6C666C7FD233}.Debug|iPhoneSimulator.Build.0 = Debug|Any CPU
		{8DF20253-1C8E-4D04-99DF-6C666C7FD233}.Debug|x64.ActiveCfg = Debug|Any CPU
		{8DF20253-1C8E-4D04-99DF-6C666C7FD233}.Debug|x64.Build.0 = Debug|Any CPU
		{8DF20253-1C8E-4D04-99DF-6C666C7FD233}.Debug|x86.ActiveCfg = Debug|Any CPU
		{8DF20253-1C8E-4D04-99DF-6C666C7FD233}.Debug|x86.Build.0 = Debug|Any CPU
		{8DF20253-1C8E-4D04-99DF-6C666C7FD233}.Release|Any CPU.ActiveCfg = Release|Any CPU
		{8DF20253-1C8E-4D04-99DF-6C666C7FD233}.Release|Any CPU.Build.0 = Release|Any CPU
		{8DF20253-1C8E-4D04-99DF-6C666C7FD233}.Release|ARM.ActiveCfg = Release|Any CPU
		{8DF20253-1C8E-4D04-99DF-6C666C7FD233}.Release|ARM.Build.0 = Release|Any CPU
		{8DF20253-1C8E-4D04-99DF-6C666C7FD233}.Release|iPhone.ActiveCfg = Release|Any CPU
		{8DF20253-1C8E-4D04-99DF-6C666C7FD233}.Release|iPhone.Build.0 = Release|Any CPU
		{8DF20253-1C8E-4D04-99DF-6C666C7FD233}.Release|iPhoneSimulator.ActiveCfg = Release|Any CPU
		{8DF20253-1C8E-4D04-99DF-6C666C7FD233}.Release|iPhoneSimulator.Build.0 = Release|Any CPU
		{8DF20253-1C8E-4D04-99DF-6C666C7FD233}.Release|x64.ActiveCfg = Release|Any CPU
		{8DF20253-1C8E-4D04-99DF-6C666C7FD233}.Release|x64.Build.0 = Release|Any CPU
		{8DF20253-1C8E-4D04-99DF-6C666C7FD233}.Release|x86.ActiveCfg = Release|Any CPU
		{8DF20253-1C8E-4D04-99DF-6C666C7FD233}.Release|x86.Build.0 = Release|Any CPU
		{14631A79-1699-48AB-8F36-8BE5F91BA42C}.Ad-Hoc|Any CPU.ActiveCfg = Release|x86
		{14631A79-1699-48AB-8F36-8BE5F91BA42C}.Ad-Hoc|Any CPU.Build.0 = Release|x86
		{14631A79-1699-48AB-8F36-8BE5F91BA42C}.Ad-Hoc|Any CPU.Deploy.0 = Release|x86
		{14631A79-1699-48AB-8F36-8BE5F91BA42C}.Ad-Hoc|ARM.ActiveCfg = Release|ARM
		{14631A79-1699-48AB-8F36-8BE5F91BA42C}.Ad-Hoc|ARM.Build.0 = Release|ARM
		{14631A79-1699-48AB-8F36-8BE5F91BA42C}.Ad-Hoc|ARM.Deploy.0 = Release|ARM
		{14631A79-1699-48AB-8F36-8BE5F91BA42C}.Ad-Hoc|iPhone.ActiveCfg = Release|x86
		{14631A79-1699-48AB-8F36-8BE5F91BA42C}.Ad-Hoc|iPhone.Build.0 = Release|x86
		{14631A79-1699-48AB-8F36-8BE5F91BA42C}.Ad-Hoc|iPhone.Deploy.0 = Release|x86
		{14631A79-1699-48AB-8F36-8BE5F91BA42C}.Ad-Hoc|iPhoneSimulator.ActiveCfg = Release|x86
		{14631A79-1699-48AB-8F36-8BE5F91BA42C}.Ad-Hoc|iPhoneSimulator.Build.0 = Release|x86
		{14631A79-1699-48AB-8F36-8BE5F91BA42C}.Ad-Hoc|iPhoneSimulator.Deploy.0 = Release|x86
		{14631A79-1699-48AB-8F36-8BE5F91BA42C}.Ad-Hoc|x64.ActiveCfg = Release|x64
		{14631A79-1699-48AB-8F36-8BE5F91BA42C}.Ad-Hoc|x64.Build.0 = Release|x64
		{14631A79-1699-48AB-8F36-8BE5F91BA42C}.Ad-Hoc|x64.Deploy.0 = Release|x64
		{14631A79-1699-48AB-8F36-8BE5F91BA42C}.Ad-Hoc|x86.ActiveCfg = Release|x86
		{14631A79-1699-48AB-8F36-8BE5F91BA42C}.Ad-Hoc|x86.Build.0 = Release|x86
		{14631A79-1699-48AB-8F36-8BE5F91BA42C}.Ad-Hoc|x86.Deploy.0 = Release|x86
		{14631A79-1699-48AB-8F36-8BE5F91BA42C}.AppStore|Any CPU.ActiveCfg = Release|x86
		{14631A79-1699-48AB-8F36-8BE5F91BA42C}.AppStore|Any CPU.Build.0 = Release|x86
		{14631A79-1699-48AB-8F36-8BE5F91BA42C}.AppStore|Any CPU.Deploy.0 = Release|x86
		{14631A79-1699-48AB-8F36-8BE5F91BA42C}.AppStore|ARM.ActiveCfg = Release|ARM
		{14631A79-1699-48AB-8F36-8BE5F91BA42C}.AppStore|ARM.Build.0 = Release|ARM
		{14631A79-1699-48AB-8F36-8BE5F91BA42C}.AppStore|ARM.Deploy.0 = Release|ARM
		{14631A79-1699-48AB-8F36-8BE5F91BA42C}.AppStore|iPhone.ActiveCfg = Release|x86
		{14631A79-1699-48AB-8F36-8BE5F91BA42C}.AppStore|iPhone.Build.0 = Release|x86
		{14631A79-1699-48AB-8F36-8BE5F91BA42C}.AppStore|iPhone.Deploy.0 = Release|x86
		{14631A79-1699-48AB-8F36-8BE5F91BA42C}.AppStore|iPhoneSimulator.ActiveCfg = Release|x86
		{14631A79-1699-48AB-8F36-8BE5F91BA42C}.AppStore|iPhoneSimulator.Build.0 = Release|x86
		{14631A79-1699-48AB-8F36-8BE5F91BA42C}.AppStore|iPhoneSimulator.Deploy.0 = Release|x86
		{14631A79-1699-48AB-8F36-8BE5F91BA42C}.AppStore|x64.ActiveCfg = Release|x64
		{14631A79-1699-48AB-8F36-8BE5F91BA42C}.AppStore|x64.Build.0 = Release|x64
		{14631A79-1699-48AB-8F36-8BE5F91BA42C}.AppStore|x64.Deploy.0 = Release|x64
		{14631A79-1699-48AB-8F36-8BE5F91BA42C}.AppStore|x86.ActiveCfg = Release|x86
		{14631A79-1699-48AB-8F36-8BE5F91BA42C}.AppStore|x86.Build.0 = Release|x86
		{14631A79-1699-48AB-8F36-8BE5F91BA42C}.AppStore|x86.Deploy.0 = Release|x86
		{14631A79-1699-48AB-8F36-8BE5F91BA42C}.Debug|Any CPU.ActiveCfg = Debug|x86
		{14631A79-1699-48AB-8F36-8BE5F91BA42C}.Debug|ARM.ActiveCfg = Debug|ARM
		{14631A79-1699-48AB-8F36-8BE5F91BA42C}.Debug|ARM.Build.0 = Debug|ARM
		{14631A79-1699-48AB-8F36-8BE5F91BA42C}.Debug|ARM.Deploy.0 = Debug|ARM
		{14631A79-1699-48AB-8F36-8BE5F91BA42C}.Debug|iPhone.ActiveCfg = Debug|x86
		{14631A79-1699-48AB-8F36-8BE5F91BA42C}.Debug|iPhoneSimulator.ActiveCfg = Debug|x86
		{14631A79-1699-48AB-8F36-8BE5F91BA42C}.Debug|x64.ActiveCfg = Debug|x64
		{14631A79-1699-48AB-8F36-8BE5F91BA42C}.Debug|x64.Build.0 = Debug|x64
		{14631A79-1699-48AB-8F36-8BE5F91BA42C}.Debug|x64.Deploy.0 = Debug|x64
		{14631A79-1699-48AB-8F36-8BE5F91BA42C}.Debug|x86.ActiveCfg = Debug|x86
		{14631A79-1699-48AB-8F36-8BE5F91BA42C}.Debug|x86.Build.0 = Debug|x86
		{14631A79-1699-48AB-8F36-8BE5F91BA42C}.Debug|x86.Deploy.0 = Debug|x86
		{14631A79-1699-48AB-8F36-8BE5F91BA42C}.Release|Any CPU.ActiveCfg = Release|x86
		{14631A79-1699-48AB-8F36-8BE5F91BA42C}.Release|ARM.ActiveCfg = Release|ARM
		{14631A79-1699-48AB-8F36-8BE5F91BA42C}.Release|ARM.Build.0 = Release|ARM
		{14631A79-1699-48AB-8F36-8BE5F91BA42C}.Release|ARM.Deploy.0 = Release|ARM
		{14631A79-1699-48AB-8F36-8BE5F91BA42C}.Release|iPhone.ActiveCfg = Release|x86
		{14631A79-1699-48AB-8F36-8BE5F91BA42C}.Release|iPhoneSimulator.ActiveCfg = Release|x86
		{14631A79-1699-48AB-8F36-8BE5F91BA42C}.Release|x64.ActiveCfg = Release|x64
		{14631A79-1699-48AB-8F36-8BE5F91BA42C}.Release|x64.Build.0 = Release|x64
		{14631A79-1699-48AB-8F36-8BE5F91BA42C}.Release|x64.Deploy.0 = Release|x64
		{14631A79-1699-48AB-8F36-8BE5F91BA42C}.Release|x86.ActiveCfg = Release|x86
		{14631A79-1699-48AB-8F36-8BE5F91BA42C}.Release|x86.Build.0 = Release|x86
		{14631A79-1699-48AB-8F36-8BE5F91BA42C}.Release|x86.Deploy.0 = Release|x86
	EndGlobalSection
	GlobalSection(SolutionProperties) = preSolution
		HideSolutionNode = FALSE
	EndGlobalSection
	GlobalSection(ExtensibilityGlobals) = postSolution
		SolutionGuid = {757ECC68-A8C8-48D9-9204-A4D6DF345711}
	EndGlobalSection
EndGlobal
