
Microsoft Visual Studio Solution File, Format Version 12.00
# Visual Studio 15
VisualStudioVersion = 15.0.27004.2010
MinimumVisualStudioVersion = 10.0.40219.1
Project("{FAE04EC0-301F-11D3-BF4B-00C04F79EFBC}") = "_16TwoButtons.Android", "16TwoButtons\_16TwoButtons.Android\_16TwoButtons.Android.csproj", "{336D2443-8D9B-445B-9B05-06303DCC6365}"
EndProject
Project("{FAE04EC0-301F-11D3-BF4B-00C04F79EFBC}") = "_16TwoButtons", "16TwoButtons\_16TwoButtons\_16TwoButtons.csproj", "{FAB1DF1E-4099-49FF-923D-AC1BB5F17811}"
EndProject
Project("{FAE04EC0-301F-11D3-BF4B-00C04F79EFBC}") = "_16TwoButtons.UWP", "16TwoButtons\_16TwoButtons.UWP\_16TwoButtons.UWP.csproj", "{764A6264-4586-4BCA-AB68-E4C3B6185D52}"
EndProject
Global
	GlobalSection(SolutionConfigurationPlatforms) = preSolution
		Ad-Hoc|Any CPU = Ad-Hoc|Any CPU
		Ad-Hoc|ARM = Ad-Hoc|ARM
		Ad-Hoc|iPhone = Ad-Hoc|iPhone
		Ad-Hoc|iPhoneSimulator = Ad-Hoc|iPhoneSimulator
		Ad-Hoc|x64 = Ad-Hoc|x64
		Ad-Hoc|x86 = Ad-Hoc|x86
		AppStore|Any CPU = AppStore|Any CPU
		AppStore|ARM = AppStore|ARM
		AppStore|iPhone = AppStore|iPhone
		AppStore|iPhoneSimulator = AppStore|iPhoneSimulator
		AppStore|x64 = AppStore|x64
		AppStore|x86 = AppStore|x86
		Debug|Any CPU = Debug|Any CPU
		Debug|ARM = Debug|ARM
		Debug|iPhone = Debug|iPhone
		Debug|iPhoneSimulator = Debug|iPhoneSimulator
		Debug|x64 = Debug|x64
		Debug|x86 = Debug|x86
		Release|Any CPU = Release|Any CPU
		Release|ARM = Release|ARM
		Release|iPhone = Release|iPhone
		Release|iPhoneSimulator = Release|iPhoneSimulator
		Release|x64 = Release|x64
		Release|x86 = Release|x86
	EndGlobalSection
	GlobalSection(ProjectConfigurationPlatforms) = postSolution
		{336D2443-8D9B-445B-9B05-06303DCC6365}.Ad-Hoc|Any CPU.ActiveCfg = Release|Any CPU
		{336D2443-8D9B-445B-9B05-06303DCC6365}.Ad-Hoc|Any CPU.Build.0 = Release|Any CPU
		{336D2443-8D9B-445B-9B05-06303DCC6365}.Ad-Hoc|Any CPU.Deploy.0 = Release|Any CPU
		{336D2443-8D9B-445B-9B05-06303DCC6365}.Ad-Hoc|ARM.ActiveCfg = Release|Any CPU
		{336D2443-8D9B-445B-9B05-06303DCC6365}.Ad-Hoc|ARM.Build.0 = Release|Any CPU
		{336D2443-8D9B-445B-9B05-06303DCC6365}.Ad-Hoc|ARM.Deploy.0 = Release|Any CPU
		{336D2443-8D9B-445B-9B05-06303DCC6365}.Ad-Hoc|iPhone.ActiveCfg = Release|Any CPU
		{336D2443-8D9B-445B-9B05-06303DCC6365}.Ad-Hoc|iPhone.Build.0 = Release|Any CPU
		{336D2443-8D9B-445B-9B05-06303DCC6365}.Ad-Hoc|iPhone.Deploy.0 = Release|Any CPU
		{336D2443-8D9B-445B-9B05-06303DCC6365}.Ad-Hoc|iPhoneSimulator.ActiveCfg = Release|Any CPU
		{336D2443-8D9B-445B-9B05-06303DCC6365}.Ad-Hoc|iPhoneSimulator.Build.0 = Release|Any CPU
		{336D2443-8D9B-445B-9B05-06303DCC6365}.Ad-Hoc|iPhoneSimulator.Deploy.0 = Release|Any CPU
		{336D2443-8D9B-445B-9B05-06303DCC6365}.Ad-Hoc|x64.ActiveCfg = Release|Any CPU
		{336D2443-8D9B-445B-9B05-06303DCC6365}.Ad-Hoc|x64.Build.0 = Release|Any CPU
		{336D2443-8D9B-445B-9B05-06303DCC6365}.Ad-Hoc|x64.Deploy.0 = Release|Any CPU
		{336D2443-8D9B-445B-9B05-06303DCC6365}.Ad-Hoc|x86.ActiveCfg = Release|Any CPU
		{336D2443-8D9B-445B-9B05-06303DCC6365}.Ad-Hoc|x86.Build.0 = Release|Any CPU
		{336D2443-8D9B-445B-9B05-06303DCC6365}.Ad-Hoc|x86.Deploy.0 = Release|Any CPU
		{336D2443-8D9B-445B-9B05-06303DCC6365}.AppStore|Any CPU.ActiveCfg = Release|Any CPU
		{336D2443-8D9B-445B-9B05-06303DCC6365}.AppStore|Any CPU.Build.0 = Release|Any CPU
		{336D2443-8D9B-445B-9B05-06303DCC6365}.AppStore|Any CPU.Deploy.0 = Release|Any CPU
		{336D2443-8D9B-445B-9B05-06303DCC6365}.AppStore|ARM.ActiveCfg = Release|Any CPU
		{336D2443-8D9B-445B-9B05-06303DCC6365}.AppStore|ARM.Build.0 = Release|Any CPU
		{336D2443-8D9B-445B-9B05-06303DCC6365}.AppStore|ARM.Deploy.0 = Release|Any CPU
		{336D2443-8D9B-445B-9B05-06303DCC6365}.AppStore|iPhone.ActiveCfg = Release|Any CPU
		{336D2443-8D9B-445B-9B05-06303DCC6365}.AppStore|iPhone.Build.0 = Release|Any CPU
		{336D2443-8D9B-445B-9B05-06303DCC6365}.AppStore|iPhone.Deploy.0 = Release|Any CPU
		{336D2443-8D9B-445B-9B05-06303DCC6365}.AppStore|iPhoneSimulator.ActiveCfg = Release|Any CPU
		{336D2443-8D9B-445B-9B05-06303DCC6365}.AppStore|iPhoneSimulator.Build.0 = Release|Any CPU
		{336D2443-8D9B-445B-9B05-06303DCC6365}.AppStore|iPhoneSimulator.Deploy.0 = Release|Any CPU
		{336D2443-8D9B-445B-9B05-06303DCC6365}.AppStore|x64.ActiveCfg = Release|Any CPU
		{336D2443-8D9B-445B-9B05-06303DCC6365}.AppStore|x64.Build.0 = Release|Any CPU
		{336D2443-8D9B-445B-9B05-06303DCC6365}.AppStore|x64.Deploy.0 = Release|Any CPU
		{336D2443-8D9B-445B-9B05-06303DCC6365}.AppStore|x86.ActiveCfg = Release|Any CPU
		{336D2443-8D9B-445B-9B05-06303DCC6365}.AppStore|x86.Build.0 = Release|Any CPU
		{336D2443-8D9B-445B-9B05-06303DCC6365}.AppStore|x86.Deploy.0 = Release|Any CPU
		{336D2443-8D9B-445B-9B05-06303DCC6365}.Debug|Any CPU.ActiveCfg = Debug|Any CPU
		{336D2443-8D9B-445B-9B05-06303DCC6365}.Debug|Any CPU.Build.0 = Debug|Any CPU
		{336D2443-8D9B-445B-9B05-06303DCC6365}.Debug|Any CPU.Deploy.0 = Debug|Any CPU
		{336D2443-8D9B-445B-9B05-06303DCC6365}.Debug|ARM.ActiveCfg = Debug|Any CPU
		{336D2443-8D9B-445B-9B05-06303DCC6365}.Debug|ARM.Build.0 = Debug|Any CPU
		{336D2443-8D9B-445B-9B05-06303DCC6365}.Debug|ARM.Deploy.0 = Debug|Any CPU
		{336D2443-8D9B-445B-9B05-06303DCC6365}.Debug|iPhone.ActiveCfg = Debug|Any CPU
		{336D2443-8D9B-445B-9B05-06303DCC6365}.Debug|iPhone.Build.0 = Debug|Any CPU
		{336D2443-8D9B-445B-9B05-06303DCC6365}.Debug|iPhone.Deploy.0 = Debug|Any CPU
		{336D2443-8D9B-445B-9B05-06303DCC6365}.Debug|iPhoneSimulator.ActiveCfg = Debug|Any CPU
		{336D2443-8D9B-445B-9B05-06303DCC6365}.Debug|iPhoneSimulator.Build.0 = Debug|Any CPU
		{336D2443-8D9B-445B-9B05-06303DCC6365}.Debug|iPhoneSimulator.Deploy.0 = Debug|Any CPU
		{336D2443-8D9B-445B-9B05-06303DCC6365}.Debug|x64.ActiveCfg = Debug|Any CPU
		{336D2443-8D9B-445B-9B05-06303DCC6365}.Debug|x64.Build.0 = Debug|Any CPU
		{336D2443-8D9B-445B-9B05-06303DCC6365}.Debug|x64.Deploy.0 = Debug|Any CPU
		{336D2443-8D9B-445B-9B05-06303DCC6365}.Debug|x86.ActiveCfg = Debug|Any CPU
		{336D2443-8D9B-445B-9B05-06303DCC6365}.Debug|x86.Build.0 = Debug|Any CPU
		{336D2443-8D9B-445B-9B05-06303DCC6365}.Debug|x86.Deploy.0 = Debug|Any CPU
		{336D2443-8D9B-445B-9B05-06303DCC6365}.Release|Any CPU.ActiveCfg = Release|Any CPU
		{336D2443-8D9B-445B-9B05-06303DCC6365}.Release|Any CPU.Build.0 = Release|Any CPU
		{336D2443-8D9B-445B-9B05-06303DCC6365}.Release|Any CPU.Deploy.0 = Release|Any CPU
		{336D2443-8D9B-445B-9B05-06303DCC6365}.Release|ARM.ActiveCfg = Release|Any CPU
		{336D2443-8D9B-445B-9B05-06303DCC6365}.Release|ARM.Build.0 = Release|Any CPU
		{336D2443-8D9B-445B-9B05-06303DCC6365}.Release|ARM.Deploy.0 = Release|Any CPU
		{336D2443-8D9B-445B-9B05-06303DCC6365}.Release|iPhone.ActiveCfg = Release|Any CPU
		{336D2443-8D9B-445B-9B05-06303DCC6365}.Release|iPhone.Build.0 = Release|Any CPU
		{336D2443-8D9B-445B-9B05-06303DCC6365}.Release|iPhone.Deploy.0 = Release|Any CPU
		{336D2443-8D9B-445B-9B05-06303DCC6365}.Release|iPhoneSimulator.ActiveCfg = Release|Any CPU
		{336D2443-8D9B-445B-9B05-06303DCC6365}.Release|iPhoneSimulator.Build.0 = Release|Any CPU
		{336D2443-8D9B-445B-9B05-06303DCC6365}.Release|iPhoneSimulator.Deploy.0 = Release|Any CPU
		{336D2443-8D9B-445B-9B05-06303DCC6365}.Release|x64.ActiveCfg = Release|Any CPU
		{336D2443-8D9B-445B-9B05-06303DCC6365}.Release|x64.Build.0 = Release|Any CPU
		{336D2443-8D9B-445B-9B05-06303DCC6365}.Release|x64.Deploy.0 = Release|Any CPU
		{336D2443-8D9B-445B-9B05-06303DCC6365}.Release|x86.ActiveCfg = Release|Any CPU
		{336D2443-8D9B-445B-9B05-06303DCC6365}.Release|x86.Build.0 = Release|Any CPU
		{336D2443-8D9B-445B-9B05-06303DCC6365}.Release|x86.Deploy.0 = Release|Any CPU
		{FAB1DF1E-4099-49FF-923D-AC1BB5F17811}.Ad-Hoc|Any CPU.ActiveCfg = Release|Any CPU
		{FAB1DF1E-4099-49FF-923D-AC1BB5F17811}.Ad-Hoc|Any CPU.Build.0 = Release|Any CPU
		{FAB1DF1E-4099-49FF-923D-AC1BB5F17811}.Ad-Hoc|ARM.ActiveCfg = Release|Any CPU
		{FAB1DF1E-4099-49FF-923D-AC1BB5F17811}.Ad-Hoc|ARM.Build.0 = Release|Any CPU
		{FAB1DF1E-4099-49FF-923D-AC1BB5F17811}.Ad-Hoc|iPhone.ActiveCfg = Release|Any CPU
		{FAB1DF1E-4099-49FF-923D-AC1BB5F17811}.Ad-Hoc|iPhone.Build.0 = Release|Any CPU
		{FAB1DF1E-4099-49FF-923D-AC1BB5F17811}.Ad-Hoc|iPhoneSimulator.ActiveCfg = Release|Any CPU
		{FAB1DF1E-4099-49FF-923D-AC1BB5F17811}.Ad-Hoc|iPhoneSimulator.Build.0 = Release|Any CPU
		{FAB1DF1E-4099-49FF-923D-AC1BB5F17811}.Ad-Hoc|x64.ActiveCfg = Release|Any CPU
		{FAB1DF1E-4099-49FF-923D-AC1BB5F17811}.Ad-Hoc|x64.Build.0 = Release|Any CPU
		{FAB1DF1E-4099-49FF-923D-AC1BB5F17811}.Ad-Hoc|x86.ActiveCfg = Release|Any CPU
		{FAB1DF1E-4099-49FF-923D-AC1BB5F17811}.Ad-Hoc|x86.Build.0 = Release|Any CPU
		{FAB1DF1E-4099-49FF-923D-AC1BB5F17811}.AppStore|Any CPU.ActiveCfg = Release|Any CPU
		{FAB1DF1E-4099-49FF-923D-AC1BB5F17811}.AppStore|Any CPU.Build.0 = Release|Any CPU
		{FAB1DF1E-4099-49FF-923D-AC1BB5F17811}.AppStore|ARM.ActiveCfg = Release|Any CPU
		{FAB1DF1E-4099-49FF-923D-AC1BB5F17811}.AppStore|ARM.Build.0 = Release|Any CPU
		{FAB1DF1E-4099-49FF-923D-AC1BB5F17811}.AppStore|iPhone.ActiveCfg = Release|Any CPU
		{FAB1DF1E-4099-49FF-923D-AC1BB5F17811}.AppStore|iPhone.Build.0 = Release|Any CPU
		{FAB1DF1E-4099-49FF-923D-AC1BB5F17811}.AppStore|iPhoneSimulator.ActiveCfg = Release|Any CPU
		{FAB1DF1E-4099-49FF-923D-AC1BB5F17811}.AppStore|iPhoneSimulator.Build.0 = Release|Any CPU
		{FAB1DF1E-4099-49FF-923D-AC1BB5F17811}.AppStore|x64.ActiveCfg = Release|Any CPU
		{FAB1DF1E-4099-49FF-923D-AC1BB5F17811}.AppStore|x64.Build.0 = Release|Any CPU
		{FAB1DF1E-4099-49FF-923D-AC1BB5F17811}.AppStore|x86.ActiveCfg = Release|Any CPU
		{FAB1DF1E-4099-49FF-923D-AC1BB5F17811}.AppStore|x86.Build.0 = Release|Any CPU
		{FAB1DF1E-4099-49FF-923D-AC1BB5F17811}.Debug|Any CPU.ActiveCfg = Debug|Any CPU
		{FAB1DF1E-4099-49FF-923D-AC1BB5F17811}.Debug|Any CPU.Build.0 = Debug|Any CPU
		{FAB1DF1E-4099-49FF-923D-AC1BB5F17811}.Debug|ARM.ActiveCfg = Debug|Any CPU
		{FAB1DF1E-4099-49FF-923D-AC1BB5F17811}.Debug|ARM.Build.0 = Debug|Any CPU
		{FAB1DF1E-4099-49FF-923D-AC1BB5F17811}.Debug|iPhone.ActiveCfg = Debug|Any CPU
		{FAB1DF1E-4099-49FF-923D-AC1BB5F17811}.Debug|iPhone.Build.0 = Debug|Any CPU
		{FAB1DF1E-4099-49FF-923D-AC1BB5F17811}.Debug|iPhoneSimulator.ActiveCfg = Debug|Any CPU
		{FAB1DF1E-4099-49FF-923D-AC1BB5F17811}.Debug|iPhoneSimulator.Build.0 = Debug|Any CPU
		{FAB1DF1E-4099-49FF-923D-AC1BB5F17811}.Debug|x64.ActiveCfg = Debug|Any CPU
		{FAB1DF1E-4099-49FF-923D-AC1BB5F17811}.Debug|x64.Build.0 = Debug|Any CPU
		{FAB1DF1E-4099-49FF-923D-AC1BB5F17811}.Debug|x86.ActiveCfg = Debug|Any CPU
		{FAB1DF1E-4099-49FF-923D-AC1BB5F17811}.Debug|x86.Build.0 = Debug|Any CPU
		{FAB1DF1E-4099-49FF-923D-AC1BB5F17811}.Release|Any CPU.ActiveCfg = Release|Any CPU
		{FAB1DF1E-4099-49FF-923D-AC1BB5F17811}.Release|Any CPU.Build.0 = Release|Any CPU
		{FAB1DF1E-4099-49FF-923D-AC1BB5F17811}.Release|ARM.ActiveCfg = Release|Any CPU
		{FAB1DF1E-4099-49FF-923D-AC1BB5F17811}.Release|ARM.Build.0 = Release|Any CPU
		{FAB1DF1E-4099-49FF-923D-AC1BB5F17811}.Release|iPhone.ActiveCfg = Release|Any CPU
		{FAB1DF1E-4099-49FF-923D-AC1BB5F17811}.Release|iPhone.Build.0 = Release|Any CPU
		{FAB1DF1E-4099-49FF-923D-AC1BB5F17811}.Release|iPhoneSimulator.ActiveCfg = Release|Any CPU
		{FAB1DF1E-4099-49FF-923D-AC1BB5F17811}.Release|iPhoneSimulator.Build.0 = Release|Any CPU
		{FAB1DF1E-4099-49FF-923D-AC1BB5F17811}.Release|x64.ActiveCfg = Release|Any CPU
		{FAB1DF1E-4099-49FF-923D-AC1BB5F17811}.Release|x64.Build.0 = Release|Any CPU
		{FAB1DF1E-4099-49FF-923D-AC1BB5F17811}.Release|x86.ActiveCfg = Release|Any CPU
		{FAB1DF1E-4099-49FF-923D-AC1BB5F17811}.Release|x86.Build.0 = Release|Any CPU
		{764A6264-4586-4BCA-AB68-E4C3B6185D52}.Ad-Hoc|Any CPU.ActiveCfg = Release|x86
		{764A6264-4586-4BCA-AB68-E4C3B6185D52}.Ad-Hoc|Any CPU.Build.0 = Release|x86
		{764A6264-4586-4BCA-AB68-E4C3B6185D52}.Ad-Hoc|Any CPU.Deploy.0 = Release|x86
		{764A6264-4586-4BCA-AB68-E4C3B6185D52}.Ad-Hoc|ARM.ActiveCfg = Release|ARM
		{764A6264-4586-4BCA-AB68-E4C3B6185D52}.Ad-Hoc|ARM.Build.0 = Release|ARM
		{764A6264-4586-4BCA-AB68-E4C3B6185D52}.Ad-Hoc|ARM.Deploy.0 = Release|ARM
		{764A6264-4586-4BCA-AB68-E4C3B6185D52}.Ad-Hoc|iPhone.ActiveCfg = Release|x86
		{764A6264-4586-4BCA-AB68-E4C3B6185D52}.Ad-Hoc|iPhone.Build.0 = Release|x86
		{764A6264-4586-4BCA-AB68-E4C3B6185D52}.Ad-Hoc|iPhone.Deploy.0 = Release|x86
		{764A6264-4586-4BCA-AB68-E4C3B6185D52}.Ad-Hoc|iPhoneSimulator.ActiveCfg = Release|x86
		{764A6264-4586-4BCA-AB68-E4C3B6185D52}.Ad-Hoc|iPhoneSimulator.Build.0 = Release|x86
		{764A6264-4586-4BCA-AB68-E4C3B6185D52}.Ad-Hoc|iPhoneSimulator.Deploy.0 = Release|x86
		{764A6264-4586-4BCA-AB68-E4C3B6185D52}.Ad-Hoc|x64.ActiveCfg = Release|x64
		{764A6264-4586-4BCA-AB68-E4C3B6185D52}.Ad-Hoc|x64.Build.0 = Release|x64
		{764A6264-4586-4BCA-AB68-E4C3B6185D52}.Ad-Hoc|x64.Deploy.0 = Release|x64
		{764A6264-4586-4BCA-AB68-E4C3B6185D52}.Ad-Hoc|x86.ActiveCfg = Release|x86
		{764A6264-4586-4BCA-AB68-E4C3B6185D52}.Ad-Hoc|x86.Build.0 = Release|x86
		{764A6264-4586-4BCA-AB68-E4C3B6185D52}.Ad-Hoc|x86.Deploy.0 = Release|x86
		{764A6264-4586-4BCA-AB68-E4C3B6185D52}.AppStore|Any CPU.ActiveCfg = Release|x86
		{764A6264-4586-4BCA-AB68-E4C3B6185D52}.AppStore|Any CPU.Build.0 = Release|x86
		{764A6264-4586-4BCA-AB68-E4C3B6185D52}.AppStore|Any CPU.Deploy.0 = Release|x86
		{764A6264-4586-4BCA-AB68-E4C3B6185D52}.AppStore|ARM.ActiveCfg = Release|ARM
		{764A6264-4586-4BCA-AB68-E4C3B6185D52}.AppStore|ARM.Build.0 = Release|ARM
		{764A6264-4586-4BCA-AB68-E4C3B6185D52}.AppStore|ARM.Deploy.0 = Release|ARM
		{764A6264-4586-4BCA-AB68-E4C3B6185D52}.AppStore|iPhone.ActiveCfg = Release|x86
		{764A6264-4586-4BCA-AB68-E4C3B6185D52}.AppStore|iPhone.Build.0 = Release|x86
		{764A6264-4586-4BCA-AB68-E4C3B6185D52}.AppStore|iPhone.Deploy.0 = Release|x86
		{764A6264-4586-4BCA-AB68-E4C3B6185D52}.AppStore|iPhoneSimulator.ActiveCfg = Release|x86
		{764A6264-4586-4BCA-AB68-E4C3B6185D52}.AppStore|iPhoneSimulator.Build.0 = Release|x86
		{764A6264-4586-4BCA-AB68-E4C3B6185D52}.AppStore|iPhoneSimulator.Deploy.0 = Release|x86
		{764A6264-4586-4BCA-AB68-E4C3B6185D52}.AppStore|x64.ActiveCfg = Release|x64
		{764A6264-4586-4BCA-AB68-E4C3B6185D52}.AppStore|x64.Build.0 = Release|x64
		{764A6264-4586-4BCA-AB68-E4C3B6185D52}.AppStore|x64.Deploy.0 = Release|x64
		{764A6264-4586-4BCA-AB68-E4C3B6185D52}.AppStore|x86.ActiveCfg = Release|x86
		{764A6264-4586-4BCA-AB68-E4C3B6185D52}.AppStore|x86.Build.0 = Release|x86
		{764A6264-4586-4BCA-AB68-E4C3B6185D52}.AppStore|x86.Deploy.0 = Release|x86
		{764A6264-4586-4BCA-AB68-E4C3B6185D52}.Debug|Any CPU.ActiveCfg = Debug|x86
		{764A6264-4586-4BCA-AB68-E4C3B6185D52}.Debug|ARM.ActiveCfg = Debug|ARM
		{764A6264-4586-4BCA-AB68-E4C3B6185D52}.Debug|ARM.Build.0 = Debug|ARM
		{764A6264-4586-4BCA-AB68-E4C3B6185D52}.Debug|ARM.Deploy.0 = Debug|ARM
		{764A6264-4586-4BCA-AB68-E4C3B6185D52}.Debug|iPhone.ActiveCfg = Debug|x86
		{764A6264-4586-4BCA-AB68-E4C3B6185D52}.Debug|iPhoneSimulator.ActiveCfg = Debug|x86
		{764A6264-4586-4BCA-AB68-E4C3B6185D52}.Debug|x64.ActiveCfg = Debug|x64
		{764A6264-4586-4BCA-AB68-E4C3B6185D52}.Debug|x64.Build.0 = Debug|x64
		{764A6264-4586-4BCA-AB68-E4C3B6185D52}.Debug|x64.Deploy.0 = Debug|x64
		{764A6264-4586-4BCA-AB68-E4C3B6185D52}.Debug|x86.ActiveCfg = Debug|x86
		{764A6264-4586-4BCA-AB68-E4C3B6185D52}.Debug|x86.Build.0 = Debug|x86
		{764A6264-4586-4BCA-AB68-E4C3B6185D52}.Debug|x86.Deploy.0 = Debug|x86
		{764A6264-4586-4BCA-AB68-E4C3B6185D52}.Release|Any CPU.ActiveCfg = Release|x86
		{764A6264-4586-4BCA-AB68-E4C3B6185D52}.Release|ARM.ActiveCfg = Release|ARM
		{764A6264-4586-4BCA-AB68-E4C3B6185D52}.Release|ARM.Build.0 = Release|ARM
		{764A6264-4586-4BCA-AB68-E4C3B6185D52}.Release|ARM.Deploy.0 = Release|ARM
		{764A6264-4586-4BCA-AB68-E4C3B6185D52}.Release|iPhone.ActiveCfg = Release|x86
		{764A6264-4586-4BCA-AB68-E4C3B6185D52}.Release|iPhoneSimulator.ActiveCfg = Release|x86
		{764A6264-4586-4BCA-AB68-E4C3B6185D52}.Release|x64.ActiveCfg = Release|x64
		{764A6264-4586-4BCA-AB68-E4C3B6185D52}.Release|x64.Build.0 = Release|x64
		{764A6264-4586-4BCA-AB68-E4C3B6185D52}.Release|x64.Deploy.0 = Release|x64
		{764A6264-4586-4BCA-AB68-E4C3B6185D52}.Release|x86.ActiveCfg = Release|x86
		{764A6264-4586-4BCA-AB68-E4C3B6185D52}.Release|x86.Build.0 = Release|x86
		{764A6264-4586-4BCA-AB68-E4C3B6185D52}.Release|x86.Deploy.0 = Release|x86
	EndGlobalSection
	GlobalSection(SolutionProperties) = preSolution
		HideSolutionNode = FALSE
	EndGlobalSection
	GlobalSection(ExtensibilityGlobals) = postSolution
		SolutionGuid = {FE598AB0-6A5F-4401-9DCE-8EC3683890B2}
	EndGlobalSection
EndGlobal
