
Microsoft Visual Studio Solution File, Format Version 12.00
# Visual Studio 15
VisualStudioVersion = 15.0.27004.2009
MinimumVisualStudioVersion = 10.0.40219.1
Project("{FAE04EC0-301F-11D3-BF4B-00C04F79EFBC}") = "_03Text.Android", "03Text\_03Text.Android\_03Text.Android.csproj", "{C98C059D-0645-4728-8A5B-04C28B131328}"
EndProject
Project("{FAE04EC0-301F-11D3-BF4B-00C04F79EFBC}") = "_03Text", "03Text\_03Text\_03Text.csproj", "{8DF748CC-781B-4DCD-8796-159C9CE287A7}"
EndProject
Project("{FAE04EC0-301F-11D3-BF4B-00C04F79EFBC}") = "_03Text.UWP", "03Text\_03Text.UWP\_03Text.UWP.csproj", "{AF0DA75E-8E2F-4090-A14E-1AC1D1BE0AB6}"
EndProject
Project("{FAE04EC0-301F-11D3-BF4B-00C04F79EFBC}") = "_03Text.iOS", "03Text\_03Text.iOS\_03Text.iOS.csproj", "{BD8ABF7B-108B-45A2-BAA8-72825BC6B856}"
EndProject
Global
	GlobalSection(SolutionConfigurationPlatforms) = preSolution
		Ad-Hoc|Any CPU = Ad-Hoc|Any CPU
		Ad-Hoc|ARM = Ad-Hoc|ARM
		Ad-Hoc|iPhone = Ad-Hoc|iPhone
		Ad-Hoc|iPhoneSimulator = Ad-Hoc|iPhoneSimulator
		Ad-Hoc|x64 = Ad-Hoc|x64
		Ad-Hoc|x86 = Ad-Hoc|x86
		AppStore|Any CPU = AppStore|Any CPU
		AppStore|ARM = AppStore|ARM
		AppStore|iPhone = AppStore|iPhone
		AppStore|iPhoneSimulator = AppStore|iPhoneSimulator
		AppStore|x64 = AppStore|x64
		AppStore|x86 = AppStore|x86
		Debug|Any CPU = Debug|Any CPU
		Debug|ARM = Debug|ARM
		Debug|iPhone = Debug|iPhone
		Debug|iPhoneSimulator = Debug|iPhoneSimulator
		Debug|x64 = Debug|x64
		Debug|x86 = Debug|x86
		Release|Any CPU = Release|Any CPU
		Release|ARM = Release|ARM
		Release|iPhone = Release|iPhone
		Release|iPhoneSimulator = Release|iPhoneSimulator
		Release|x64 = Release|x64
		Release|x86 = Release|x86
	EndGlobalSection
	GlobalSection(ProjectConfigurationPlatforms) = postSolution
		{C98C059D-0645-4728-8A5B-04C28B131328}.Ad-Hoc|Any CPU.ActiveCfg = Release|Any CPU
		{C98C059D-0645-4728-8A5B-04C28B131328}.Ad-Hoc|Any CPU.Build.0 = Release|Any CPU
		{C98C059D-0645-4728-8A5B-04C28B131328}.Ad-Hoc|Any CPU.Deploy.0 = Release|Any CPU
		{C98C059D-0645-4728-8A5B-04C28B131328}.Ad-Hoc|ARM.ActiveCfg = Release|Any CPU
		{C98C059D-0645-4728-8A5B-04C28B131328}.Ad-Hoc|ARM.Build.0 = Release|Any CPU
		{C98C059D-0645-4728-8A5B-04C28B131328}.Ad-Hoc|ARM.Deploy.0 = Release|Any CPU
		{C98C059D-0645-4728-8A5B-04C28B131328}.Ad-Hoc|iPhone.ActiveCfg = Release|Any CPU
		{C98C059D-0645-4728-8A5B-04C28B131328}.Ad-Hoc|iPhone.Build.0 = Release|Any CPU
		{C98C059D-0645-4728-8A5B-04C28B131328}.Ad-Hoc|iPhone.Deploy.0 = Release|Any CPU
		{C98C059D-0645-4728-8A5B-04C28B131328}.Ad-Hoc|iPhoneSimulator.ActiveCfg = Release|Any CPU
		{C98C059D-0645-4728-8A5B-04C28B131328}.Ad-Hoc|iPhoneSimulator.Build.0 = Release|Any CPU
		{C98C059D-0645-4728-8A5B-04C28B131328}.Ad-Hoc|iPhoneSimulator.Deploy.0 = Release|Any CPU
		{C98C059D-0645-4728-8A5B-04C28B131328}.Ad-Hoc|x64.ActiveCfg = Release|Any CPU
		{C98C059D-0645-4728-8A5B-04C28B131328}.Ad-Hoc|x64.Build.0 = Release|Any CPU
		{C98C059D-0645-4728-8A5B-04C28B131328}.Ad-Hoc|x64.Deploy.0 = Release|Any CPU
		{C98C059D-0645-4728-8A5B-04C28B131328}.Ad-Hoc|x86.ActiveCfg = Release|Any CPU
		{C98C059D-0645-4728-8A5B-04C28B131328}.Ad-Hoc|x86.Build.0 = Release|Any CPU
		{C98C059D-0645-4728-8A5B-04C28B131328}.Ad-Hoc|x86.Deploy.0 = Release|Any CPU
		{C98C059D-0645-4728-8A5B-04C28B131328}.AppStore|Any CPU.ActiveCfg = Release|Any CPU
		{C98C059D-0645-4728-8A5B-04C28B131328}.AppStore|Any CPU.Build.0 = Release|Any CPU
		{C98C059D-0645-4728-8A5B-04C28B131328}.AppStore|Any CPU.Deploy.0 = Release|Any CPU
		{C98C059D-0645-4728-8A5B-04C28B131328}.AppStore|ARM.ActiveCfg = Release|Any CPU
		{C98C059D-0645-4728-8A5B-04C28B131328}.AppStore|ARM.Build.0 = Release|Any CPU
		{C98C059D-0645-4728-8A5B-04C28B131328}.AppStore|ARM.Deploy.0 = Release|Any CPU
		{C98C059D-0645-4728-8A5B-04C28B131328}.AppStore|iPhone.ActiveCfg = Release|Any CPU
		{C98C059D-0645-4728-8A5B-04C28B131328}.AppStore|iPhone.Build.0 = Release|Any CPU
		{C98C059D-0645-4728-8A5B-04C28B131328}.AppStore|iPhone.Deploy.0 = Release|Any CPU
		{C98C059D-0645-4728-8A5B-04C28B131328}.AppStore|iPhoneSimulator.ActiveCfg = Release|Any CPU
		{C98C059D-0645-4728-8A5B-04C28B131328}.AppStore|iPhoneSimulator.Build.0 = Release|Any CPU
		{C98C059D-0645-4728-8A5B-04C28B131328}.AppStore|iPhoneSimulator.Deploy.0 = Release|Any CPU
		{C98C059D-0645-4728-8A5B-04C28B131328}.AppStore|x64.ActiveCfg = Release|Any CPU
		{C98C059D-0645-4728-8A5B-04C28B131328}.AppStore|x64.Build.0 = Release|Any CPU
		{C98C059D-0645-4728-8A5B-04C28B131328}.AppStore|x64.Deploy.0 = Release|Any CPU
		{C98C059D-0645-4728-8A5B-04C28B131328}.AppStore|x86.ActiveCfg = Release|Any CPU
		{C98C059D-0645-4728-8A5B-04C28B131328}.AppStore|x86.Build.0 = Release|Any CPU
		{C98C059D-0645-4728-8A5B-04C28B131328}.AppStore|x86.Deploy.0 = Release|Any CPU
		{C98C059D-0645-4728-8A5B-04C28B131328}.Debug|Any CPU.ActiveCfg = Debug|Any CPU
		{C98C059D-0645-4728-8A5B-04C28B131328}.Debug|Any CPU.Build.0 = Debug|Any CPU
		{C98C059D-0645-4728-8A5B-04C28B131328}.Debug|Any CPU.Deploy.0 = Debug|Any CPU
		{C98C059D-0645-4728-8A5B-04C28B131328}.Debug|ARM.ActiveCfg = Debug|Any CPU
		{C98C059D-0645-4728-8A5B-04C28B131328}.Debug|ARM.Build.0 = Debug|Any CPU
		{C98C059D-0645-4728-8A5B-04C28B131328}.Debug|ARM.Deploy.0 = Debug|Any CPU
		{C98C059D-0645-4728-8A5B-04C28B131328}.Debug|iPhone.ActiveCfg = Debug|Any CPU
		{C98C059D-0645-4728-8A5B-04C28B131328}.Debug|iPhone.Build.0 = Debug|Any CPU
		{C98C059D-0645-4728-8A5B-04C28B131328}.Debug|iPhone.Deploy.0 = Debug|Any CPU
		{C98C059D-0645-4728-8A5B-04C28B131328}.Debug|iPhoneSimulator.ActiveCfg = Debug|Any CPU
		{C98C059D-0645-4728-8A5B-04C28B131328}.Debug|iPhoneSimulator.Build.0 = Debug|Any CPU
		{C98C059D-0645-4728-8A5B-04C28B131328}.Debug|iPhoneSimulator.Deploy.0 = Debug|Any CPU
		{C98C059D-0645-4728-8A5B-04C28B131328}.Debug|x64.ActiveCfg = Debug|Any CPU
		{C98C059D-0645-4728-8A5B-04C28B131328}.Debug|x64.Build.0 = Debug|Any CPU
		{C98C059D-0645-4728-8A5B-04C28B131328}.Debug|x64.Deploy.0 = Debug|Any CPU
		{C98C059D-0645-4728-8A5B-04C28B131328}.Debug|x86.ActiveCfg = Debug|Any CPU
		{C98C059D-0645-4728-8A5B-04C28B131328}.Debug|x86.Build.0 = Debug|Any CPU
		{C98C059D-0645-4728-8A5B-04C28B131328}.Debug|x86.Deploy.0 = Debug|Any CPU
		{C98C059D-0645-4728-8A5B-04C28B131328}.Release|Any CPU.ActiveCfg = Release|Any CPU
		{C98C059D-0645-4728-8A5B-04C28B131328}.Release|Any CPU.Build.0 = Release|Any CPU
		{C98C059D-0645-4728-8A5B-04C28B131328}.Release|Any CPU.Deploy.0 = Release|Any CPU
		{C98C059D-0645-4728-8A5B-04C28B131328}.Release|ARM.ActiveCfg = Release|Any CPU
		{C98C059D-0645-4728-8A5B-04C28B131328}.Release|ARM.Build.0 = Release|Any CPU
		{C98C059D-0645-4728-8A5B-04C28B131328}.Release|ARM.Deploy.0 = Release|Any CPU
		{C98C059D-0645-4728-8A5B-04C28B131328}.Release|iPhone.ActiveCfg = Release|Any CPU
		{C98C059D-0645-4728-8A5B-04C28B131328}.Release|iPhone.Build.0 = Release|Any CPU
		{C98C059D-0645-4728-8A5B-04C28B131328}.Release|iPhone.Deploy.0 = Release|Any CPU
		{C98C059D-0645-4728-8A5B-04C28B131328}.Release|iPhoneSimulator.ActiveCfg = Release|Any CPU
		{C98C059D-0645-4728-8A5B-04C28B131328}.Release|iPhoneSimulator.Build.0 = Release|Any CPU
		{C98C059D-0645-4728-8A5B-04C28B131328}.Release|iPhoneSimulator.Deploy.0 = Release|Any CPU
		{C98C059D-0645-4728-8A5B-04C28B131328}.Release|x64.ActiveCfg = Release|Any CPU
		{C98C059D-0645-4728-8A5B-04C28B131328}.Release|x64.Build.0 = Release|Any CPU
		{C98C059D-0645-4728-8A5B-04C28B131328}.Release|x64.Deploy.0 = Release|Any CPU
		{C98C059D-0645-4728-8A5B-04C28B131328}.Release|x86.ActiveCfg = Release|Any CPU
		{C98C059D-0645-4728-8A5B-04C28B131328}.Release|x86.Build.0 = Release|Any CPU
		{C98C059D-0645-4728-8A5B-04C28B131328}.Release|x86.Deploy.0 = Release|Any CPU
		{8DF748CC-781B-4DCD-8796-159C9CE287A7}.Ad-Hoc|Any CPU.ActiveCfg = Release|Any CPU
		{8DF748CC-781B-4DCD-8796-159C9CE287A7}.Ad-Hoc|Any CPU.Build.0 = Release|Any CPU
		{8DF748CC-781B-4DCD-8796-159C9CE287A7}.Ad-Hoc|ARM.ActiveCfg = Release|Any CPU
		{8DF748CC-781B-4DCD-8796-159C9CE287A7}.Ad-Hoc|ARM.Build.0 = Release|Any CPU
		{8DF748CC-781B-4DCD-8796-159C9CE287A7}.Ad-Hoc|iPhone.ActiveCfg = Release|Any CPU
		{8DF748CC-781B-4DCD-8796-159C9CE287A7}.Ad-Hoc|iPhone.Build.0 = Release|Any CPU
		{8DF748CC-781B-4DCD-8796-159C9CE287A7}.Ad-Hoc|iPhoneSimulator.ActiveCfg = Release|Any CPU
		{8DF748CC-781B-4DCD-8796-159C9CE287A7}.Ad-Hoc|iPhoneSimulator.Build.0 = Release|Any CPU
		{8DF748CC-781B-4DCD-8796-159C9CE287A7}.Ad-Hoc|x64.ActiveCfg = Release|Any CPU
		{8DF748CC-781B-4DCD-8796-159C9CE287A7}.Ad-Hoc|x64.Build.0 = Release|Any CPU
		{8DF748CC-781B-4DCD-8796-159C9CE287A7}.Ad-Hoc|x86.ActiveCfg = Release|Any CPU
		{8DF748CC-781B-4DCD-8796-159C9CE287A7}.Ad-Hoc|x86.Build.0 = Release|Any CPU
		{8DF748CC-781B-4DCD-8796-159C9CE287A7}.AppStore|Any CPU.ActiveCfg = Release|Any CPU
		{8DF748CC-781B-4DCD-8796-159C9CE287A7}.AppStore|Any CPU.Build.0 = Release|Any CPU
		{8DF748CC-781B-4DCD-8796-159C9CE287A7}.AppStore|ARM.ActiveCfg = Release|Any CPU
		{8DF748CC-781B-4DCD-8796-159C9CE287A7}.AppStore|ARM.Build.0 = Release|Any CPU
		{8DF748CC-781B-4DCD-8796-159C9CE287A7}.AppStore|iPhone.ActiveCfg = Release|Any CPU
		{8DF748CC-781B-4DCD-8796-159C9CE287A7}.AppStore|iPhone.Build.0 = Release|Any CPU
		{8DF748CC-781B-4DCD-8796-159C9CE287A7}.AppStore|iPhoneSimulator.ActiveCfg = Release|Any CPU
		{8DF748CC-781B-4DCD-8796-159C9CE287A7}.AppStore|iPhoneSimulator.Build.0 = Release|Any CPU
		{8DF748CC-781B-4DCD-8796-159C9CE287A7}.AppStore|x64.ActiveCfg = Release|Any CPU
		{8DF748CC-781B-4DCD-8796-159C9CE287A7}.AppStore|x64.Build.0 = Release|Any CPU
		{8DF748CC-781B-4DCD-8796-159C9CE287A7}.AppStore|x86.ActiveCfg = Release|Any CPU
		{8DF748CC-781B-4DCD-8796-159C9CE287A7}.AppStore|x86.Build.0 = Release|Any CPU
		{8DF748CC-781B-4DCD-8796-159C9CE287A7}.Debug|Any CPU.ActiveCfg = Debug|Any CPU
		{8DF748CC-781B-4DCD-8796-159C9CE287A7}.Debug|Any CPU.Build.0 = Debug|Any CPU
		{8DF748CC-781B-4DCD-8796-159C9CE287A7}.Debug|ARM.ActiveCfg = Debug|Any CPU
		{8DF748CC-781B-4DCD-8796-159C9CE287A7}.Debug|ARM.Build.0 = Debug|Any CPU
		{8DF748CC-781B-4DCD-8796-159C9CE287A7}.Debug|iPhone.ActiveCfg = Debug|Any CPU
		{8DF748CC-781B-4DCD-8796-159C9CE287A7}.Debug|iPhone.Build.0 = Debug|Any CPU
		{8DF748CC-781B-4DCD-8796-159C9CE287A7}.Debug|iPhoneSimulator.ActiveCfg = Debug|Any CPU
		{8DF748CC-781B-4DCD-8796-159C9CE287A7}.Debug|iPhoneSimulator.Build.0 = Debug|Any CPU
		{8DF748CC-781B-4DCD-8796-159C9CE287A7}.Debug|x64.ActiveCfg = Debug|Any CPU
		{8DF748CC-781B-4DCD-8796-159C9CE287A7}.Debug|x64.Build.0 = Debug|Any CPU
		{8DF748CC-781B-4DCD-8796-159C9CE287A7}.Debug|x86.ActiveCfg = Debug|Any CPU
		{8DF748CC-781B-4DCD-8796-159C9CE287A7}.Debug|x86.Build.0 = Debug|Any CPU
		{8DF748CC-781B-4DCD-8796-159C9CE287A7}.Release|Any CPU.ActiveCfg = Release|Any CPU
		{8DF748CC-781B-4DCD-8796-159C9CE287A7}.Release|Any CPU.Build.0 = Release|Any CPU
		{8DF748CC-781B-4DCD-8796-159C9CE287A7}.Release|ARM.ActiveCfg = Release|Any CPU
		{8DF748CC-781B-4DCD-8796-159C9CE287A7}.Release|ARM.Build.0 = Release|Any CPU
		{8DF748CC-781B-4DCD-8796-159C9CE287A7}.Release|iPhone.ActiveCfg = Release|Any CPU
		{8DF748CC-781B-4DCD-8796-159C9CE287A7}.Release|iPhone.Build.0 = Release|Any CPU
		{8DF748CC-781B-4DCD-8796-159C9CE287A7}.Release|iPhoneSimulator.ActiveCfg = Release|Any CPU
		{8DF748CC-781B-4DCD-8796-159C9CE287A7}.Release|iPhoneSimulator.Build.0 = Release|Any CPU
		{8DF748CC-781B-4DCD-8796-159C9CE287A7}.Release|x64.ActiveCfg = Release|Any CPU
		{8DF748CC-781B-4DCD-8796-159C9CE287A7}.Release|x64.Build.0 = Release|Any CPU
		{8DF748CC-781B-4DCD-8796-159C9CE287A7}.Release|x86.ActiveCfg = Release|Any CPU
		{8DF748CC-781B-4DCD-8796-159C9CE287A7}.Release|x86.Build.0 = Release|Any CPU
		{AF0DA75E-8E2F-4090-A14E-1AC1D1BE0AB6}.Ad-Hoc|Any CPU.ActiveCfg = Release|x86
		{AF0DA75E-8E2F-4090-A14E-1AC1D1BE0AB6}.Ad-Hoc|Any CPU.Build.0 = Release|x86
		{AF0DA75E-8E2F-4090-A14E-1AC1D1BE0AB6}.Ad-Hoc|Any CPU.Deploy.0 = Release|x86
		{AF0DA75E-8E2F-4090-A14E-1AC1D1BE0AB6}.Ad-Hoc|ARM.ActiveCfg = Release|ARM
		{AF0DA75E-8E2F-4090-A14E-1AC1D1BE0AB6}.Ad-Hoc|ARM.Build.0 = Release|ARM
		{AF0DA75E-8E2F-4090-A14E-1AC1D1BE0AB6}.Ad-Hoc|ARM.Deploy.0 = Release|ARM
		{AF0DA75E-8E2F-4090-A14E-1AC1D1BE0AB6}.Ad-Hoc|iPhone.ActiveCfg = Release|x86
		{AF0DA75E-8E2F-4090-A14E-1AC1D1BE0AB6}.Ad-Hoc|iPhone.Build.0 = Release|x86
		{AF0DA75E-8E2F-4090-A14E-1AC1D1BE0AB6}.Ad-Hoc|iPhone.Deploy.0 = Release|x86
		{AF0DA75E-8E2F-4090-A14E-1AC1D1BE0AB6}.Ad-Hoc|iPhoneSimulator.ActiveCfg = Release|x86
		{AF0DA75E-8E2F-4090-A14E-1AC1D1BE0AB6}.Ad-Hoc|iPhoneSimulator.Build.0 = Release|x86
		{AF0DA75E-8E2F-4090-A14E-1AC1D1BE0AB6}.Ad-Hoc|iPhoneSimulator.Deploy.0 = Release|x86
		{AF0DA75E-8E2F-4090-A14E-1AC1D1BE0AB6}.Ad-Hoc|x64.ActiveCfg = Release|x64
		{AF0DA75E-8E2F-4090-A14E-1AC1D1BE0AB6}.Ad-Hoc|x64.Build.0 = Release|x64
		{AF0DA75E-8E2F-4090-A14E-1AC1D1BE0AB6}.Ad-Hoc|x64.Deploy.0 = Release|x64
		{AF0DA75E-8E2F-4090-A14E-1AC1D1BE0AB6}.Ad-Hoc|x86.ActiveCfg = Release|x86
		{AF0DA75E-8E2F-4090-A14E-1AC1D1BE0AB6}.Ad-Hoc|x86.Build.0 = Release|x86
		{AF0DA75E-8E2F-4090-A14E-1AC1D1BE0AB6}.Ad-Hoc|x86.Deploy.0 = Release|x86
		{AF0DA75E-8E2F-4090-A14E-1AC1D1BE0AB6}.AppStore|Any CPU.ActiveCfg = Release|x86
		{AF0DA75E-8E2F-4090-A14E-1AC1D1BE0AB6}.AppStore|Any CPU.Build.0 = Release|x86
		{AF0DA75E-8E2F-4090-A14E-1AC1D1BE0AB6}.AppStore|Any CPU.Deploy.0 = Release|x86
		{AF0DA75E-8E2F-4090-A14E-1AC1D1BE0AB6}.AppStore|ARM.ActiveCfg = Release|ARM
		{AF0DA75E-8E2F-4090-A14E-1AC1D1BE0AB6}.AppStore|ARM.Build.0 = Release|ARM
		{AF0DA75E-8E2F-4090-A14E-1AC1D1BE0AB6}.AppStore|ARM.Deploy.0 = Release|ARM
		{AF0DA75E-8E2F-4090-A14E-1AC1D1BE0AB6}.AppStore|iPhone.ActiveCfg = Release|x86
		{AF0DA75E-8E2F-4090-A14E-1AC1D1BE0AB6}.AppStore|iPhone.Build.0 = Release|x86
		{AF0DA75E-8E2F-4090-A14E-1AC1D1BE0AB6}.AppStore|iPhone.Deploy.0 = Release|x86
		{AF0DA75E-8E2F-4090-A14E-1AC1D1BE0AB6}.AppStore|iPhoneSimulator.ActiveCfg = Release|x86
		{AF0DA75E-8E2F-4090-A14E-1AC1D1BE0AB6}.AppStore|iPhoneSimulator.Build.0 = Release|x86
		{AF0DA75E-8E2F-4090-A14E-1AC1D1BE0AB6}.AppStore|iPhoneSimulator.Deploy.0 = Release|x86
		{AF0DA75E-8E2F-4090-A14E-1AC1D1BE0AB6}.AppStore|x64.ActiveCfg = Release|x64
		{AF0DA75E-8E2F-4090-A14E-1AC1D1BE0AB6}.AppStore|x64.Build.0 = Release|x64
		{AF0DA75E-8E2F-4090-A14E-1AC1D1BE0AB6}.AppStore|x64.Deploy.0 = Release|x64
		{AF0DA75E-8E2F-4090-A14E-1AC1D1BE0AB6}.AppStore|x86.ActiveCfg = Release|x86
		{AF0DA75E-8E2F-4090-A14E-1AC1D1BE0AB6}.AppStore|x86.Build.0 = Release|x86
		{AF0DA75E-8E2F-4090-A14E-1AC1D1BE0AB6}.AppStore|x86.Deploy.0 = Release|x86
		{AF0DA75E-8E2F-4090-A14E-1AC1D1BE0AB6}.Debug|Any CPU.ActiveCfg = Debug|x86
		{AF0DA75E-8E2F-4090-A14E-1AC1D1BE0AB6}.Debug|ARM.ActiveCfg = Debug|ARM
		{AF0DA75E-8E2F-4090-A14E-1AC1D1BE0AB6}.Debug|ARM.Build.0 = Debug|ARM
		{AF0DA75E-8E2F-4090-A14E-1AC1D1BE0AB6}.Debug|ARM.Deploy.0 = Debug|ARM
		{AF0DA75E-8E2F-4090-A14E-1AC1D1BE0AB6}.Debug|iPhone.ActiveCfg = Debug|x86
		{AF0DA75E-8E2F-4090-A14E-1AC1D1BE0AB6}.Debug|iPhoneSimulator.ActiveCfg = Debug|x86
		{AF0DA75E-8E2F-4090-A14E-1AC1D1BE0AB6}.Debug|x64.ActiveCfg = Debug|x64
		{AF0DA75E-8E2F-4090-A14E-1AC1D1BE0AB6}.Debug|x64.Build.0 = Debug|x64
		{AF0DA75E-8E2F-4090-A14E-1AC1D1BE0AB6}.Debug|x64.Deploy.0 = Debug|x64
		{AF0DA75E-8E2F-4090-A14E-1AC1D1BE0AB6}.Debug|x86.ActiveCfg = Debug|x86
		{AF0DA75E-8E2F-4090-A14E-1AC1D1BE0AB6}.Debug|x86.Build.0 = Debug|x86
		{AF0DA75E-8E2F-4090-A14E-1AC1D1BE0AB6}.Debug|x86.Deploy.0 = Debug|x86
		{AF0DA75E-8E2F-4090-A14E-1AC1D1BE0AB6}.Release|Any CPU.ActiveCfg = Release|x86
		{AF0DA75E-8E2F-4090-A14E-1AC1D1BE0AB6}.Release|ARM.ActiveCfg = Release|ARM
		{AF0DA75E-8E2F-4090-A14E-1AC1D1BE0AB6}.Release|ARM.Build.0 = Release|ARM
		{AF0DA75E-8E2F-4090-A14E-1AC1D1BE0AB6}.Release|ARM.Deploy.0 = Release|ARM
		{AF0DA75E-8E2F-4090-A14E-1AC1D1BE0AB6}.Release|iPhone.ActiveCfg = Release|x86
		{AF0DA75E-8E2F-4090-A14E-1AC1D1BE0AB6}.Release|iPhoneSimulator.ActiveCfg = Release|x86
		{AF0DA75E-8E2F-4090-A14E-1AC1D1BE0AB6}.Release|x64.ActiveCfg = Release|x64
		{AF0DA75E-8E2F-4090-A14E-1AC1D1BE0AB6}.Release|x64.Build.0 = Release|x64
		{AF0DA75E-8E2F-4090-A14E-1AC1D1BE0AB6}.Release|x64.Deploy.0 = Release|x64
		{AF0DA75E-8E2F-4090-A14E-1AC1D1BE0AB6}.Release|x86.ActiveCfg = Release|x86
		{AF0DA75E-8E2F-4090-A14E-1AC1D1BE0AB6}.Release|x86.Build.0 = Release|x86
		{AF0DA75E-8E2F-4090-A14E-1AC1D1BE0AB6}.Release|x86.Deploy.0 = Release|x86
		{BD8ABF7B-108B-45A2-BAA8-72825BC6B856}.Ad-Hoc|Any CPU.ActiveCfg = Ad-Hoc|iPhoneSimulator
		{BD8ABF7B-108B-45A2-BAA8-72825BC6B856}.Ad-Hoc|ARM.ActiveCfg = Ad-Hoc|iPhone
		{BD8ABF7B-108B-45A2-BAA8-72825BC6B856}.Ad-Hoc|iPhone.ActiveCfg = Ad-Hoc|iPhone
		{BD8ABF7B-108B-45A2-BAA8-72825BC6B856}.Ad-Hoc|iPhone.Build.0 = Ad-Hoc|iPhone
		{BD8ABF7B-108B-45A2-BAA8-72825BC6B856}.Ad-Hoc|iPhoneSimulator.ActiveCfg = Ad-Hoc|iPhoneSimulator
		{BD8ABF7B-108B-45A2-BAA8-72825BC6B856}.Ad-Hoc|iPhoneSimulator.Build.0 = Ad-Hoc|iPhoneSimulator
		{BD8ABF7B-108B-45A2-BAA8-72825BC6B856}.Ad-Hoc|x64.ActiveCfg = Ad-Hoc|iPhone
		{BD8ABF7B-108B-45A2-BAA8-72825BC6B856}.Ad-Hoc|x86.ActiveCfg = Ad-Hoc|iPhone
		{BD8ABF7B-108B-45A2-BAA8-72825BC6B856}.AppStore|Any CPU.ActiveCfg = AppStore|iPhoneSimulator
		{BD8ABF7B-108B-45A2-BAA8-72825BC6B856}.AppStore|ARM.ActiveCfg = AppStore|iPhone
		{BD8ABF7B-108B-45A2-BAA8-72825BC6B856}.AppStore|iPhone.ActiveCfg = AppStore|iPhone
		{BD8ABF7B-108B-45A2-BAA8-72825BC6B856}.AppStore|iPhone.Build.0 = AppStore|iPhone
		{BD8ABF7B-108B-45A2-BAA8-72825BC6B856}.AppStore|iPhoneSimulator.ActiveCfg = AppStore|iPhoneSimulator
		{BD8ABF7B-108B-45A2-BAA8-72825BC6B856}.AppStore|iPhoneSimulator.Build.0 = AppStore|iPhoneSimulator
		{BD8ABF7B-108B-45A2-BAA8-72825BC6B856}.AppStore|x64.ActiveCfg = AppStore|iPhone
		{BD8ABF7B-108B-45A2-BAA8-72825BC6B856}.AppStore|x86.ActiveCfg = AppStore|iPhone
		{BD8ABF7B-108B-45A2-BAA8-72825BC6B856}.Debug|Any CPU.ActiveCfg = Debug|iPhoneSimulator
		{BD8ABF7B-108B-45A2-BAA8-72825BC6B856}.Debug|ARM.ActiveCfg = Debug|iPhone
		{BD8ABF7B-108B-45A2-BAA8-72825BC6B856}.Debug|iPhone.ActiveCfg = Debug|iPhone
		{BD8ABF7B-108B-45A2-BAA8-72825BC6B856}.Debug|iPhone.Build.0 = Debug|iPhone
		{BD8ABF7B-108B-45A2-BAA8-72825BC6B856}.Debug|iPhoneSimulator.ActiveCfg = Debug|iPhoneSimulator
		{BD8ABF7B-108B-45A2-BAA8-72825BC6B856}.Debug|iPhoneSimulator.Build.0 = Debug|iPhoneSimulator
		{BD8ABF7B-108B-45A2-BAA8-72825BC6B856}.Debug|x64.ActiveCfg = Debug|iPhone
		{BD8ABF7B-108B-45A2-BAA8-72825BC6B856}.Debug|x86.ActiveCfg = Debug|iPhone
		{BD8ABF7B-108B-45A2-BAA8-72825BC6B856}.Release|Any CPU.ActiveCfg = Release|iPhoneSimulator
		{BD8ABF7B-108B-45A2-BAA8-72825BC6B856}.Release|ARM.ActiveCfg = Release|iPhone
		{BD8ABF7B-108B-45A2-BAA8-72825BC6B856}.Release|iPhone.ActiveCfg = Release|iPhone
		{BD8ABF7B-108B-45A2-BAA8-72825BC6B856}.Release|iPhone.Build.0 = Release|iPhone
		{BD8ABF7B-108B-45A2-BAA8-72825BC6B856}.Release|iPhoneSimulator.ActiveCfg = Release|iPhoneSimulator
		{BD8ABF7B-108B-45A2-BAA8-72825BC6B856}.Release|iPhoneSimulator.Build.0 = Release|iPhoneSimulator
		{BD8ABF7B-108B-45A2-BAA8-72825BC6B856}.Release|x64.ActiveCfg = Release|iPhone
		{BD8ABF7B-108B-45A2-BAA8-72825BC6B856}.Release|x86.ActiveCfg = Release|iPhone
	EndGlobalSection
	GlobalSection(SolutionProperties) = preSolution
		HideSolutionNode = FALSE
	EndGlobalSection
	GlobalSection(ExtensibilityGlobals) = postSolution
		SolutionGuid = {6355E585-A5CA-4940-A53A-AB52DF0B9187}
	EndGlobalSection
EndGlobal
