
Microsoft Visual Studio Solution File, Format Version 12.00
# Visual Studio 15
VisualStudioVersion = 15.0.27130.2010
MinimumVisualStudioVersion = 10.0.40219.1
Project("{FAE04EC0-301F-11D3-BF4B-00C04F79EFBC}") = "_36HslSliders.Android", "_36HslSliders\_36HslSliders.Android\_36HslSliders.Android.csproj", "{6A1A56B7-A74C-4604-8749-0DB9D1BD0D93}"
EndProject
Project("{FAE04EC0-301F-11D3-BF4B-00C04F79EFBC}") = "_36HslSliders.UWP", "_36HslSliders\_36HslSliders.UWP\_36HslSliders.UWP.csproj", "{9E595A71-8EEF-4A27-834F-EBD533FBC72D}"
EndProject
Project("{FAE04EC0-301F-11D3-BF4B-00C04F79EFBC}") = "_36HslSliders", "_36HslSliders\_36HslSliders\_36HslSliders.csproj", "{7E78F264-F3A5-4BAD-B19F-91A94A60A11C}"
EndProject
Global
	GlobalSection(SolutionConfigurationPlatforms) = preSolution
		Debug|Any CPU = Debug|Any CPU
		Debug|ARM = Debug|ARM
		Debug|x64 = Debug|x64
		Debug|x86 = Debug|x86
		Release|Any CPU = Release|Any CPU
		Release|ARM = Release|ARM
		Release|x64 = Release|x64
		Release|x86 = Release|x86
	EndGlobalSection
	GlobalSection(ProjectConfigurationPlatforms) = postSolution
		{6A1A56B7-A74C-4604-8749-0DB9D1BD0D93}.Debug|Any CPU.ActiveCfg = Debug|Any CPU
		{6A1A56B7-A74C-4604-8749-0DB9D1BD0D93}.Debug|Any CPU.Build.0 = Debug|Any CPU
		{6A1A56B7-A74C-4604-8749-0DB9D1BD0D93}.Debug|Any CPU.Deploy.0 = Debug|Any CPU
		{6A1A56B7-A74C-4604-8749-0DB9D1BD0D93}.Debug|ARM.ActiveCfg = Debug|Any CPU
		{6A1A56B7-A74C-4604-8749-0DB9D1BD0D93}.Debug|ARM.Build.0 = Debug|Any CPU
		{6A1A56B7-A74C-4604-8749-0DB9D1BD0D93}.Debug|ARM.Deploy.0 = Debug|Any CPU
		{6A1A56B7-A74C-4604-8749-0DB9D1BD0D93}.Debug|x64.ActiveCfg = Debug|Any CPU
		{6A1A56B7-A74C-4604-8749-0DB9D1BD0D93}.Debug|x64.Build.0 = Debug|Any CPU
		{6A1A56B7-A74C-4604-8749-0DB9D1BD0D93}.Debug|x64.Deploy.0 = Debug|Any CPU
		{6A1A56B7-A74C-4604-8749-0DB9D1BD0D93}.Debug|x86.ActiveCfg = Debug|Any CPU
		{6A1A56B7-A74C-4604-8749-0DB9D1BD0D93}.Debug|x86.Build.0 = Debug|Any CPU
		{6A1A56B7-A74C-4604-8749-0DB9D1BD0D93}.Debug|x86.Deploy.0 = Debug|Any CPU
		{6A1A56B7-A74C-4604-8749-0DB9D1BD0D93}.Release|Any CPU.ActiveCfg = Release|Any CPU
		{6A1A56B7-A74C-4604-8749-0DB9D1BD0D93}.Release|Any CPU.Build.0 = Release|Any CPU
		{6A1A56B7-A74C-4604-8749-0DB9D1BD0D93}.Release|Any CPU.Deploy.0 = Release|Any CPU
		{6A1A56B7-A74C-4604-8749-0DB9D1BD0D93}.Release|ARM.ActiveCfg = Release|Any CPU
		{6A1A56B7-A74C-4604-8749-0DB9D1BD0D93}.Release|ARM.Build.0 = Release|Any CPU
		{6A1A56B7-A74C-4604-8749-0DB9D1BD0D93}.Release|ARM.Deploy.0 = Release|Any CPU
		{6A1A56B7-A74C-4604-8749-0DB9D1BD0D93}.Release|x64.ActiveCfg = Release|Any CPU
		{6A1A56B7-A74C-4604-8749-0DB9D1BD0D93}.Release|x64.Build.0 = Release|Any CPU
		{6A1A56B7-A74C-4604-8749-0DB9D1BD0D93}.Release|x64.Deploy.0 = Release|Any CPU
		{6A1A56B7-A74C-4604-8749-0DB9D1BD0D93}.Release|x86.ActiveCfg = Release|Any CPU
		{6A1A56B7-A74C-4604-8749-0DB9D1BD0D93}.Release|x86.Build.0 = Release|Any CPU
		{6A1A56B7-A74C-4604-8749-0DB9D1BD0D93}.Release|x86.Deploy.0 = Release|Any CPU
		{9E595A71-8EEF-4A27-834F-EBD533FBC72D}.Debug|Any CPU.ActiveCfg = Debug|x86
		{9E595A71-8EEF-4A27-834F-EBD533FBC72D}.Debug|ARM.ActiveCfg = Debug|ARM
		{9E595A71-8EEF-4A27-834F-EBD533FBC72D}.Debug|ARM.Build.0 = Debug|ARM
		{9E595A71-8EEF-4A27-834F-EBD533FBC72D}.Debug|ARM.Deploy.0 = Debug|ARM
		{9E595A71-8EEF-4A27-834F-EBD533FBC72D}.Debug|x64.ActiveCfg = Debug|x64
		{9E595A71-8EEF-4A27-834F-EBD533FBC72D}.Debug|x64.Build.0 = Debug|x64
		{9E595A71-8EEF-4A27-834F-EBD533FBC72D}.Debug|x64.Deploy.0 = Debug|x64
		{9E595A71-8EEF-4A27-834F-EBD533FBC72D}.Debug|x86.ActiveCfg = Debug|x86
		{9E595A71-8EEF-4A27-834F-EBD533FBC72D}.Debug|x86.Build.0 = Debug|x86
		{9E595A71-8EEF-4A27-834F-EBD533FBC72D}.Debug|x86.Deploy.0 = Debug|x86
		{9E595A71-8EEF-4A27-834F-EBD533FBC72D}.Release|Any CPU.ActiveCfg = Release|x86
		{9E595A71-8EEF-4A27-834F-EBD533FBC72D}.Release|ARM.ActiveCfg = Release|ARM
		{9E595A71-8EEF-4A27-834F-EBD533FBC72D}.Release|ARM.Build.0 = Release|ARM
		{9E595A71-8EEF-4A27-834F-EBD533FBC72D}.Release|ARM.Deploy.0 = Release|ARM
		{9E595A71-8EEF-4A27-834F-EBD533FBC72D}.Release|x64.ActiveCfg = Release|x64
		{9E595A71-8EEF-4A27-834F-EBD533FBC72D}.Release|x64.Build.0 = Release|x64
		{9E595A71-8EEF-4A27-834F-EBD533FBC72D}.Release|x64.Deploy.0 = Release|x64
		{9E595A71-8EEF-4A27-834F-EBD533FBC72D}.Release|x86.ActiveCfg = Release|x86
		{9E595A71-8EEF-4A27-834F-EBD533FBC72D}.Release|x86.Build.0 = Release|x86
		{9E595A71-8EEF-4A27-834F-EBD533FBC72D}.Release|x86.Deploy.0 = Release|x86
		{7E78F264-F3A5-4BAD-B19F-91A94A60A11C}.Debug|Any CPU.ActiveCfg = Debug|Any CPU
		{7E78F264-F3A5-4BAD-B19F-91A94A60A11C}.Debug|Any CPU.Build.0 = Debug|Any CPU
		{7E78F264-F3A5-4BAD-B19F-91A94A60A11C}.Debug|ARM.ActiveCfg = Debug|Any CPU
		{7E78F264-F3A5-4BAD-B19F-91A94A60A11C}.Debug|ARM.Build.0 = Debug|Any CPU
		{7E78F264-F3A5-4BAD-B19F-91A94A60A11C}.Debug|x64.ActiveCfg = Debug|Any CPU
		{7E78F264-F3A5-4BAD-B19F-91A94A60A11C}.Debug|x64.Build.0 = Debug|Any CPU
		{7E78F264-F3A5-4BAD-B19F-91A94A60A11C}.Debug|x86.ActiveCfg = Debug|Any CPU
		{7E78F264-F3A5-4BAD-B19F-91A94A60A11C}.Debug|x86.Build.0 = Debug|Any CPU
		{7E78F264-F3A5-4BAD-B19F-91A94A60A11C}.Release|Any CPU.ActiveCfg = Release|Any CPU
		{7E78F264-F3A5-4BAD-B19F-91A94A60A11C}.Release|Any CPU.Build.0 = Release|Any CPU
		{7E78F264-F3A5-4BAD-B19F-91A94A60A11C}.Release|ARM.ActiveCfg = Release|Any CPU
		{7E78F264-F3A5-4BAD-B19F-91A94A60A11C}.Release|ARM.Build.0 = Release|Any CPU
		{7E78F264-F3A5-4BAD-B19F-91A94A60A11C}.Release|x64.ActiveCfg = Release|Any CPU
		{7E78F264-F3A5-4BAD-B19F-91A94A60A11C}.Release|x64.Build.0 = Release|Any CPU
		{7E78F264-F3A5-4BAD-B19F-91A94A60A11C}.Release|x86.ActiveCfg = Release|Any CPU
		{7E78F264-F3A5-4BAD-B19F-91A94A60A11C}.Release|x86.Build.0 = Release|Any CPU
	EndGlobalSection
	GlobalSection(SolutionProperties) = preSolution
		HideSolutionNode = FALSE
	EndGlobalSection
	GlobalSection(ExtensibilityGlobals) = postSolution
		SolutionGuid = {CB0519D8-474D-47BA-B035-4B36A2DB82EC}
	EndGlobalSection
EndGlobal
