
Microsoft Visual Studio Solution File, Format Version 12.00
# Visual Studio 15
VisualStudioVersion = 15.0.27004.2009
MinimumVisualStudioVersion = 10.0.40219.1
Project("{FAE04EC0-301F-11D3-BF4B-00C04F79EFBC}") = "_02Greetings.Android", "02Greetings\_02Greetings.Android\_02Greetings.Android.csproj", "{5C117654-782D-407B-B65A-23D4F22136BF}"
EndProject
Project("{FAE04EC0-301F-11D3-BF4B-00C04F79EFBC}") = "_02Greetings", "02Greetings\_02Greetings\_02Greetings.csproj", "{7142E681-CA09-4B31-A01D-99EC829327DA}"
EndProject
Project("{FAE04EC0-301F-11D3-BF4B-00C04F79EFBC}") = "_02Greetings.UWP", "02Greetings\_02Greetings.UWP\_02Greetings.UWP.csproj", "{894CC3B1-BB61-4238-962E-E108C87A562D}"
EndProject
Project("{FAE04EC0-301F-11D3-BF4B-00C04F79EFBC}") = "_02Greetings.iOS", "02Greetings\_02Greetings.iOS\_02Greetings.iOS.csproj", "{E577B96B-18D3-45AE-8D28-EB4D52F49CAF}"
EndProject
Global
	GlobalSection(SolutionConfigurationPlatforms) = preSolution
		Ad-Hoc|Any CPU = Ad-Hoc|Any CPU
		Ad-Hoc|ARM = Ad-Hoc|ARM
		Ad-Hoc|iPhone = Ad-Hoc|iPhone
		Ad-Hoc|iPhoneSimulator = Ad-Hoc|iPhoneSimulator
		Ad-Hoc|x64 = Ad-Hoc|x64
		Ad-Hoc|x86 = Ad-Hoc|x86
		AppStore|Any CPU = AppStore|Any CPU
		AppStore|ARM = AppStore|ARM
		AppStore|iPhone = AppStore|iPhone
		AppStore|iPhoneSimulator = AppStore|iPhoneSimulator
		AppStore|x64 = AppStore|x64
		AppStore|x86 = AppStore|x86
		Debug|Any CPU = Debug|Any CPU
		Debug|ARM = Debug|ARM
		Debug|iPhone = Debug|iPhone
		Debug|iPhoneSimulator = Debug|iPhoneSimulator
		Debug|x64 = Debug|x64
		Debug|x86 = Debug|x86
		Release|Any CPU = Release|Any CPU
		Release|ARM = Release|ARM
		Release|iPhone = Release|iPhone
		Release|iPhoneSimulator = Release|iPhoneSimulator
		Release|x64 = Release|x64
		Release|x86 = Release|x86
	EndGlobalSection
	GlobalSection(ProjectConfigurationPlatforms) = postSolution
		{5C117654-782D-407B-B65A-23D4F22136BF}.Ad-Hoc|Any CPU.ActiveCfg = Release|Any CPU
		{5C117654-782D-407B-B65A-23D4F22136BF}.Ad-Hoc|Any CPU.Build.0 = Release|Any CPU
		{5C117654-782D-407B-B65A-23D4F22136BF}.Ad-Hoc|Any CPU.Deploy.0 = Release|Any CPU
		{5C117654-782D-407B-B65A-23D4F22136BF}.Ad-Hoc|ARM.ActiveCfg = Release|Any CPU
		{5C117654-782D-407B-B65A-23D4F22136BF}.Ad-Hoc|ARM.Build.0 = Release|Any CPU
		{5C117654-782D-407B-B65A-23D4F22136BF}.Ad-Hoc|ARM.Deploy.0 = Release|Any CPU
		{5C117654-782D-407B-B65A-23D4F22136BF}.Ad-Hoc|iPhone.ActiveCfg = Release|Any CPU
		{5C117654-782D-407B-B65A-23D4F22136BF}.Ad-Hoc|iPhone.Build.0 = Release|Any CPU
		{5C117654-782D-407B-B65A-23D4F22136BF}.Ad-Hoc|iPhone.Deploy.0 = Release|Any CPU
		{5C117654-782D-407B-B65A-23D4F22136BF}.Ad-Hoc|iPhoneSimulator.ActiveCfg = Release|Any CPU
		{5C117654-782D-407B-B65A-23D4F22136BF}.Ad-Hoc|iPhoneSimulator.Build.0 = Release|Any CPU
		{5C117654-782D-407B-B65A-23D4F22136BF}.Ad-Hoc|iPhoneSimulator.Deploy.0 = Release|Any CPU
		{5C117654-782D-407B-B65A-23D4F22136BF}.Ad-Hoc|x64.ActiveCfg = Release|Any CPU
		{5C117654-782D-407B-B65A-23D4F22136BF}.Ad-Hoc|x64.Build.0 = Release|Any CPU
		{5C117654-782D-407B-B65A-23D4F22136BF}.Ad-Hoc|x64.Deploy.0 = Release|Any CPU
		{5C117654-782D-407B-B65A-23D4F22136BF}.Ad-Hoc|x86.ActiveCfg = Release|Any CPU
		{5C117654-782D-407B-B65A-23D4F22136BF}.Ad-Hoc|x86.Build.0 = Release|Any CPU
		{5C117654-782D-407B-B65A-23D4F22136BF}.Ad-Hoc|x86.Deploy.0 = Release|Any CPU
		{5C117654-782D-407B-B65A-23D4F22136BF}.AppStore|Any CPU.ActiveCfg = Release|Any CPU
		{5C117654-782D-407B-B65A-23D4F22136BF}.AppStore|Any CPU.Build.0 = Release|Any CPU
		{5C117654-782D-407B-B65A-23D4F22136BF}.AppStore|Any CPU.Deploy.0 = Release|Any CPU
		{5C117654-782D-407B-B65A-23D4F22136BF}.AppStore|ARM.ActiveCfg = Release|Any CPU
		{5C117654-782D-407B-B65A-23D4F22136BF}.AppStore|ARM.Build.0 = Release|Any CPU
		{5C117654-782D-407B-B65A-23D4F22136BF}.AppStore|ARM.Deploy.0 = Release|Any CPU
		{5C117654-782D-407B-B65A-23D4F22136BF}.AppStore|iPhone.ActiveCfg = Release|Any CPU
		{5C117654-782D-407B-B65A-23D4F22136BF}.AppStore|iPhone.Build.0 = Release|Any CPU
		{5C117654-782D-407B-B65A-23D4F22136BF}.AppStore|iPhone.Deploy.0 = Release|Any CPU
		{5C117654-782D-407B-B65A-23D4F22136BF}.AppStore|iPhoneSimulator.ActiveCfg = Release|Any CPU
		{5C117654-782D-407B-B65A-23D4F22136BF}.AppStore|iPhoneSimulator.Build.0 = Release|Any CPU
		{5C117654-782D-407B-B65A-23D4F22136BF}.AppStore|iPhoneSimulator.Deploy.0 = Release|Any CPU
		{5C117654-782D-407B-B65A-23D4F22136BF}.AppStore|x64.ActiveCfg = Release|Any CPU
		{5C117654-782D-407B-B65A-23D4F22136BF}.AppStore|x64.Build.0 = Release|Any CPU
		{5C117654-782D-407B-B65A-23D4F22136BF}.AppStore|x64.Deploy.0 = Release|Any CPU
		{5C117654-782D-407B-B65A-23D4F22136BF}.AppStore|x86.ActiveCfg = Release|Any CPU
		{5C117654-782D-407B-B65A-23D4F22136BF}.AppStore|x86.Build.0 = Release|Any CPU
		{5C117654-782D-407B-B65A-23D4F22136BF}.AppStore|x86.Deploy.0 = Release|Any CPU
		{5C117654-782D-407B-B65A-23D4F22136BF}.Debug|Any CPU.ActiveCfg = Debug|Any CPU
		{5C117654-782D-407B-B65A-23D4F22136BF}.Debug|Any CPU.Build.0 = Debug|Any CPU
		{5C117654-782D-407B-B65A-23D4F22136BF}.Debug|Any CPU.Deploy.0 = Debug|Any CPU
		{5C117654-782D-407B-B65A-23D4F22136BF}.Debug|ARM.ActiveCfg = Debug|Any CPU
		{5C117654-782D-407B-B65A-23D4F22136BF}.Debug|ARM.Build.0 = Debug|Any CPU
		{5C117654-782D-407B-B65A-23D4F22136BF}.Debug|ARM.Deploy.0 = Debug|Any CPU
		{5C117654-782D-407B-B65A-23D4F22136BF}.Debug|iPhone.ActiveCfg = Debug|Any CPU
		{5C117654-782D-407B-B65A-23D4F22136BF}.Debug|iPhone.Build.0 = Debug|Any CPU
		{5C117654-782D-407B-B65A-23D4F22136BF}.Debug|iPhone.Deploy.0 = Debug|Any CPU
		{5C117654-782D-407B-B65A-23D4F22136BF}.Debug|iPhoneSimulator.ActiveCfg = Debug|Any CPU
		{5C117654-782D-407B-B65A-23D4F22136BF}.Debug|iPhoneSimulator.Build.0 = Debug|Any CPU
		{5C117654-782D-407B-B65A-23D4F22136BF}.Debug|iPhoneSimulator.Deploy.0 = Debug|Any CPU
		{5C117654-782D-407B-B65A-23D4F22136BF}.Debug|x64.ActiveCfg = Debug|Any CPU
		{5C117654-782D-407B-B65A-23D4F22136BF}.Debug|x64.Build.0 = Debug|Any CPU
		{5C117654-782D-407B-B65A-23D4F22136BF}.Debug|x64.Deploy.0 = Debug|Any CPU
		{5C117654-782D-407B-B65A-23D4F22136BF}.Debug|x86.ActiveCfg = Debug|Any CPU
		{5C117654-782D-407B-B65A-23D4F22136BF}.Debug|x86.Build.0 = Debug|Any CPU
		{5C117654-782D-407B-B65A-23D4F22136BF}.Debug|x86.Deploy.0 = Debug|Any CPU
		{5C117654-782D-407B-B65A-23D4F22136BF}.Release|Any CPU.ActiveCfg = Release|Any CPU
		{5C117654-782D-407B-B65A-23D4F22136BF}.Release|Any CPU.Build.0 = Release|Any CPU
		{5C117654-782D-407B-B65A-23D4F22136BF}.Release|Any CPU.Deploy.0 = Release|Any CPU
		{5C117654-782D-407B-B65A-23D4F22136BF}.Release|ARM.ActiveCfg = Release|Any CPU
		{5C117654-782D-407B-B65A-23D4F22136BF}.Release|ARM.Build.0 = Release|Any CPU
		{5C117654-782D-407B-B65A-23D4F22136BF}.Release|ARM.Deploy.0 = Release|Any CPU
		{5C117654-782D-407B-B65A-23D4F22136BF}.Release|iPhone.ActiveCfg = Release|Any CPU
		{5C117654-782D-407B-B65A-23D4F22136BF}.Release|iPhone.Build.0 = Release|Any CPU
		{5C117654-782D-407B-B65A-23D4F22136BF}.Release|iPhone.Deploy.0 = Release|Any CPU
		{5C117654-782D-407B-B65A-23D4F22136BF}.Release|iPhoneSimulator.ActiveCfg = Release|Any CPU
		{5C117654-782D-407B-B65A-23D4F22136BF}.Release|iPhoneSimulator.Build.0 = Release|Any CPU
		{5C117654-782D-407B-B65A-23D4F22136BF}.Release|iPhoneSimulator.Deploy.0 = Release|Any CPU
		{5C117654-782D-407B-B65A-23D4F22136BF}.Release|x64.ActiveCfg = Release|Any CPU
		{5C117654-782D-407B-B65A-23D4F22136BF}.Release|x64.Build.0 = Release|Any CPU
		{5C117654-782D-407B-B65A-23D4F22136BF}.Release|x64.Deploy.0 = Release|Any CPU
		{5C117654-782D-407B-B65A-23D4F22136BF}.Release|x86.ActiveCfg = Release|Any CPU
		{5C117654-782D-407B-B65A-23D4F22136BF}.Release|x86.Build.0 = Release|Any CPU
		{5C117654-782D-407B-B65A-23D4F22136BF}.Release|x86.Deploy.0 = Release|Any CPU
		{7142E681-CA09-4B31-A01D-99EC829327DA}.Ad-Hoc|Any CPU.ActiveCfg = Release|Any CPU
		{7142E681-CA09-4B31-A01D-99EC829327DA}.Ad-Hoc|Any CPU.Build.0 = Release|Any CPU
		{7142E681-CA09-4B31-A01D-99EC829327DA}.Ad-Hoc|ARM.ActiveCfg = Release|Any CPU
		{7142E681-CA09-4B31-A01D-99EC829327DA}.Ad-Hoc|ARM.Build.0 = Release|Any CPU
		{7142E681-CA09-4B31-A01D-99EC829327DA}.Ad-Hoc|iPhone.ActiveCfg = Release|Any CPU
		{7142E681-CA09-4B31-A01D-99EC829327DA}.Ad-Hoc|iPhone.Build.0 = Release|Any CPU
		{7142E681-CA09-4B31-A01D-99EC829327DA}.Ad-Hoc|iPhoneSimulator.ActiveCfg = Release|Any CPU
		{7142E681-CA09-4B31-A01D-99EC829327DA}.Ad-Hoc|iPhoneSimulator.Build.0 = Release|Any CPU
		{7142E681-CA09-4B31-A01D-99EC829327DA}.Ad-Hoc|x64.ActiveCfg = Release|Any CPU
		{7142E681-CA09-4B31-A01D-99EC829327DA}.Ad-Hoc|x64.Build.0 = Release|Any CPU
		{7142E681-CA09-4B31-A01D-99EC829327DA}.Ad-Hoc|x86.ActiveCfg = Release|Any CPU
		{7142E681-CA09-4B31-A01D-99EC829327DA}.Ad-Hoc|x86.Build.0 = Release|Any CPU
		{7142E681-CA09-4B31-A01D-99EC829327DA}.AppStore|Any CPU.ActiveCfg = Release|Any CPU
		{7142E681-CA09-4B31-A01D-99EC829327DA}.AppStore|Any CPU.Build.0 = Release|Any CPU
		{7142E681-CA09-4B31-A01D-99EC829327DA}.AppStore|ARM.ActiveCfg = Release|Any CPU
		{7142E681-CA09-4B31-A01D-99EC829327DA}.AppStore|ARM.Build.0 = Release|Any CPU
		{7142E681-CA09-4B31-A01D-99EC829327DA}.AppStore|iPhone.ActiveCfg = Release|Any CPU
		{7142E681-CA09-4B31-A01D-99EC829327DA}.AppStore|iPhone.Build.0 = Release|Any CPU
		{7142E681-CA09-4B31-A01D-99EC829327DA}.AppStore|iPhoneSimulator.ActiveCfg = Release|Any CPU
		{7142E681-CA09-4B31-A01D-99EC829327DA}.AppStore|iPhoneSimulator.Build.0 = Release|Any CPU
		{7142E681-CA09-4B31-A01D-99EC829327DA}.AppStore|x64.ActiveCfg = Release|Any CPU
		{7142E681-CA09-4B31-A01D-99EC829327DA}.AppStore|x64.Build.0 = Release|Any CPU
		{7142E681-CA09-4B31-A01D-99EC829327DA}.AppStore|x86.ActiveCfg = Release|Any CPU
		{7142E681-CA09-4B31-A01D-99EC829327DA}.AppStore|x86.Build.0 = Release|Any CPU
		{7142E681-CA09-4B31-A01D-99EC829327DA}.Debug|Any CPU.ActiveCfg = Debug|Any CPU
		{7142E681-CA09-4B31-A01D-99EC829327DA}.Debug|Any CPU.Build.0 = Debug|Any CPU
		{7142E681-CA09-4B31-A01D-99EC829327DA}.Debug|ARM.ActiveCfg = Debug|Any CPU
		{7142E681-CA09-4B31-A01D-99EC829327DA}.Debug|ARM.Build.0 = Debug|Any CPU
		{7142E681-CA09-4B31-A01D-99EC829327DA}.Debug|iPhone.ActiveCfg = Debug|Any CPU
		{7142E681-CA09-4B31-A01D-99EC829327DA}.Debug|iPhone.Build.0 = Debug|Any CPU
		{7142E681-CA09-4B31-A01D-99EC829327DA}.Debug|iPhoneSimulator.ActiveCfg = Debug|Any CPU
		{7142E681-CA09-4B31-A01D-99EC829327DA}.Debug|iPhoneSimulator.Build.0 = Debug|Any CPU
		{7142E681-CA09-4B31-A01D-99EC829327DA}.Debug|x64.ActiveCfg = Debug|Any CPU
		{7142E681-CA09-4B31-A01D-99EC829327DA}.Debug|x64.Build.0 = Debug|Any CPU
		{7142E681-CA09-4B31-A01D-99EC829327DA}.Debug|x86.ActiveCfg = Debug|Any CPU
		{7142E681-CA09-4B31-A01D-99EC829327DA}.Debug|x86.Build.0 = Debug|Any CPU
		{7142E681-CA09-4B31-A01D-99EC829327DA}.Release|Any CPU.ActiveCfg = Release|Any CPU
		{7142E681-CA09-4B31-A01D-99EC829327DA}.Release|Any CPU.Build.0 = Release|Any CPU
		{7142E681-CA09-4B31-A01D-99EC829327DA}.Release|ARM.ActiveCfg = Release|Any CPU
		{7142E681-CA09-4B31-A01D-99EC829327DA}.Release|ARM.Build.0 = Release|Any CPU
		{7142E681-CA09-4B31-A01D-99EC829327DA}.Release|iPhone.ActiveCfg = Release|Any CPU
		{7142E681-CA09-4B31-A01D-99EC829327DA}.Release|iPhone.Build.0 = Release|Any CPU
		{7142E681-CA09-4B31-A01D-99EC829327DA}.Release|iPhoneSimulator.ActiveCfg = Release|Any CPU
		{7142E681-CA09-4B31-A01D-99EC829327DA}.Release|iPhoneSimulator.Build.0 = Release|Any CPU
		{7142E681-CA09-4B31-A01D-99EC829327DA}.Release|x64.ActiveCfg = Release|Any CPU
		{7142E681-CA09-4B31-A01D-99EC829327DA}.Release|x64.Build.0 = Release|Any CPU
		{7142E681-CA09-4B31-A01D-99EC829327DA}.Release|x86.ActiveCfg = Release|Any CPU
		{7142E681-CA09-4B31-A01D-99EC829327DA}.Release|x86.Build.0 = Release|Any CPU
		{894CC3B1-BB61-4238-962E-E108C87A562D}.Ad-Hoc|Any CPU.ActiveCfg = Release|x86
		{894CC3B1-BB61-4238-962E-E108C87A562D}.Ad-Hoc|Any CPU.Build.0 = Release|x86
		{894CC3B1-BB61-4238-962E-E108C87A562D}.Ad-Hoc|Any CPU.Deploy.0 = Release|x86
		{894CC3B1-BB61-4238-962E-E108C87A562D}.Ad-Hoc|ARM.ActiveCfg = Release|ARM
		{894CC3B1-BB61-4238-962E-E108C87A562D}.Ad-Hoc|ARM.Build.0 = Release|ARM
		{894CC3B1-BB61-4238-962E-E108C87A562D}.Ad-Hoc|ARM.Deploy.0 = Release|ARM
		{894CC3B1-BB61-4238-962E-E108C87A562D}.Ad-Hoc|iPhone.ActiveCfg = Release|x86
		{894CC3B1-BB61-4238-962E-E108C87A562D}.Ad-Hoc|iPhone.Build.0 = Release|x86
		{894CC3B1-BB61-4238-962E-E108C87A562D}.Ad-Hoc|iPhone.Deploy.0 = Release|x86
		{894CC3B1-BB61-4238-962E-E108C87A562D}.Ad-Hoc|iPhoneSimulator.ActiveCfg = Release|x86
		{894CC3B1-BB61-4238-962E-E108C87A562D}.Ad-Hoc|iPhoneSimulator.Build.0 = Release|x86
		{894CC3B1-BB61-4238-962E-E108C87A562D}.Ad-Hoc|iPhoneSimulator.Deploy.0 = Release|x86
		{894CC3B1-BB61-4238-962E-E108C87A562D}.Ad-Hoc|x64.ActiveCfg = Release|x64
		{894CC3B1-BB61-4238-962E-E108C87A562D}.Ad-Hoc|x64.Build.0 = Release|x64
		{894CC3B1-BB61-4238-962E-E108C87A562D}.Ad-Hoc|x64.Deploy.0 = Release|x64
		{894CC3B1-BB61-4238-962E-E108C87A562D}.Ad-Hoc|x86.ActiveCfg = Release|x86
		{894CC3B1-BB61-4238-962E-E108C87A562D}.Ad-Hoc|x86.Build.0 = Release|x86
		{894CC3B1-BB61-4238-962E-E108C87A562D}.Ad-Hoc|x86.Deploy.0 = Release|x86
		{894CC3B1-BB61-4238-962E-E108C87A562D}.AppStore|Any CPU.ActiveCfg = Release|x86
		{894CC3B1-BB61-4238-962E-E108C87A562D}.AppStore|Any CPU.Build.0 = Release|x86
		{894CC3B1-BB61-4238-962E-E108C87A562D}.AppStore|Any CPU.Deploy.0 = Release|x86
		{894CC3B1-BB61-4238-962E-E108C87A562D}.AppStore|ARM.ActiveCfg = Release|ARM
		{894CC3B1-BB61-4238-962E-E108C87A562D}.AppStore|ARM.Build.0 = Release|ARM
		{894CC3B1-BB61-4238-962E-E108C87A562D}.AppStore|ARM.Deploy.0 = Release|ARM
		{894CC3B1-BB61-4238-962E-E108C87A562D}.AppStore|iPhone.ActiveCfg = Release|x86
		{894CC3B1-BB61-4238-962E-E108C87A562D}.AppStore|iPhone.Build.0 = Release|x86
		{894CC3B1-BB61-4238-962E-E108C87A562D}.AppStore|iPhone.Deploy.0 = Release|x86
		{894CC3B1-BB61-4238-962E-E108C87A562D}.AppStore|iPhoneSimulator.ActiveCfg = Release|x86
		{894CC3B1-BB61-4238-962E-E108C87A562D}.AppStore|iPhoneSimulator.Build.0 = Release|x86
		{894CC3B1-BB61-4238-962E-E108C87A562D}.AppStore|iPhoneSimulator.Deploy.0 = Release|x86
		{894CC3B1-BB61-4238-962E-E108C87A562D}.AppStore|x64.ActiveCfg = Release|x64
		{894CC3B1-BB61-4238-962E-E108C87A562D}.AppStore|x64.Build.0 = Release|x64
		{894CC3B1-BB61-4238-962E-E108C87A562D}.AppStore|x64.Deploy.0 = Release|x64
		{894CC3B1-BB61-4238-962E-E108C87A562D}.AppStore|x86.ActiveCfg = Release|x86
		{894CC3B1-BB61-4238-962E-E108C87A562D}.AppStore|x86.Build.0 = Release|x86
		{894CC3B1-BB61-4238-962E-E108C87A562D}.AppStore|x86.Deploy.0 = Release|x86
		{894CC3B1-BB61-4238-962E-E108C87A562D}.Debug|Any CPU.ActiveCfg = Debug|x86
		{894CC3B1-BB61-4238-962E-E108C87A562D}.Debug|ARM.ActiveCfg = Debug|ARM
		{894CC3B1-BB61-4238-962E-E108C87A562D}.Debug|ARM.Build.0 = Debug|ARM
		{894CC3B1-BB61-4238-962E-E108C87A562D}.Debug|ARM.Deploy.0 = Debug|ARM
		{894CC3B1-BB61-4238-962E-E108C87A562D}.Debug|iPhone.ActiveCfg = Debug|x86
		{894CC3B1-BB61-4238-962E-E108C87A562D}.Debug|iPhoneSimulator.ActiveCfg = Debug|x86
		{894CC3B1-BB61-4238-962E-E108C87A562D}.Debug|x64.ActiveCfg = Debug|x64
		{894CC3B1-BB61-4238-962E-E108C87A562D}.Debug|x64.Build.0 = Debug|x64
		{894CC3B1-BB61-4238-962E-E108C87A562D}.Debug|x64.Deploy.0 = Debug|x64
		{894CC3B1-BB61-4238-962E-E108C87A562D}.Debug|x86.ActiveCfg = Debug|x86
		{894CC3B1-BB61-4238-962E-E108C87A562D}.Debug|x86.Build.0 = Debug|x86
		{894CC3B1-BB61-4238-962E-E108C87A562D}.Debug|x86.Deploy.0 = Debug|x86
		{894CC3B1-BB61-4238-962E-E108C87A562D}.Release|Any CPU.ActiveCfg = Release|x86
		{894CC3B1-BB61-4238-962E-E108C87A562D}.Release|ARM.ActiveCfg = Release|ARM
		{894CC3B1-BB61-4238-962E-E108C87A562D}.Release|ARM.Build.0 = Release|ARM
		{894CC3B1-BB61-4238-962E-E108C87A562D}.Release|ARM.Deploy.0 = Release|ARM
		{894CC3B1-BB61-4238-962E-E108C87A562D}.Release|iPhone.ActiveCfg = Release|x86
		{894CC3B1-BB61-4238-962E-E108C87A562D}.Release|iPhoneSimulator.ActiveCfg = Release|x86
		{894CC3B1-BB61-4238-962E-E108C87A562D}.Release|x64.ActiveCfg = Release|x64
		{894CC3B1-BB61-4238-962E-E108C87A562D}.Release|x64.Build.0 = Release|x64
		{894CC3B1-BB61-4238-962E-E108C87A562D}.Release|x64.Deploy.0 = Release|x64
		{894CC3B1-BB61-4238-962E-E108C87A562D}.Release|x86.ActiveCfg = Release|x86
		{894CC3B1-BB61-4238-962E-E108C87A562D}.Release|x86.Build.0 = Release|x86
		{894CC3B1-BB61-4238-962E-E108C87A562D}.Release|x86.Deploy.0 = Release|x86
		{E577B96B-18D3-45AE-8D28-EB4D52F49CAF}.Ad-Hoc|Any CPU.ActiveCfg = Ad-Hoc|iPhoneSimulator
		{E577B96B-18D3-45AE-8D28-EB4D52F49CAF}.Ad-Hoc|ARM.ActiveCfg = Ad-Hoc|iPhone
		{E577B96B-18D3-45AE-8D28-EB4D52F49CAF}.Ad-Hoc|iPhone.ActiveCfg = Ad-Hoc|iPhone
		{E577B96B-18D3-45AE-8D28-EB4D52F49CAF}.Ad-Hoc|iPhone.Build.0 = Ad-Hoc|iPhone
		{E577B96B-18D3-45AE-8D28-EB4D52F49CAF}.Ad-Hoc|iPhoneSimulator.ActiveCfg = Ad-Hoc|iPhoneSimulator
		{E577B96B-18D3-45AE-8D28-EB4D52F49CAF}.Ad-Hoc|iPhoneSimulator.Build.0 = Ad-Hoc|iPhoneSimulator
		{E577B96B-18D3-45AE-8D28-EB4D52F49CAF}.Ad-Hoc|x64.ActiveCfg = Ad-Hoc|iPhone
		{E577B96B-18D3-45AE-8D28-EB4D52F49CAF}.Ad-Hoc|x86.ActiveCfg = Ad-Hoc|iPhone
		{E577B96B-18D3-45AE-8D28-EB4D52F49CAF}.AppStore|Any CPU.ActiveCfg = AppStore|iPhoneSimulator
		{E577B96B-18D3-45AE-8D28-EB4D52F49CAF}.AppStore|ARM.ActiveCfg = AppStore|iPhone
		{E577B96B-18D3-45AE-8D28-EB4D52F49CAF}.AppStore|iPhone.ActiveCfg = AppStore|iPhone
		{E577B96B-18D3-45AE-8D28-EB4D52F49CAF}.AppStore|iPhone.Build.0 = AppStore|iPhone
		{E577B96B-18D3-45AE-8D28-EB4D52F49CAF}.AppStore|iPhoneSimulator.ActiveCfg = AppStore|iPhoneSimulator
		{E577B96B-18D3-45AE-8D28-EB4D52F49CAF}.AppStore|iPhoneSimulator.Build.0 = AppStore|iPhoneSimulator
		{E577B96B-18D3-45AE-8D28-EB4D52F49CAF}.AppStore|x64.ActiveCfg = AppStore|iPhone
		{E577B96B-18D3-45AE-8D28-EB4D52F49CAF}.AppStore|x86.ActiveCfg = AppStore|iPhone
		{E577B96B-18D3-45AE-8D28-EB4D52F49CAF}.Debug|Any CPU.ActiveCfg = Debug|iPhoneSimulator
		{E577B96B-18D3-45AE-8D28-EB4D52F49CAF}.Debug|ARM.ActiveCfg = Debug|iPhone
		{E577B96B-18D3-45AE-8D28-EB4D52F49CAF}.Debug|iPhone.ActiveCfg = Debug|iPhone
		{E577B96B-18D3-45AE-8D28-EB4D52F49CAF}.Debug|iPhone.Build.0 = Debug|iPhone
		{E577B96B-18D3-45AE-8D28-EB4D52F49CAF}.Debug|iPhoneSimulator.ActiveCfg = Debug|iPhoneSimulator
		{E577B96B-18D3-45AE-8D28-EB4D52F49CAF}.Debug|iPhoneSimulator.Build.0 = Debug|iPhoneSimulator
		{E577B96B-18D3-45AE-8D28-EB4D52F49CAF}.Debug|x64.ActiveCfg = Debug|iPhone
		{E577B96B-18D3-45AE-8D28-EB4D52F49CAF}.Debug|x86.ActiveCfg = Debug|iPhone
		{E577B96B-18D3-45AE-8D28-EB4D52F49CAF}.Release|Any CPU.ActiveCfg = Release|iPhoneSimulator
		{E577B96B-18D3-45AE-8D28-EB4D52F49CAF}.Release|ARM.ActiveCfg = Release|iPhone
		{E577B96B-18D3-45AE-8D28-EB4D52F49CAF}.Release|iPhone.ActiveCfg = Release|iPhone
		{E577B96B-18D3-45AE-8D28-EB4D52F49CAF}.Release|iPhone.Build.0 = Release|iPhone
		{E577B96B-18D3-45AE-8D28-EB4D52F49CAF}.Release|iPhoneSimulator.ActiveCfg = Release|iPhoneSimulator
		{E577B96B-18D3-45AE-8D28-EB4D52F49CAF}.Release|iPhoneSimulator.Build.0 = Release|iPhoneSimulator
		{E577B96B-18D3-45AE-8D28-EB4D52F49CAF}.Release|x64.ActiveCfg = Release|iPhone
		{E577B96B-18D3-45AE-8D28-EB4D52F49CAF}.Release|x86.ActiveCfg = Release|iPhone
	EndGlobalSection
	GlobalSection(SolutionProperties) = preSolution
		HideSolutionNode = FALSE
	EndGlobalSection
	GlobalSection(ExtensibilityGlobals) = postSolution
		SolutionGuid = {E6805F27-469B-4DE8-A275-5CF72D79E675}
	EndGlobalSection
EndGlobal
