
Microsoft Visual Studio Solution File, Format Version 12.00
# Visual Studio 15
VisualStudioVersion = 15.0.27004.2009
MinimumVisualStudioVersion = 10.0.40219.1
Project("{FAE04EC0-301F-11D3-BF4B-00C04F79EFBC}") = "_07ColorBlocks.Android", "07ColorBlocks\_07ColorBlocks.Android\_07ColorBlocks.Android.csproj", "{658CD2A7-2D56-4230-B31D-0450F9EA3077}"
EndProject
Project("{FAE04EC0-301F-11D3-BF4B-00C04F79EFBC}") = "_07ColorBlocks", "07ColorBlocks\_07ColorBlocks\_07ColorBlocks.csproj", "{23F01E43-E448-4A7E-AFE3-A4687F99BBCD}"
EndProject
Project("{FAE04EC0-301F-11D3-BF4B-00C04F79EFBC}") = "_07ColorBlocks.UWP", "07ColorBlocks\_07ColorBlocks.UWP\_07ColorBlocks.UWP.csproj", "{2C5A97EB-0A60-473B-8A7C-4857C455C319}"
EndProject
Global
	GlobalSection(SolutionConfigurationPlatforms) = preSolution
		Ad-Hoc|Any CPU = Ad-Hoc|Any CPU
		Ad-Hoc|ARM = Ad-Hoc|ARM
		Ad-Hoc|iPhone = Ad-Hoc|iPhone
		Ad-Hoc|iPhoneSimulator = Ad-Hoc|iPhoneSimulator
		Ad-Hoc|x64 = Ad-Hoc|x64
		Ad-Hoc|x86 = Ad-Hoc|x86
		AppStore|Any CPU = AppStore|Any CPU
		AppStore|ARM = AppStore|ARM
		AppStore|iPhone = AppStore|iPhone
		AppStore|iPhoneSimulator = AppStore|iPhoneSimulator
		AppStore|x64 = AppStore|x64
		AppStore|x86 = AppStore|x86
		Debug|Any CPU = Debug|Any CPU
		Debug|ARM = Debug|ARM
		Debug|iPhone = Debug|iPhone
		Debug|iPhoneSimulator = Debug|iPhoneSimulator
		Debug|x64 = Debug|x64
		Debug|x86 = Debug|x86
		Release|Any CPU = Release|Any CPU
		Release|ARM = Release|ARM
		Release|iPhone = Release|iPhone
		Release|iPhoneSimulator = Release|iPhoneSimulator
		Release|x64 = Release|x64
		Release|x86 = Release|x86
	EndGlobalSection
	GlobalSection(ProjectConfigurationPlatforms) = postSolution
		{658CD2A7-2D56-4230-B31D-0450F9EA3077}.Ad-Hoc|Any CPU.ActiveCfg = Release|Any CPU
		{658CD2A7-2D56-4230-B31D-0450F9EA3077}.Ad-Hoc|Any CPU.Build.0 = Release|Any CPU
		{658CD2A7-2D56-4230-B31D-0450F9EA3077}.Ad-Hoc|Any CPU.Deploy.0 = Release|Any CPU
		{658CD2A7-2D56-4230-B31D-0450F9EA3077}.Ad-Hoc|ARM.ActiveCfg = Release|Any CPU
		{658CD2A7-2D56-4230-B31D-0450F9EA3077}.Ad-Hoc|ARM.Build.0 = Release|Any CPU
		{658CD2A7-2D56-4230-B31D-0450F9EA3077}.Ad-Hoc|ARM.Deploy.0 = Release|Any CPU
		{658CD2A7-2D56-4230-B31D-0450F9EA3077}.Ad-Hoc|iPhone.ActiveCfg = Release|Any CPU
		{658CD2A7-2D56-4230-B31D-0450F9EA3077}.Ad-Hoc|iPhone.Build.0 = Release|Any CPU
		{658CD2A7-2D56-4230-B31D-0450F9EA3077}.Ad-Hoc|iPhone.Deploy.0 = Release|Any CPU
		{658CD2A7-2D56-4230-B31D-0450F9EA3077}.Ad-Hoc|iPhoneSimulator.ActiveCfg = Release|Any CPU
		{658CD2A7-2D56-4230-B31D-0450F9EA3077}.Ad-Hoc|iPhoneSimulator.Build.0 = Release|Any CPU
		{658CD2A7-2D56-4230-B31D-0450F9EA3077}.Ad-Hoc|iPhoneSimulator.Deploy.0 = Release|Any CPU
		{658CD2A7-2D56-4230-B31D-0450F9EA3077}.Ad-Hoc|x64.ActiveCfg = Release|Any CPU
		{658CD2A7-2D56-4230-B31D-0450F9EA3077}.Ad-Hoc|x64.Build.0 = Release|Any CPU
		{658CD2A7-2D56-4230-B31D-0450F9EA3077}.Ad-Hoc|x64.Deploy.0 = Release|Any CPU
		{658CD2A7-2D56-4230-B31D-0450F9EA3077}.Ad-Hoc|x86.ActiveCfg = Release|Any CPU
		{658CD2A7-2D56-4230-B31D-0450F9EA3077}.Ad-Hoc|x86.Build.0 = Release|Any CPU
		{658CD2A7-2D56-4230-B31D-0450F9EA3077}.Ad-Hoc|x86.Deploy.0 = Release|Any CPU
		{658CD2A7-2D56-4230-B31D-0450F9EA3077}.AppStore|Any CPU.ActiveCfg = Release|Any CPU
		{658CD2A7-2D56-4230-B31D-0450F9EA3077}.AppStore|Any CPU.Build.0 = Release|Any CPU
		{658CD2A7-2D56-4230-B31D-0450F9EA3077}.AppStore|Any CPU.Deploy.0 = Release|Any CPU
		{658CD2A7-2D56-4230-B31D-0450F9EA3077}.AppStore|ARM.ActiveCfg = Release|Any CPU
		{658CD2A7-2D56-4230-B31D-0450F9EA3077}.AppStore|ARM.Build.0 = Release|Any CPU
		{658CD2A7-2D56-4230-B31D-0450F9EA3077}.AppStore|ARM.Deploy.0 = Release|Any CPU
		{658CD2A7-2D56-4230-B31D-0450F9EA3077}.AppStore|iPhone.ActiveCfg = Release|Any CPU
		{658CD2A7-2D56-4230-B31D-0450F9EA3077}.AppStore|iPhone.Build.0 = Release|Any CPU
		{658CD2A7-2D56-4230-B31D-0450F9EA3077}.AppStore|iPhone.Deploy.0 = Release|Any CPU
		{658CD2A7-2D56-4230-B31D-0450F9EA3077}.AppStore|iPhoneSimulator.ActiveCfg = Release|Any CPU
		{658CD2A7-2D56-4230-B31D-0450F9EA3077}.AppStore|iPhoneSimulator.Build.0 = Release|Any CPU
		{658CD2A7-2D56-4230-B31D-0450F9EA3077}.AppStore|iPhoneSimulator.Deploy.0 = Release|Any CPU
		{658CD2A7-2D56-4230-B31D-0450F9EA3077}.AppStore|x64.ActiveCfg = Release|Any CPU
		{658CD2A7-2D56-4230-B31D-0450F9EA3077}.AppStore|x64.Build.0 = Release|Any CPU
		{658CD2A7-2D56-4230-B31D-0450F9EA3077}.AppStore|x64.Deploy.0 = Release|Any CPU
		{658CD2A7-2D56-4230-B31D-0450F9EA3077}.AppStore|x86.ActiveCfg = Release|Any CPU
		{658CD2A7-2D56-4230-B31D-0450F9EA3077}.AppStore|x86.Build.0 = Release|Any CPU
		{658CD2A7-2D56-4230-B31D-0450F9EA3077}.AppStore|x86.Deploy.0 = Release|Any CPU
		{658CD2A7-2D56-4230-B31D-0450F9EA3077}.Debug|Any CPU.ActiveCfg = Debug|Any CPU
		{658CD2A7-2D56-4230-B31D-0450F9EA3077}.Debug|Any CPU.Build.0 = Debug|Any CPU
		{658CD2A7-2D56-4230-B31D-0450F9EA3077}.Debug|Any CPU.Deploy.0 = Debug|Any CPU
		{658CD2A7-2D56-4230-B31D-0450F9EA3077}.Debug|ARM.ActiveCfg = Debug|Any CPU
		{658CD2A7-2D56-4230-B31D-0450F9EA3077}.Debug|ARM.Build.0 = Debug|Any CPU
		{658CD2A7-2D56-4230-B31D-0450F9EA3077}.Debug|ARM.Deploy.0 = Debug|Any CPU
		{658CD2A7-2D56-4230-B31D-0450F9EA3077}.Debug|iPhone.ActiveCfg = Debug|Any CPU
		{658CD2A7-2D56-4230-B31D-0450F9EA3077}.Debug|iPhone.Build.0 = Debug|Any CPU
		{658CD2A7-2D56-4230-B31D-0450F9EA3077}.Debug|iPhone.Deploy.0 = Debug|Any CPU
		{658CD2A7-2D56-4230-B31D-0450F9EA3077}.Debug|iPhoneSimulator.ActiveCfg = Debug|Any CPU
		{658CD2A7-2D56-4230-B31D-0450F9EA3077}.Debug|iPhoneSimulator.Build.0 = Debug|Any CPU
		{658CD2A7-2D56-4230-B31D-0450F9EA3077}.Debug|iPhoneSimulator.Deploy.0 = Debug|Any CPU
		{658CD2A7-2D56-4230-B31D-0450F9EA3077}.Debug|x64.ActiveCfg = Debug|Any CPU
		{658CD2A7-2D56-4230-B31D-0450F9EA3077}.Debug|x64.Build.0 = Debug|Any CPU
		{658CD2A7-2D56-4230-B31D-0450F9EA3077}.Debug|x64.Deploy.0 = Debug|Any CPU
		{658CD2A7-2D56-4230-B31D-0450F9EA3077}.Debug|x86.ActiveCfg = Debug|Any CPU
		{658CD2A7-2D56-4230-B31D-0450F9EA3077}.Debug|x86.Build.0 = Debug|Any CPU
		{658CD2A7-2D56-4230-B31D-0450F9EA3077}.Debug|x86.Deploy.0 = Debug|Any CPU
		{658CD2A7-2D56-4230-B31D-0450F9EA3077}.Release|Any CPU.ActiveCfg = Release|Any CPU
		{658CD2A7-2D56-4230-B31D-0450F9EA3077}.Release|Any CPU.Build.0 = Release|Any CPU
		{658CD2A7-2D56-4230-B31D-0450F9EA3077}.Release|Any CPU.Deploy.0 = Release|Any CPU
		{658CD2A7-2D56-4230-B31D-0450F9EA3077}.Release|ARM.ActiveCfg = Release|Any CPU
		{658CD2A7-2D56-4230-B31D-0450F9EA3077}.Release|ARM.Build.0 = Release|Any CPU
		{658CD2A7-2D56-4230-B31D-0450F9EA3077}.Release|ARM.Deploy.0 = Release|Any CPU
		{658CD2A7-2D56-4230-B31D-0450F9EA3077}.Release|iPhone.ActiveCfg = Release|Any CPU
		{658CD2A7-2D56-4230-B31D-0450F9EA3077}.Release|iPhone.Build.0 = Release|Any CPU
		{658CD2A7-2D56-4230-B31D-0450F9EA3077}.Release|iPhone.Deploy.0 = Release|Any CPU
		{658CD2A7-2D56-4230-B31D-0450F9EA3077}.Release|iPhoneSimulator.ActiveCfg = Release|Any CPU
		{658CD2A7-2D56-4230-B31D-0450F9EA3077}.Release|iPhoneSimulator.Build.0 = Release|Any CPU
		{658CD2A7-2D56-4230-B31D-0450F9EA3077}.Release|iPhoneSimulator.Deploy.0 = Release|Any CPU
		{658CD2A7-2D56-4230-B31D-0450F9EA3077}.Release|x64.ActiveCfg = Release|Any CPU
		{658CD2A7-2D56-4230-B31D-0450F9EA3077}.Release|x64.Build.0 = Release|Any CPU
		{658CD2A7-2D56-4230-B31D-0450F9EA3077}.Release|x64.Deploy.0 = Release|Any CPU
		{658CD2A7-2D56-4230-B31D-0450F9EA3077}.Release|x86.ActiveCfg = Release|Any CPU
		{658CD2A7-2D56-4230-B31D-0450F9EA3077}.Release|x86.Build.0 = Release|Any CPU
		{658CD2A7-2D56-4230-B31D-0450F9EA3077}.Release|x86.Deploy.0 = Release|Any CPU
		{23F01E43-E448-4A7E-AFE3-A4687F99BBCD}.Ad-Hoc|Any CPU.ActiveCfg = Release|Any CPU
		{23F01E43-E448-4A7E-AFE3-A4687F99BBCD}.Ad-Hoc|Any CPU.Build.0 = Release|Any CPU
		{23F01E43-E448-4A7E-AFE3-A4687F99BBCD}.Ad-Hoc|ARM.ActiveCfg = Release|Any CPU
		{23F01E43-E448-4A7E-AFE3-A4687F99BBCD}.Ad-Hoc|ARM.Build.0 = Release|Any CPU
		{23F01E43-E448-4A7E-AFE3-A4687F99BBCD}.Ad-Hoc|iPhone.ActiveCfg = Release|Any CPU
		{23F01E43-E448-4A7E-AFE3-A4687F99BBCD}.Ad-Hoc|iPhone.Build.0 = Release|Any CPU
		{23F01E43-E448-4A7E-AFE3-A4687F99BBCD}.Ad-Hoc|iPhoneSimulator.ActiveCfg = Release|Any CPU
		{23F01E43-E448-4A7E-AFE3-A4687F99BBCD}.Ad-Hoc|iPhoneSimulator.Build.0 = Release|Any CPU
		{23F01E43-E448-4A7E-AFE3-A4687F99BBCD}.Ad-Hoc|x64.ActiveCfg = Release|Any CPU
		{23F01E43-E448-4A7E-AFE3-A4687F99BBCD}.Ad-Hoc|x64.Build.0 = Release|Any CPU
		{23F01E43-E448-4A7E-AFE3-A4687F99BBCD}.Ad-Hoc|x86.ActiveCfg = Release|Any CPU
		{23F01E43-E448-4A7E-AFE3-A4687F99BBCD}.Ad-Hoc|x86.Build.0 = Release|Any CPU
		{23F01E43-E448-4A7E-AFE3-A4687F99BBCD}.AppStore|Any CPU.ActiveCfg = Release|Any CPU
		{23F01E43-E448-4A7E-AFE3-A4687F99BBCD}.AppStore|Any CPU.Build.0 = Release|Any CPU
		{23F01E43-E448-4A7E-AFE3-A4687F99BBCD}.AppStore|ARM.ActiveCfg = Release|Any CPU
		{23F01E43-E448-4A7E-AFE3-A4687F99BBCD}.AppStore|ARM.Build.0 = Release|Any CPU
		{23F01E43-E448-4A7E-AFE3-A4687F99BBCD}.AppStore|iPhone.ActiveCfg = Release|Any CPU
		{23F01E43-E448-4A7E-AFE3-A4687F99BBCD}.AppStore|iPhone.Build.0 = Release|Any CPU
		{23F01E43-E448-4A7E-AFE3-A4687F99BBCD}.AppStore|iPhoneSimulator.ActiveCfg = Release|Any CPU
		{23F01E43-E448-4A7E-AFE3-A4687F99BBCD}.AppStore|iPhoneSimulator.Build.0 = Release|Any CPU
		{23F01E43-E448-4A7E-AFE3-A4687F99BBCD}.AppStore|x64.ActiveCfg = Release|Any CPU
		{23F01E43-E448-4A7E-AFE3-A4687F99BBCD}.AppStore|x64.Build.0 = Release|Any CPU
		{23F01E43-E448-4A7E-AFE3-A4687F99BBCD}.AppStore|x86.ActiveCfg = Release|Any CPU
		{23F01E43-E448-4A7E-AFE3-A4687F99BBCD}.AppStore|x86.Build.0 = Release|Any CPU
		{23F01E43-E448-4A7E-AFE3-A4687F99BBCD}.Debug|Any CPU.ActiveCfg = Debug|Any CPU
		{23F01E43-E448-4A7E-AFE3-A4687F99BBCD}.Debug|Any CPU.Build.0 = Debug|Any CPU
		{23F01E43-E448-4A7E-AFE3-A4687F99BBCD}.Debug|ARM.ActiveCfg = Debug|Any CPU
		{23F01E43-E448-4A7E-AFE3-A4687F99BBCD}.Debug|ARM.Build.0 = Debug|Any CPU
		{23F01E43-E448-4A7E-AFE3-A4687F99BBCD}.Debug|iPhone.ActiveCfg = Debug|Any CPU
		{23F01E43-E448-4A7E-AFE3-A4687F99BBCD}.Debug|iPhone.Build.0 = Debug|Any CPU
		{23F01E43-E448-4A7E-AFE3-A4687F99BBCD}.Debug|iPhoneSimulator.ActiveCfg = Debug|Any CPU
		{23F01E43-E448-4A7E-AFE3-A4687F99BBCD}.Debug|iPhoneSimulator.Build.0 = Debug|Any CPU
		{23F01E43-E448-4A7E-AFE3-A4687F99BBCD}.Debug|x64.ActiveCfg = Debug|Any CPU
		{23F01E43-E448-4A7E-AFE3-A4687F99BBCD}.Debug|x64.Build.0 = Debug|Any CPU
		{23F01E43-E448-4A7E-AFE3-A4687F99BBCD}.Debug|x86.ActiveCfg = Debug|Any CPU
		{23F01E43-E448-4A7E-AFE3-A4687F99BBCD}.Debug|x86.Build.0 = Debug|Any CPU
		{23F01E43-E448-4A7E-AFE3-A4687F99BBCD}.Release|Any CPU.ActiveCfg = Release|Any CPU
		{23F01E43-E448-4A7E-AFE3-A4687F99BBCD}.Release|Any CPU.Build.0 = Release|Any CPU
		{23F01E43-E448-4A7E-AFE3-A4687F99BBCD}.Release|ARM.ActiveCfg = Release|Any CPU
		{23F01E43-E448-4A7E-AFE3-A4687F99BBCD}.Release|ARM.Build.0 = Release|Any CPU
		{23F01E43-E448-4A7E-AFE3-A4687F99BBCD}.Release|iPhone.ActiveCfg = Release|Any CPU
		{23F01E43-E448-4A7E-AFE3-A4687F99BBCD}.Release|iPhone.Build.0 = Release|Any CPU
		{23F01E43-E448-4A7E-AFE3-A4687F99BBCD}.Release|iPhoneSimulator.ActiveCfg = Release|Any CPU
		{23F01E43-E448-4A7E-AFE3-A4687F99BBCD}.Release|iPhoneSimulator.Build.0 = Release|Any CPU
		{23F01E43-E448-4A7E-AFE3-A4687F99BBCD}.Release|x64.ActiveCfg = Release|Any CPU
		{23F01E43-E448-4A7E-AFE3-A4687F99BBCD}.Release|x64.Build.0 = Release|Any CPU
		{23F01E43-E448-4A7E-AFE3-A4687F99BBCD}.Release|x86.ActiveCfg = Release|Any CPU
		{23F01E43-E448-4A7E-AFE3-A4687F99BBCD}.Release|x86.Build.0 = Release|Any CPU
		{2C5A97EB-0A60-473B-8A7C-4857C455C319}.Ad-Hoc|Any CPU.ActiveCfg = Release|x86
		{2C5A97EB-0A60-473B-8A7C-4857C455C319}.Ad-Hoc|Any CPU.Build.0 = Release|x86
		{2C5A97EB-0A60-473B-8A7C-4857C455C319}.Ad-Hoc|Any CPU.Deploy.0 = Release|x86
		{2C5A97EB-0A60-473B-8A7C-4857C455C319}.Ad-Hoc|ARM.ActiveCfg = Release|ARM
		{2C5A97EB-0A60-473B-8A7C-4857C455C319}.Ad-Hoc|ARM.Build.0 = Release|ARM
		{2C5A97EB-0A60-473B-8A7C-4857C455C319}.Ad-Hoc|ARM.Deploy.0 = Release|ARM
		{2C5A97EB-0A60-473B-8A7C-4857C455C319}.Ad-Hoc|iPhone.ActiveCfg = Release|x86
		{2C5A97EB-0A60-473B-8A7C-4857C455C319}.Ad-Hoc|iPhone.Build.0 = Release|x86
		{2C5A97EB-0A60-473B-8A7C-4857C455C319}.Ad-Hoc|iPhone.Deploy.0 = Release|x86
		{2C5A97EB-0A60-473B-8A7C-4857C455C319}.Ad-Hoc|iPhoneSimulator.ActiveCfg = Release|x86
		{2C5A97EB-0A60-473B-8A7C-4857C455C319}.Ad-Hoc|iPhoneSimulator.Build.0 = Release|x86
		{2C5A97EB-0A60-473B-8A7C-4857C455C319}.Ad-Hoc|iPhoneSimulator.Deploy.0 = Release|x86
		{2C5A97EB-0A60-473B-8A7C-4857C455C319}.Ad-Hoc|x64.ActiveCfg = Release|x64
		{2C5A97EB-0A60-473B-8A7C-4857C455C319}.Ad-Hoc|x64.Build.0 = Release|x64
		{2C5A97EB-0A60-473B-8A7C-4857C455C319}.Ad-Hoc|x64.Deploy.0 = Release|x64
		{2C5A97EB-0A60-473B-8A7C-4857C455C319}.Ad-Hoc|x86.ActiveCfg = Release|x86
		{2C5A97EB-0A60-473B-8A7C-4857C455C319}.Ad-Hoc|x86.Build.0 = Release|x86
		{2C5A97EB-0A60-473B-8A7C-4857C455C319}.Ad-Hoc|x86.Deploy.0 = Release|x86
		{2C5A97EB-0A60-473B-8A7C-4857C455C319}.AppStore|Any CPU.ActiveCfg = Release|x86
		{2C5A97EB-0A60-473B-8A7C-4857C455C319}.AppStore|Any CPU.Build.0 = Release|x86
		{2C5A97EB-0A60-473B-8A7C-4857C455C319}.AppStore|Any CPU.Deploy.0 = Release|x86
		{2C5A97EB-0A60-473B-8A7C-4857C455C319}.AppStore|ARM.ActiveCfg = Release|ARM
		{2C5A97EB-0A60-473B-8A7C-4857C455C319}.AppStore|ARM.Build.0 = Release|ARM
		{2C5A97EB-0A60-473B-8A7C-4857C455C319}.AppStore|ARM.Deploy.0 = Release|ARM
		{2C5A97EB-0A60-473B-8A7C-4857C455C319}.AppStore|iPhone.ActiveCfg = Release|x86
		{2C5A97EB-0A60-473B-8A7C-4857C455C319}.AppStore|iPhone.Build.0 = Release|x86
		{2C5A97EB-0A60-473B-8A7C-4857C455C319}.AppStore|iPhone.Deploy.0 = Release|x86
		{2C5A97EB-0A60-473B-8A7C-4857C455C319}.AppStore|iPhoneSimulator.ActiveCfg = Release|x86
		{2C5A97EB-0A60-473B-8A7C-4857C455C319}.AppStore|iPhoneSimulator.Build.0 = Release|x86
		{2C5A97EB-0A60-473B-8A7C-4857C455C319}.AppStore|iPhoneSimulator.Deploy.0 = Release|x86
		{2C5A97EB-0A60-473B-8A7C-4857C455C319}.AppStore|x64.ActiveCfg = Release|x64
		{2C5A97EB-0A60-473B-8A7C-4857C455C319}.AppStore|x64.Build.0 = Release|x64
		{2C5A97EB-0A60-473B-8A7C-4857C455C319}.AppStore|x64.Deploy.0 = Release|x64
		{2C5A97EB-0A60-473B-8A7C-4857C455C319}.AppStore|x86.ActiveCfg = Release|x86
		{2C5A97EB-0A60-473B-8A7C-4857C455C319}.AppStore|x86.Build.0 = Release|x86
		{2C5A97EB-0A60-473B-8A7C-4857C455C319}.AppStore|x86.Deploy.0 = Release|x86
		{2C5A97EB-0A60-473B-8A7C-4857C455C319}.Debug|Any CPU.ActiveCfg = Debug|x86
		{2C5A97EB-0A60-473B-8A7C-4857C455C319}.Debug|ARM.ActiveCfg = Debug|ARM
		{2C5A97EB-0A60-473B-8A7C-4857C455C319}.Debug|ARM.Build.0 = Debug|ARM
		{2C5A97EB-0A60-473B-8A7C-4857C455C319}.Debug|ARM.Deploy.0 = Debug|ARM
		{2C5A97EB-0A60-473B-8A7C-4857C455C319}.Debug|iPhone.ActiveCfg = Debug|x86
		{2C5A97EB-0A60-473B-8A7C-4857C455C319}.Debug|iPhoneSimulator.ActiveCfg = Debug|x86
		{2C5A97EB-0A60-473B-8A7C-4857C455C319}.Debug|x64.ActiveCfg = Debug|x64
		{2C5A97EB-0A60-473B-8A7C-4857C455C319}.Debug|x64.Build.0 = Debug|x64
		{2C5A97EB-0A60-473B-8A7C-4857C455C319}.Debug|x64.Deploy.0 = Debug|x64
		{2C5A97EB-0A60-473B-8A7C-4857C455C319}.Debug|x86.ActiveCfg = Debug|x86
		{2C5A97EB-0A60-473B-8A7C-4857C455C319}.Debug|x86.Build.0 = Debug|x86
		{2C5A97EB-0A60-473B-8A7C-4857C455C319}.Debug|x86.Deploy.0 = Debug|x86
		{2C5A97EB-0A60-473B-8A7C-4857C455C319}.Release|Any CPU.ActiveCfg = Release|x86
		{2C5A97EB-0A60-473B-8A7C-4857C455C319}.Release|ARM.ActiveCfg = Release|ARM
		{2C5A97EB-0A60-473B-8A7C-4857C455C319}.Release|ARM.Build.0 = Release|ARM
		{2C5A97EB-0A60-473B-8A7C-4857C455C319}.Release|ARM.Deploy.0 = Release|ARM
		{2C5A97EB-0A60-473B-8A7C-4857C455C319}.Release|iPhone.ActiveCfg = Release|x86
		{2C5A97EB-0A60-473B-8A7C-4857C455C319}.Release|iPhoneSimulator.ActiveCfg = Release|x86
		{2C5A97EB-0A60-473B-8A7C-4857C455C319}.Release|x64.ActiveCfg = Release|x64
		{2C5A97EB-0A60-473B-8A7C-4857C455C319}.Release|x64.Build.0 = Release|x64
		{2C5A97EB-0A60-473B-8A7C-4857C455C319}.Release|x64.Deploy.0 = Release|x64
		{2C5A97EB-0A60-473B-8A7C-4857C455C319}.Release|x86.ActiveCfg = Release|x86
		{2C5A97EB-0A60-473B-8A7C-4857C455C319}.Release|x86.Build.0 = Release|x86
		{2C5A97EB-0A60-473B-8A7C-4857C455C319}.Release|x86.Deploy.0 = Release|x86
	EndGlobalSection
	GlobalSection(SolutionProperties) = preSolution
		HideSolutionNode = FALSE
	EndGlobalSection
	GlobalSection(ExtensibilityGlobals) = postSolution
		SolutionGuid = {5CF131B1-03A4-4686-94E3-ED52472E7554}
	EndGlobalSection
EndGlobal
