
Microsoft Visual Studio Solution File, Format Version 12.00
# Visual Studio 15
VisualStudioVersion = 15.0.27004.2010
MinimumVisualStudioVersion = 10.0.40219.1
Project("{FAE04EC0-301F-11D3-BF4B-00C04F79EFBC}") = "_17AnonymousEvent.Android", "17AnonymousEvent\_17AnonymousEvent.Android\_17AnonymousEvent.Android.csproj", "{F876EF1C-3C18-4FAE-BAF7-0BE1856697DF}"
EndProject
Project("{FAE04EC0-301F-11D3-BF4B-00C04F79EFBC}") = "_17AnonymousEvent", "17AnonymousEvent\_17AnonymousEvent\_17AnonymousEvent.csproj", "{82277E3C-197B-4162-9745-F28840EB649B}"
EndProject
Project("{FAE04EC0-301F-11D3-BF4B-00C04F79EFBC}") = "_17AnonymousEvent.UWP", "17AnonymousEvent\_17AnonymousEvent.UWP\_17AnonymousEvent.UWP.csproj", "{D534DA24-22AF-4C6C-BAD0-C4A53FA08F34}"
EndProject
Global
	GlobalSection(SolutionConfigurationPlatforms) = preSolution
		Ad-Hoc|Any CPU = Ad-Hoc|Any CPU
		Ad-Hoc|ARM = Ad-Hoc|ARM
		Ad-Hoc|iPhone = Ad-Hoc|iPhone
		Ad-Hoc|iPhoneSimulator = Ad-Hoc|iPhoneSimulator
		Ad-Hoc|x64 = Ad-Hoc|x64
		Ad-Hoc|x86 = Ad-Hoc|x86
		AppStore|Any CPU = AppStore|Any CPU
		AppStore|ARM = AppStore|ARM
		AppStore|iPhone = AppStore|iPhone
		AppStore|iPhoneSimulator = AppStore|iPhoneSimulator
		AppStore|x64 = AppStore|x64
		AppStore|x86 = AppStore|x86
		Debug|Any CPU = Debug|Any CPU
		Debug|ARM = Debug|ARM
		Debug|iPhone = Debug|iPhone
		Debug|iPhoneSimulator = Debug|iPhoneSimulator
		Debug|x64 = Debug|x64
		Debug|x86 = Debug|x86
		Release|Any CPU = Release|Any CPU
		Release|ARM = Release|ARM
		Release|iPhone = Release|iPhone
		Release|iPhoneSimulator = Release|iPhoneSimulator
		Release|x64 = Release|x64
		Release|x86 = Release|x86
	EndGlobalSection
	GlobalSection(ProjectConfigurationPlatforms) = postSolution
		{F876EF1C-3C18-4FAE-BAF7-0BE1856697DF}.Ad-Hoc|Any CPU.ActiveCfg = Release|Any CPU
		{F876EF1C-3C18-4FAE-BAF7-0BE1856697DF}.Ad-Hoc|Any CPU.Build.0 = Release|Any CPU
		{F876EF1C-3C18-4FAE-BAF7-0BE1856697DF}.Ad-Hoc|Any CPU.Deploy.0 = Release|Any CPU
		{F876EF1C-3C18-4FAE-BAF7-0BE1856697DF}.Ad-Hoc|ARM.ActiveCfg = Release|Any CPU
		{F876EF1C-3C18-4FAE-BAF7-0BE1856697DF}.Ad-Hoc|ARM.Build.0 = Release|Any CPU
		{F876EF1C-3C18-4FAE-BAF7-0BE1856697DF}.Ad-Hoc|ARM.Deploy.0 = Release|Any CPU
		{F876EF1C-3C18-4FAE-BAF7-0BE1856697DF}.Ad-Hoc|iPhone.ActiveCfg = Release|Any CPU
		{F876EF1C-3C18-4FAE-BAF7-0BE1856697DF}.Ad-Hoc|iPhone.Build.0 = Release|Any CPU
		{F876EF1C-3C18-4FAE-BAF7-0BE1856697DF}.Ad-Hoc|iPhone.Deploy.0 = Release|Any CPU
		{F876EF1C-3C18-4FAE-BAF7-0BE1856697DF}.Ad-Hoc|iPhoneSimulator.ActiveCfg = Release|Any CPU
		{F876EF1C-3C18-4FAE-BAF7-0BE1856697DF}.Ad-Hoc|iPhoneSimulator.Build.0 = Release|Any CPU
		{F876EF1C-3C18-4FAE-BAF7-0BE1856697DF}.Ad-Hoc|iPhoneSimulator.Deploy.0 = Release|Any CPU
		{F876EF1C-3C18-4FAE-BAF7-0BE1856697DF}.Ad-Hoc|x64.ActiveCfg = Release|Any CPU
		{F876EF1C-3C18-4FAE-BAF7-0BE1856697DF}.Ad-Hoc|x64.Build.0 = Release|Any CPU
		{F876EF1C-3C18-4FAE-BAF7-0BE1856697DF}.Ad-Hoc|x64.Deploy.0 = Release|Any CPU
		{F876EF1C-3C18-4FAE-BAF7-0BE1856697DF}.Ad-Hoc|x86.ActiveCfg = Release|Any CPU
		{F876EF1C-3C18-4FAE-BAF7-0BE1856697DF}.Ad-Hoc|x86.Build.0 = Release|Any CPU
		{F876EF1C-3C18-4FAE-BAF7-0BE1856697DF}.Ad-Hoc|x86.Deploy.0 = Release|Any CPU
		{F876EF1C-3C18-4FAE-BAF7-0BE1856697DF}.AppStore|Any CPU.ActiveCfg = Release|Any CPU
		{F876EF1C-3C18-4FAE-BAF7-0BE1856697DF}.AppStore|Any CPU.Build.0 = Release|Any CPU
		{F876EF1C-3C18-4FAE-BAF7-0BE1856697DF}.AppStore|Any CPU.Deploy.0 = Release|Any CPU
		{F876EF1C-3C18-4FAE-BAF7-0BE1856697DF}.AppStore|ARM.ActiveCfg = Release|Any CPU
		{F876EF1C-3C18-4FAE-BAF7-0BE1856697DF}.AppStore|ARM.Build.0 = Release|Any CPU
		{F876EF1C-3C18-4FAE-BAF7-0BE1856697DF}.AppStore|ARM.Deploy.0 = Release|Any CPU
		{F876EF1C-3C18-4FAE-BAF7-0BE1856697DF}.AppStore|iPhone.ActiveCfg = Release|Any CPU
		{F876EF1C-3C18-4FAE-BAF7-0BE1856697DF}.AppStore|iPhone.Build.0 = Release|Any CPU
		{F876EF1C-3C18-4FAE-BAF7-0BE1856697DF}.AppStore|iPhone.Deploy.0 = Release|Any CPU
		{F876EF1C-3C18-4FAE-BAF7-0BE1856697DF}.AppStore|iPhoneSimulator.ActiveCfg = Release|Any CPU
		{F876EF1C-3C18-4FAE-BAF7-0BE1856697DF}.AppStore|iPhoneSimulator.Build.0 = Release|Any CPU
		{F876EF1C-3C18-4FAE-BAF7-0BE1856697DF}.AppStore|iPhoneSimulator.Deploy.0 = Release|Any CPU
		{F876EF1C-3C18-4FAE-BAF7-0BE1856697DF}.AppStore|x64.ActiveCfg = Release|Any CPU
		{F876EF1C-3C18-4FAE-BAF7-0BE1856697DF}.AppStore|x64.Build.0 = Release|Any CPU
		{F876EF1C-3C18-4FAE-BAF7-0BE1856697DF}.AppStore|x64.Deploy.0 = Release|Any CPU
		{F876EF1C-3C18-4FAE-BAF7-0BE1856697DF}.AppStore|x86.ActiveCfg = Release|Any CPU
		{F876EF1C-3C18-4FAE-BAF7-0BE1856697DF}.AppStore|x86.Build.0 = Release|Any CPU
		{F876EF1C-3C18-4FAE-BAF7-0BE1856697DF}.AppStore|x86.Deploy.0 = Release|Any CPU
		{F876EF1C-3C18-4FAE-BAF7-0BE1856697DF}.Debug|Any CPU.ActiveCfg = Debug|Any CPU
		{F876EF1C-3C18-4FAE-BAF7-0BE1856697DF}.Debug|Any CPU.Build.0 = Debug|Any CPU
		{F876EF1C-3C18-4FAE-BAF7-0BE1856697DF}.Debug|Any CPU.Deploy.0 = Debug|Any CPU
		{F876EF1C-3C18-4FAE-BAF7-0BE1856697DF}.Debug|ARM.ActiveCfg = Debug|Any CPU
		{F876EF1C-3C18-4FAE-BAF7-0BE1856697DF}.Debug|ARM.Build.0 = Debug|Any CPU
		{F876EF1C-3C18-4FAE-BAF7-0BE1856697DF}.Debug|ARM.Deploy.0 = Debug|Any CPU
		{F876EF1C-3C18-4FAE-BAF7-0BE1856697DF}.Debug|iPhone.ActiveCfg = Debug|Any CPU
		{F876EF1C-3C18-4FAE-BAF7-0BE1856697DF}.Debug|iPhone.Build.0 = Debug|Any CPU
		{F876EF1C-3C18-4FAE-BAF7-0BE1856697DF}.Debug|iPhone.Deploy.0 = Debug|Any CPU
		{F876EF1C-3C18-4FAE-BAF7-0BE1856697DF}.Debug|iPhoneSimulator.ActiveCfg = Debug|Any CPU
		{F876EF1C-3C18-4FAE-BAF7-0BE1856697DF}.Debug|iPhoneSimulator.Build.0 = Debug|Any CPU
		{F876EF1C-3C18-4FAE-BAF7-0BE1856697DF}.Debug|iPhoneSimulator.Deploy.0 = Debug|Any CPU
		{F876EF1C-3C18-4FAE-BAF7-0BE1856697DF}.Debug|x64.ActiveCfg = Debug|Any CPU
		{F876EF1C-3C18-4FAE-BAF7-0BE1856697DF}.Debug|x64.Build.0 = Debug|Any CPU
		{F876EF1C-3C18-4FAE-BAF7-0BE1856697DF}.Debug|x64.Deploy.0 = Debug|Any CPU
		{F876EF1C-3C18-4FAE-BAF7-0BE1856697DF}.Debug|x86.ActiveCfg = Debug|Any CPU
		{F876EF1C-3C18-4FAE-BAF7-0BE1856697DF}.Debug|x86.Build.0 = Debug|Any CPU
		{F876EF1C-3C18-4FAE-BAF7-0BE1856697DF}.Debug|x86.Deploy.0 = Debug|Any CPU
		{F876EF1C-3C18-4FAE-BAF7-0BE1856697DF}.Release|Any CPU.ActiveCfg = Release|Any CPU
		{F876EF1C-3C18-4FAE-BAF7-0BE1856697DF}.Release|Any CPU.Build.0 = Release|Any CPU
		{F876EF1C-3C18-4FAE-BAF7-0BE1856697DF}.Release|Any CPU.Deploy.0 = Release|Any CPU
		{F876EF1C-3C18-4FAE-BAF7-0BE1856697DF}.Release|ARM.ActiveCfg = Release|Any CPU
		{F876EF1C-3C18-4FAE-BAF7-0BE1856697DF}.Release|ARM.Build.0 = Release|Any CPU
		{F876EF1C-3C18-4FAE-BAF7-0BE1856697DF}.Release|ARM.Deploy.0 = Release|Any CPU
		{F876EF1C-3C18-4FAE-BAF7-0BE1856697DF}.Release|iPhone.ActiveCfg = Release|Any CPU
		{F876EF1C-3C18-4FAE-BAF7-0BE1856697DF}.Release|iPhone.Build.0 = Release|Any CPU
		{F876EF1C-3C18-4FAE-BAF7-0BE1856697DF}.Release|iPhone.Deploy.0 = Release|Any CPU
		{F876EF1C-3C18-4FAE-BAF7-0BE1856697DF}.Release|iPhoneSimulator.ActiveCfg = Release|Any CPU
		{F876EF1C-3C18-4FAE-BAF7-0BE1856697DF}.Release|iPhoneSimulator.Build.0 = Release|Any CPU
		{F876EF1C-3C18-4FAE-BAF7-0BE1856697DF}.Release|iPhoneSimulator.Deploy.0 = Release|Any CPU
		{F876EF1C-3C18-4FAE-BAF7-0BE1856697DF}.Release|x64.ActiveCfg = Release|Any CPU
		{F876EF1C-3C18-4FAE-BAF7-0BE1856697DF}.Release|x64.Build.0 = Release|Any CPU
		{F876EF1C-3C18-4FAE-BAF7-0BE1856697DF}.Release|x64.Deploy.0 = Release|Any CPU
		{F876EF1C-3C18-4FAE-BAF7-0BE1856697DF}.Release|x86.ActiveCfg = Release|Any CPU
		{F876EF1C-3C18-4FAE-BAF7-0BE1856697DF}.Release|x86.Build.0 = Release|Any CPU
		{F876EF1C-3C18-4FAE-BAF7-0BE1856697DF}.Release|x86.Deploy.0 = Release|Any CPU
		{82277E3C-197B-4162-9745-F28840EB649B}.Ad-Hoc|Any CPU.ActiveCfg = Release|Any CPU
		{82277E3C-197B-4162-9745-F28840EB649B}.Ad-Hoc|Any CPU.Build.0 = Release|Any CPU
		{82277E3C-197B-4162-9745-F28840EB649B}.Ad-Hoc|ARM.ActiveCfg = Release|Any CPU
		{82277E3C-197B-4162-9745-F28840EB649B}.Ad-Hoc|ARM.Build.0 = Release|Any CPU
		{82277E3C-197B-4162-9745-F28840EB649B}.Ad-Hoc|iPhone.ActiveCfg = Release|Any CPU
		{82277E3C-197B-4162-9745-F28840EB649B}.Ad-Hoc|iPhone.Build.0 = Release|Any CPU
		{82277E3C-197B-4162-9745-F28840EB649B}.Ad-Hoc|iPhoneSimulator.ActiveCfg = Release|Any CPU
		{82277E3C-197B-4162-9745-F28840EB649B}.Ad-Hoc|iPhoneSimulator.Build.0 = Release|Any CPU
		{82277E3C-197B-4162-9745-F28840EB649B}.Ad-Hoc|x64.ActiveCfg = Release|Any CPU
		{82277E3C-197B-4162-9745-F28840EB649B}.Ad-Hoc|x64.Build.0 = Release|Any CPU
		{82277E3C-197B-4162-9745-F28840EB649B}.Ad-Hoc|x86.ActiveCfg = Release|Any CPU
		{82277E3C-197B-4162-9745-F28840EB649B}.Ad-Hoc|x86.Build.0 = Release|Any CPU
		{82277E3C-197B-4162-9745-F28840EB649B}.AppStore|Any CPU.ActiveCfg = Release|Any CPU
		{82277E3C-197B-4162-9745-F28840EB649B}.AppStore|Any CPU.Build.0 = Release|Any CPU
		{82277E3C-197B-4162-9745-F28840EB649B}.AppStore|ARM.ActiveCfg = Release|Any CPU
		{82277E3C-197B-4162-9745-F28840EB649B}.AppStore|ARM.Build.0 = Release|Any CPU
		{82277E3C-197B-4162-9745-F28840EB649B}.AppStore|iPhone.ActiveCfg = Release|Any CPU
		{82277E3C-197B-4162-9745-F28840EB649B}.AppStore|iPhone.Build.0 = Release|Any CPU
		{82277E3C-197B-4162-9745-F28840EB649B}.AppStore|iPhoneSimulator.ActiveCfg = Release|Any CPU
		{82277E3C-197B-4162-9745-F28840EB649B}.AppStore|iPhoneSimulator.Build.0 = Release|Any CPU
		{82277E3C-197B-4162-9745-F28840EB649B}.AppStore|x64.ActiveCfg = Release|Any CPU
		{82277E3C-197B-4162-9745-F28840EB649B}.AppStore|x64.Build.0 = Release|Any CPU
		{82277E3C-197B-4162-9745-F28840EB649B}.AppStore|x86.ActiveCfg = Release|Any CPU
		{82277E3C-197B-4162-9745-F28840EB649B}.AppStore|x86.Build.0 = Release|Any CPU
		{82277E3C-197B-4162-9745-F28840EB649B}.Debug|Any CPU.ActiveCfg = Debug|Any CPU
		{82277E3C-197B-4162-9745-F28840EB649B}.Debug|Any CPU.Build.0 = Debug|Any CPU
		{82277E3C-197B-4162-9745-F28840EB649B}.Debug|ARM.ActiveCfg = Debug|Any CPU
		{82277E3C-197B-4162-9745-F28840EB649B}.Debug|ARM.Build.0 = Debug|Any CPU
		{82277E3C-197B-4162-9745-F28840EB649B}.Debug|iPhone.ActiveCfg = Debug|Any CPU
		{82277E3C-197B-4162-9745-F28840EB649B}.Debug|iPhone.Build.0 = Debug|Any CPU
		{82277E3C-197B-4162-9745-F28840EB649B}.Debug|iPhoneSimulator.ActiveCfg = Debug|Any CPU
		{82277E3C-197B-4162-9745-F28840EB649B}.Debug|iPhoneSimulator.Build.0 = Debug|Any CPU
		{82277E3C-197B-4162-9745-F28840EB649B}.Debug|x64.ActiveCfg = Debug|Any CPU
		{82277E3C-197B-4162-9745-F28840EB649B}.Debug|x64.Build.0 = Debug|Any CPU
		{82277E3C-197B-4162-9745-F28840EB649B}.Debug|x86.ActiveCfg = Debug|Any CPU
		{82277E3C-197B-4162-9745-F28840EB649B}.Debug|x86.Build.0 = Debug|Any CPU
		{82277E3C-197B-4162-9745-F28840EB649B}.Release|Any CPU.ActiveCfg = Release|Any CPU
		{82277E3C-197B-4162-9745-F28840EB649B}.Release|Any CPU.Build.0 = Release|Any CPU
		{82277E3C-197B-4162-9745-F28840EB649B}.Release|ARM.ActiveCfg = Release|Any CPU
		{82277E3C-197B-4162-9745-F28840EB649B}.Release|ARM.Build.0 = Release|Any CPU
		{82277E3C-197B-4162-9745-F28840EB649B}.Release|iPhone.ActiveCfg = Release|Any CPU
		{82277E3C-197B-4162-9745-F28840EB649B}.Release|iPhone.Build.0 = Release|Any CPU
		{82277E3C-197B-4162-9745-F28840EB649B}.Release|iPhoneSimulator.ActiveCfg = Release|Any CPU
		{82277E3C-197B-4162-9745-F28840EB649B}.Release|iPhoneSimulator.Build.0 = Release|Any CPU
		{82277E3C-197B-4162-9745-F28840EB649B}.Release|x64.ActiveCfg = Release|Any CPU
		{82277E3C-197B-4162-9745-F28840EB649B}.Release|x64.Build.0 = Release|Any CPU
		{82277E3C-197B-4162-9745-F28840EB649B}.Release|x86.ActiveCfg = Release|Any CPU
		{82277E3C-197B-4162-9745-F28840EB649B}.Release|x86.Build.0 = Release|Any CPU
		{D534DA24-22AF-4C6C-BAD0-C4A53FA08F34}.Ad-Hoc|Any CPU.ActiveCfg = Release|x86
		{D534DA24-22AF-4C6C-BAD0-C4A53FA08F34}.Ad-Hoc|Any CPU.Build.0 = Release|x86
		{D534DA24-22AF-4C6C-BAD0-C4A53FA08F34}.Ad-Hoc|Any CPU.Deploy.0 = Release|x86
		{D534DA24-22AF-4C6C-BAD0-C4A53FA08F34}.Ad-Hoc|ARM.ActiveCfg = Release|ARM
		{D534DA24-22AF-4C6C-BAD0-C4A53FA08F34}.Ad-Hoc|ARM.Build.0 = Release|ARM
		{D534DA24-22AF-4C6C-BAD0-C4A53FA08F34}.Ad-Hoc|ARM.Deploy.0 = Release|ARM
		{D534DA24-22AF-4C6C-BAD0-C4A53FA08F34}.Ad-Hoc|iPhone.ActiveCfg = Release|x86
		{D534DA24-22AF-4C6C-BAD0-C4A53FA08F34}.Ad-Hoc|iPhone.Build.0 = Release|x86
		{D534DA24-22AF-4C6C-BAD0-C4A53FA08F34}.Ad-Hoc|iPhone.Deploy.0 = Release|x86
		{D534DA24-22AF-4C6C-BAD0-C4A53FA08F34}.Ad-Hoc|iPhoneSimulator.ActiveCfg = Release|x86
		{D534DA24-22AF-4C6C-BAD0-C4A53FA08F34}.Ad-Hoc|iPhoneSimulator.Build.0 = Release|x86
		{D534DA24-22AF-4C6C-BAD0-C4A53FA08F34}.Ad-Hoc|iPhoneSimulator.Deploy.0 = Release|x86
		{D534DA24-22AF-4C6C-BAD0-C4A53FA08F34}.Ad-Hoc|x64.ActiveCfg = Release|x64
		{D534DA24-22AF-4C6C-BAD0-C4A53FA08F34}.Ad-Hoc|x64.Build.0 = Release|x64
		{D534DA24-22AF-4C6C-BAD0-C4A53FA08F34}.Ad-Hoc|x64.Deploy.0 = Release|x64
		{D534DA24-22AF-4C6C-BAD0-C4A53FA08F34}.Ad-Hoc|x86.ActiveCfg = Release|x86
		{D534DA24-22AF-4C6C-BAD0-C4A53FA08F34}.Ad-Hoc|x86.Build.0 = Release|x86
		{D534DA24-22AF-4C6C-BAD0-C4A53FA08F34}.Ad-Hoc|x86.Deploy.0 = Release|x86
		{D534DA24-22AF-4C6C-BAD0-C4A53FA08F34}.AppStore|Any CPU.ActiveCfg = Release|x86
		{D534DA24-22AF-4C6C-BAD0-C4A53FA08F34}.AppStore|Any CPU.Build.0 = Release|x86
		{D534DA24-22AF-4C6C-BAD0-C4A53FA08F34}.AppStore|Any CPU.Deploy.0 = Release|x86
		{D534DA24-22AF-4C6C-BAD0-C4A53FA08F34}.AppStore|ARM.ActiveCfg = Release|ARM
		{D534DA24-22AF-4C6C-BAD0-C4A53FA08F34}.AppStore|ARM.Build.0 = Release|ARM
		{D534DA24-22AF-4C6C-BAD0-C4A53FA08F34}.AppStore|ARM.Deploy.0 = Release|ARM
		{D534DA24-22AF-4C6C-BAD0-C4A53FA08F34}.AppStore|iPhone.ActiveCfg = Release|x86
		{D534DA24-22AF-4C6C-BAD0-C4A53FA08F34}.AppStore|iPhone.Build.0 = Release|x86
		{D534DA24-22AF-4C6C-BAD0-C4A53FA08F34}.AppStore|iPhone.Deploy.0 = Release|x86
		{D534DA24-22AF-4C6C-BAD0-C4A53FA08F34}.AppStore|iPhoneSimulator.ActiveCfg = Release|x86
		{D534DA24-22AF-4C6C-BAD0-C4A53FA08F34}.AppStore|iPhoneSimulator.Build.0 = Release|x86
		{D534DA24-22AF-4C6C-BAD0-C4A53FA08F34}.AppStore|iPhoneSimulator.Deploy.0 = Release|x86
		{D534DA24-22AF-4C6C-BAD0-C4A53FA08F34}.AppStore|x64.ActiveCfg = Release|x64
		{D534DA24-22AF-4C6C-BAD0-C4A53FA08F34}.AppStore|x64.Build.0 = Release|x64
		{D534DA24-22AF-4C6C-BAD0-C4A53FA08F34}.AppStore|x64.Deploy.0 = Release|x64
		{D534DA24-22AF-4C6C-BAD0-C4A53FA08F34}.AppStore|x86.ActiveCfg = Release|x86
		{D534DA24-22AF-4C6C-BAD0-C4A53FA08F34}.AppStore|x86.Build.0 = Release|x86
		{D534DA24-22AF-4C6C-BAD0-C4A53FA08F34}.AppStore|x86.Deploy.0 = Release|x86
		{D534DA24-22AF-4C6C-BAD0-C4A53FA08F34}.Debug|Any CPU.ActiveCfg = Debug|x86
		{D534DA24-22AF-4C6C-BAD0-C4A53FA08F34}.Debug|ARM.ActiveCfg = Debug|ARM
		{D534DA24-22AF-4C6C-BAD0-C4A53FA08F34}.Debug|ARM.Build.0 = Debug|ARM
		{D534DA24-22AF-4C6C-BAD0-C4A53FA08F34}.Debug|ARM.Deploy.0 = Debug|ARM
		{D534DA24-22AF-4C6C-BAD0-C4A53FA08F34}.Debug|iPhone.ActiveCfg = Debug|x86
		{D534DA24-22AF-4C6C-BAD0-C4A53FA08F34}.Debug|iPhoneSimulator.ActiveCfg = Debug|x86
		{D534DA24-22AF-4C6C-BAD0-C4A53FA08F34}.Debug|x64.ActiveCfg = Debug|x64
		{D534DA24-22AF-4C6C-BAD0-C4A53FA08F34}.Debug|x64.Build.0 = Debug|x64
		{D534DA24-22AF-4C6C-BAD0-C4A53FA08F34}.Debug|x64.Deploy.0 = Debug|x64
		{D534DA24-22AF-4C6C-BAD0-C4A53FA08F34}.Debug|x86.ActiveCfg = Debug|x86
		{D534DA24-22AF-4C6C-BAD0-C4A53FA08F34}.Debug|x86.Build.0 = Debug|x86
		{D534DA24-22AF-4C6C-BAD0-C4A53FA08F34}.Debug|x86.Deploy.0 = Debug|x86
		{D534DA24-22AF-4C6C-BAD0-C4A53FA08F34}.Release|Any CPU.ActiveCfg = Release|x86
		{D534DA24-22AF-4C6C-BAD0-C4A53FA08F34}.Release|ARM.ActiveCfg = Release|ARM
		{D534DA24-22AF-4C6C-BAD0-C4A53FA08F34}.Release|ARM.Build.0 = Release|ARM
		{D534DA24-22AF-4C6C-BAD0-C4A53FA08F34}.Release|ARM.Deploy.0 = Release|ARM
		{D534DA24-22AF-4C6C-BAD0-C4A53FA08F34}.Release|iPhone.ActiveCfg = Release|x86
		{D534DA24-22AF-4C6C-BAD0-C4A53FA08F34}.Release|iPhoneSimulator.ActiveCfg = Release|x86
		{D534DA24-22AF-4C6C-BAD0-C4A53FA08F34}.Release|x64.ActiveCfg = Release|x64
		{D534DA24-22AF-4C6C-BAD0-C4A53FA08F34}.Release|x64.Build.0 = Release|x64
		{D534DA24-22AF-4C6C-BAD0-C4A53FA08F34}.Release|x64.Deploy.0 = Release|x64
		{D534DA24-22AF-4C6C-BAD0-C4A53FA08F34}.Release|x86.ActiveCfg = Release|x86
		{D534DA24-22AF-4C6C-BAD0-C4A53FA08F34}.Release|x86.Build.0 = Release|x86
		{D534DA24-22AF-4C6C-BAD0-C4A53FA08F34}.Release|x86.Deploy.0 = Release|x86
	EndGlobalSection
	GlobalSection(SolutionProperties) = preSolution
		HideSolutionNode = FALSE
	EndGlobalSection
	GlobalSection(ExtensibilityGlobals) = postSolution
		SolutionGuid = {A7552C22-EEB7-4C1E-A89E-5556AC366A28}
	EndGlobalSection
EndGlobal
