
Microsoft Visual Studio Solution File, Format Version 12.00
# Visual Studio 15
VisualStudioVersion = 15.0.27130.2010
MinimumVisualStudioVersion = 10.0.40219.1
Project("{FAE04EC0-301F-11D3-BF4B-00C04F79EFBC}") = "27BindingCode.Android", "27BindingCode\27BindingCode.Android\27BindingCode.Android.csproj", "{7DCE743D-C612-4196-B55F-148B0D5DC1E1}"
EndProject
Project("{FAE04EC0-301F-11D3-BF4B-00C04F79EFBC}") = "27BindingCode.UWP", "27BindingCode\27BindingCode.UWP\27BindingCode.UWP.csproj", "{0B4D5111-9797-48CA-8F41-ED0E853726F5}"
EndProject
Project("{FAE04EC0-301F-11D3-BF4B-00C04F79EFBC}") = "27BindingCode", "27BindingCode\27BindingCode\27BindingCode.csproj", "{ED8E82D8-C3C7-446F-920D-4C62D7D99FAD}"
EndProject
Global
	GlobalSection(SolutionConfigurationPlatforms) = preSolution
		Debug|Any CPU = Debug|Any CPU
		Debug|ARM = Debug|ARM
		Debug|x64 = Debug|x64
		Debug|x86 = Debug|x86
		Release|Any CPU = Release|Any CPU
		Release|ARM = Release|ARM
		Release|x64 = Release|x64
		Release|x86 = Release|x86
	EndGlobalSection
	GlobalSection(ProjectConfigurationPlatforms) = postSolution
		{7DCE743D-C612-4196-B55F-148B0D5DC1E1}.Debug|Any CPU.ActiveCfg = Debug|Any CPU
		{7DCE743D-C612-4196-B55F-148B0D5DC1E1}.Debug|Any CPU.Build.0 = Debug|Any CPU
		{7DCE743D-C612-4196-B55F-148B0D5DC1E1}.Debug|Any CPU.Deploy.0 = Debug|Any CPU
		{7DCE743D-C612-4196-B55F-148B0D5DC1E1}.Debug|ARM.ActiveCfg = Debug|Any CPU
		{7DCE743D-C612-4196-B55F-148B0D5DC1E1}.Debug|ARM.Build.0 = Debug|Any CPU
		{7DCE743D-C612-4196-B55F-148B0D5DC1E1}.Debug|ARM.Deploy.0 = Debug|Any CPU
		{7DCE743D-C612-4196-B55F-148B0D5DC1E1}.Debug|x64.ActiveCfg = Debug|Any CPU
		{7DCE743D-C612-4196-B55F-148B0D5DC1E1}.Debug|x64.Build.0 = Debug|Any CPU
		{7DCE743D-C612-4196-B55F-148B0D5DC1E1}.Debug|x64.Deploy.0 = Debug|Any CPU
		{7DCE743D-C612-4196-B55F-148B0D5DC1E1}.Debug|x86.ActiveCfg = Debug|Any CPU
		{7DCE743D-C612-4196-B55F-148B0D5DC1E1}.Debug|x86.Build.0 = Debug|Any CPU
		{7DCE743D-C612-4196-B55F-148B0D5DC1E1}.Debug|x86.Deploy.0 = Debug|Any CPU
		{7DCE743D-C612-4196-B55F-148B0D5DC1E1}.Release|Any CPU.ActiveCfg = Release|Any CPU
		{7DCE743D-C612-4196-B55F-148B0D5DC1E1}.Release|Any CPU.Build.0 = Release|Any CPU
		{7DCE743D-C612-4196-B55F-148B0D5DC1E1}.Release|Any CPU.Deploy.0 = Release|Any CPU
		{7DCE743D-C612-4196-B55F-148B0D5DC1E1}.Release|ARM.ActiveCfg = Release|Any CPU
		{7DCE743D-C612-4196-B55F-148B0D5DC1E1}.Release|ARM.Build.0 = Release|Any CPU
		{7DCE743D-C612-4196-B55F-148B0D5DC1E1}.Release|ARM.Deploy.0 = Release|Any CPU
		{7DCE743D-C612-4196-B55F-148B0D5DC1E1}.Release|x64.ActiveCfg = Release|Any CPU
		{7DCE743D-C612-4196-B55F-148B0D5DC1E1}.Release|x64.Build.0 = Release|Any CPU
		{7DCE743D-C612-4196-B55F-148B0D5DC1E1}.Release|x64.Deploy.0 = Release|Any CPU
		{7DCE743D-C612-4196-B55F-148B0D5DC1E1}.Release|x86.ActiveCfg = Release|Any CPU
		{7DCE743D-C612-4196-B55F-148B0D5DC1E1}.Release|x86.Build.0 = Release|Any CPU
		{7DCE743D-C612-4196-B55F-148B0D5DC1E1}.Release|x86.Deploy.0 = Release|Any CPU
		{0B4D5111-9797-48CA-8F41-ED0E853726F5}.Debug|Any CPU.ActiveCfg = Debug|x86
		{0B4D5111-9797-48CA-8F41-ED0E853726F5}.Debug|ARM.ActiveCfg = Debug|ARM
		{0B4D5111-9797-48CA-8F41-ED0E853726F5}.Debug|ARM.Build.0 = Debug|ARM
		{0B4D5111-9797-48CA-8F41-ED0E853726F5}.Debug|ARM.Deploy.0 = Debug|ARM
		{0B4D5111-9797-48CA-8F41-ED0E853726F5}.Debug|x64.ActiveCfg = Debug|x64
		{0B4D5111-9797-48CA-8F41-ED0E853726F5}.Debug|x64.Build.0 = Debug|x64
		{0B4D5111-9797-48CA-8F41-ED0E853726F5}.Debug|x64.Deploy.0 = Debug|x64
		{0B4D5111-9797-48CA-8F41-ED0E853726F5}.Debug|x86.ActiveCfg = Debug|x86
		{0B4D5111-9797-48CA-8F41-ED0E853726F5}.Debug|x86.Build.0 = Debug|x86
		{0B4D5111-9797-48CA-8F41-ED0E853726F5}.Debug|x86.Deploy.0 = Debug|x86
		{0B4D5111-9797-48CA-8F41-ED0E853726F5}.Release|Any CPU.ActiveCfg = Release|x86
		{0B4D5111-9797-48CA-8F41-ED0E853726F5}.Release|ARM.ActiveCfg = Release|ARM
		{0B4D5111-9797-48CA-8F41-ED0E853726F5}.Release|ARM.Build.0 = Release|ARM
		{0B4D5111-9797-48CA-8F41-ED0E853726F5}.Release|ARM.Deploy.0 = Release|ARM
		{0B4D5111-9797-48CA-8F41-ED0E853726F5}.Release|x64.ActiveCfg = Release|x64
		{0B4D5111-9797-48CA-8F41-ED0E853726F5}.Release|x64.Build.0 = Release|x64
		{0B4D5111-9797-48CA-8F41-ED0E853726F5}.Release|x64.Deploy.0 = Release|x64
		{0B4D5111-9797-48CA-8F41-ED0E853726F5}.Release|x86.ActiveCfg = Release|x86
		{0B4D5111-9797-48CA-8F41-ED0E853726F5}.Release|x86.Build.0 = Release|x86
		{0B4D5111-9797-48CA-8F41-ED0E853726F5}.Release|x86.Deploy.0 = Release|x86
		{ED8E82D8-C3C7-446F-920D-4C62D7D99FAD}.Debug|Any CPU.ActiveCfg = Debug|Any CPU
		{ED8E82D8-C3C7-446F-920D-4C62D7D99FAD}.Debug|Any CPU.Build.0 = Debug|Any CPU
		{ED8E82D8-C3C7-446F-920D-4C62D7D99FAD}.Debug|ARM.ActiveCfg = Debug|Any CPU
		{ED8E82D8-C3C7-446F-920D-4C62D7D99FAD}.Debug|ARM.Build.0 = Debug|Any CPU
		{ED8E82D8-C3C7-446F-920D-4C62D7D99FAD}.Debug|x64.ActiveCfg = Debug|Any CPU
		{ED8E82D8-C3C7-446F-920D-4C62D7D99FAD}.Debug|x64.Build.0 = Debug|Any CPU
		{ED8E82D8-C3C7-446F-920D-4C62D7D99FAD}.Debug|x86.ActiveCfg = Debug|Any CPU
		{ED8E82D8-C3C7-446F-920D-4C62D7D99FAD}.Debug|x86.Build.0 = Debug|Any CPU
		{ED8E82D8-C3C7-446F-920D-4C62D7D99FAD}.Release|Any CPU.ActiveCfg = Release|Any CPU
		{ED8E82D8-C3C7-446F-920D-4C62D7D99FAD}.Release|Any CPU.Build.0 = Release|Any CPU
		{ED8E82D8-C3C7-446F-920D-4C62D7D99FAD}.Release|ARM.ActiveCfg = Release|Any CPU
		{ED8E82D8-C3C7-446F-920D-4C62D7D99FAD}.Release|ARM.Build.0 = Release|Any CPU
		{ED8E82D8-C3C7-446F-920D-4C62D7D99FAD}.Release|x64.ActiveCfg = Release|Any CPU
		{ED8E82D8-C3C7-446F-920D-4C62D7D99FAD}.Release|x64.Build.0 = Release|Any CPU
		{ED8E82D8-C3C7-446F-920D-4C62D7D99FAD}.Release|x86.ActiveCfg = Release|Any CPU
		{ED8E82D8-C3C7-446F-920D-4C62D7D99FAD}.Release|x86.Build.0 = Release|Any CPU
	EndGlobalSection
	GlobalSection(SolutionProperties) = preSolution
		HideSolutionNode = FALSE
	EndGlobalSection
	GlobalSection(ExtensibilityGlobals) = postSolution
		SolutionGuid = {A820C27F-BEDB-4C63-8043-378DEC2F5CEE}
	EndGlobalSection
EndGlobal
