
Microsoft Visual Studio Solution File, Format Version 12.00
# Visual Studio 15
VisualStudioVersion = 15.0.27004.2010
MinimumVisualStudioVersion = 10.0.40219.1
Project("{FAE04EC0-301F-11D3-BF4B-00C04F79EFBC}") = "_11WhatSize.Android", "11WhatSize\_11WhatSize.Android\_11WhatSize.Android.csproj", "{15FE7FCD-A07D-4FB2-B7B4-231B7041E7A0}"
EndProject
Project("{FAE04EC0-301F-11D3-BF4B-00C04F79EFBC}") = "_11WhatSize", "11WhatSize\_11WhatSize\_11WhatSize.csproj", "{5755EBB5-C9B3-4404-B900-E0C2D87A2ACC}"
EndProject
Project("{FAE04EC0-301F-11D3-BF4B-00C04F79EFBC}") = "_11WhatSize.UWP", "11WhatSize\_11WhatSize.UWP\_11WhatSize.UWP.csproj", "{064D2264-5FF8-4EF9-A471-7D828A51ADA2}"
EndProject
Global
	GlobalSection(SolutionConfigurationPlatforms) = preSolution
		Ad-Hoc|Any CPU = Ad-Hoc|Any CPU
		Ad-Hoc|ARM = Ad-Hoc|ARM
		Ad-Hoc|iPhone = Ad-Hoc|iPhone
		Ad-Hoc|iPhoneSimulator = Ad-Hoc|iPhoneSimulator
		Ad-Hoc|x64 = Ad-Hoc|x64
		Ad-Hoc|x86 = Ad-Hoc|x86
		AppStore|Any CPU = AppStore|Any CPU
		AppStore|ARM = AppStore|ARM
		AppStore|iPhone = AppStore|iPhone
		AppStore|iPhoneSimulator = AppStore|iPhoneSimulator
		AppStore|x64 = AppStore|x64
		AppStore|x86 = AppStore|x86
		Debug|Any CPU = Debug|Any CPU
		Debug|ARM = Debug|ARM
		Debug|iPhone = Debug|iPhone
		Debug|iPhoneSimulator = Debug|iPhoneSimulator
		Debug|x64 = Debug|x64
		Debug|x86 = Debug|x86
		Release|Any CPU = Release|Any CPU
		Release|ARM = Release|ARM
		Release|iPhone = Release|iPhone
		Release|iPhoneSimulator = Release|iPhoneSimulator
		Release|x64 = Release|x64
		Release|x86 = Release|x86
	EndGlobalSection
	GlobalSection(ProjectConfigurationPlatforms) = postSolution
		{15FE7FCD-A07D-4FB2-B7B4-231B7041E7A0}.Ad-Hoc|Any CPU.ActiveCfg = Release|Any CPU
		{15FE7FCD-A07D-4FB2-B7B4-231B7041E7A0}.Ad-Hoc|Any CPU.Build.0 = Release|Any CPU
		{15FE7FCD-A07D-4FB2-B7B4-231B7041E7A0}.Ad-Hoc|Any CPU.Deploy.0 = Release|Any CPU
		{15FE7FCD-A07D-4FB2-B7B4-231B7041E7A0}.Ad-Hoc|ARM.ActiveCfg = Release|Any CPU
		{15FE7FCD-A07D-4FB2-B7B4-231B7041E7A0}.Ad-Hoc|ARM.Build.0 = Release|Any CPU
		{15FE7FCD-A07D-4FB2-B7B4-231B7041E7A0}.Ad-Hoc|ARM.Deploy.0 = Release|Any CPU
		{15FE7FCD-A07D-4FB2-B7B4-231B7041E7A0}.Ad-Hoc|iPhone.ActiveCfg = Release|Any CPU
		{15FE7FCD-A07D-4FB2-B7B4-231B7041E7A0}.Ad-Hoc|iPhone.Build.0 = Release|Any CPU
		{15FE7FCD-A07D-4FB2-B7B4-231B7041E7A0}.Ad-Hoc|iPhone.Deploy.0 = Release|Any CPU
		{15FE7FCD-A07D-4FB2-B7B4-231B7041E7A0}.Ad-Hoc|iPhoneSimulator.ActiveCfg = Release|Any CPU
		{15FE7FCD-A07D-4FB2-B7B4-231B7041E7A0}.Ad-Hoc|iPhoneSimulator.Build.0 = Release|Any CPU
		{15FE7FCD-A07D-4FB2-B7B4-231B7041E7A0}.Ad-Hoc|iPhoneSimulator.Deploy.0 = Release|Any CPU
		{15FE7FCD-A07D-4FB2-B7B4-231B7041E7A0}.Ad-Hoc|x64.ActiveCfg = Release|Any CPU
		{15FE7FCD-A07D-4FB2-B7B4-231B7041E7A0}.Ad-Hoc|x64.Build.0 = Release|Any CPU
		{15FE7FCD-A07D-4FB2-B7B4-231B7041E7A0}.Ad-Hoc|x64.Deploy.0 = Release|Any CPU
		{15FE7FCD-A07D-4FB2-B7B4-231B7041E7A0}.Ad-Hoc|x86.ActiveCfg = Release|Any CPU
		{15FE7FCD-A07D-4FB2-B7B4-231B7041E7A0}.Ad-Hoc|x86.Build.0 = Release|Any CPU
		{15FE7FCD-A07D-4FB2-B7B4-231B7041E7A0}.Ad-Hoc|x86.Deploy.0 = Release|Any CPU
		{15FE7FCD-A07D-4FB2-B7B4-231B7041E7A0}.AppStore|Any CPU.ActiveCfg = Release|Any CPU
		{15FE7FCD-A07D-4FB2-B7B4-231B7041E7A0}.AppStore|Any CPU.Build.0 = Release|Any CPU
		{15FE7FCD-A07D-4FB2-B7B4-231B7041E7A0}.AppStore|Any CPU.Deploy.0 = Release|Any CPU
		{15FE7FCD-A07D-4FB2-B7B4-231B7041E7A0}.AppStore|ARM.ActiveCfg = Release|Any CPU
		{15FE7FCD-A07D-4FB2-B7B4-231B7041E7A0}.AppStore|ARM.Build.0 = Release|Any CPU
		{15FE7FCD-A07D-4FB2-B7B4-231B7041E7A0}.AppStore|ARM.Deploy.0 = Release|Any CPU
		{15FE7FCD-A07D-4FB2-B7B4-231B7041E7A0}.AppStore|iPhone.ActiveCfg = Release|Any CPU
		{15FE7FCD-A07D-4FB2-B7B4-231B7041E7A0}.AppStore|iPhone.Build.0 = Release|Any CPU
		{15FE7FCD-A07D-4FB2-B7B4-231B7041E7A0}.AppStore|iPhone.Deploy.0 = Release|Any CPU
		{15FE7FCD-A07D-4FB2-B7B4-231B7041E7A0}.AppStore|iPhoneSimulator.ActiveCfg = Release|Any CPU
		{15FE7FCD-A07D-4FB2-B7B4-231B7041E7A0}.AppStore|iPhoneSimulator.Build.0 = Release|Any CPU
		{15FE7FCD-A07D-4FB2-B7B4-231B7041E7A0}.AppStore|iPhoneSimulator.Deploy.0 = Release|Any CPU
		{15FE7FCD-A07D-4FB2-B7B4-231B7041E7A0}.AppStore|x64.ActiveCfg = Release|Any CPU
		{15FE7FCD-A07D-4FB2-B7B4-231B7041E7A0}.AppStore|x64.Build.0 = Release|Any CPU
		{15FE7FCD-A07D-4FB2-B7B4-231B7041E7A0}.AppStore|x64.Deploy.0 = Release|Any CPU
		{15FE7FCD-A07D-4FB2-B7B4-231B7041E7A0}.AppStore|x86.ActiveCfg = Release|Any CPU
		{15FE7FCD-A07D-4FB2-B7B4-231B7041E7A0}.AppStore|x86.Build.0 = Release|Any CPU
		{15FE7FCD-A07D-4FB2-B7B4-231B7041E7A0}.AppStore|x86.Deploy.0 = Release|Any CPU
		{15FE7FCD-A07D-4FB2-B7B4-231B7041E7A0}.Debug|Any CPU.ActiveCfg = Debug|Any CPU
		{15FE7FCD-A07D-4FB2-B7B4-231B7041E7A0}.Debug|Any CPU.Build.0 = Debug|Any CPU
		{15FE7FCD-A07D-4FB2-B7B4-231B7041E7A0}.Debug|Any CPU.Deploy.0 = Debug|Any CPU
		{15FE7FCD-A07D-4FB2-B7B4-231B7041E7A0}.Debug|ARM.ActiveCfg = Debug|Any CPU
		{15FE7FCD-A07D-4FB2-B7B4-231B7041E7A0}.Debug|ARM.Build.0 = Debug|Any CPU
		{15FE7FCD-A07D-4FB2-B7B4-231B7041E7A0}.Debug|ARM.Deploy.0 = Debug|Any CPU
		{15FE7FCD-A07D-4FB2-B7B4-231B7041E7A0}.Debug|iPhone.ActiveCfg = Debug|Any CPU
		{15FE7FCD-A07D-4FB2-B7B4-231B7041E7A0}.Debug|iPhone.Build.0 = Debug|Any CPU
		{15FE7FCD-A07D-4FB2-B7B4-231B7041E7A0}.Debug|iPhone.Deploy.0 = Debug|Any CPU
		{15FE7FCD-A07D-4FB2-B7B4-231B7041E7A0}.Debug|iPhoneSimulator.ActiveCfg = Debug|Any CPU
		{15FE7FCD-A07D-4FB2-B7B4-231B7041E7A0}.Debug|iPhoneSimulator.Build.0 = Debug|Any CPU
		{15FE7FCD-A07D-4FB2-B7B4-231B7041E7A0}.Debug|iPhoneSimulator.Deploy.0 = Debug|Any CPU
		{15FE7FCD-A07D-4FB2-B7B4-231B7041E7A0}.Debug|x64.ActiveCfg = Debug|Any CPU
		{15FE7FCD-A07D-4FB2-B7B4-231B7041E7A0}.Debug|x64.Build.0 = Debug|Any CPU
		{15FE7FCD-A07D-4FB2-B7B4-231B7041E7A0}.Debug|x64.Deploy.0 = Debug|Any CPU
		{15FE7FCD-A07D-4FB2-B7B4-231B7041E7A0}.Debug|x86.ActiveCfg = Debug|Any CPU
		{15FE7FCD-A07D-4FB2-B7B4-231B7041E7A0}.Debug|x86.Build.0 = Debug|Any CPU
		{15FE7FCD-A07D-4FB2-B7B4-231B7041E7A0}.Debug|x86.Deploy.0 = Debug|Any CPU
		{15FE7FCD-A07D-4FB2-B7B4-231B7041E7A0}.Release|Any CPU.ActiveCfg = Release|Any CPU
		{15FE7FCD-A07D-4FB2-B7B4-231B7041E7A0}.Release|Any CPU.Build.0 = Release|Any CPU
		{15FE7FCD-A07D-4FB2-B7B4-231B7041E7A0}.Release|Any CPU.Deploy.0 = Release|Any CPU
		{15FE7FCD-A07D-4FB2-B7B4-231B7041E7A0}.Release|ARM.ActiveCfg = Release|Any CPU
		{15FE7FCD-A07D-4FB2-B7B4-231B7041E7A0}.Release|ARM.Build.0 = Release|Any CPU
		{15FE7FCD-A07D-4FB2-B7B4-231B7041E7A0}.Release|ARM.Deploy.0 = Release|Any CPU
		{15FE7FCD-A07D-4FB2-B7B4-231B7041E7A0}.Release|iPhone.ActiveCfg = Release|Any CPU
		{15FE7FCD-A07D-4FB2-B7B4-231B7041E7A0}.Release|iPhone.Build.0 = Release|Any CPU
		{15FE7FCD-A07D-4FB2-B7B4-231B7041E7A0}.Release|iPhone.Deploy.0 = Release|Any CPU
		{15FE7FCD-A07D-4FB2-B7B4-231B7041E7A0}.Release|iPhoneSimulator.ActiveCfg = Release|Any CPU
		{15FE7FCD-A07D-4FB2-B7B4-231B7041E7A0}.Release|iPhoneSimulator.Build.0 = Release|Any CPU
		{15FE7FCD-A07D-4FB2-B7B4-231B7041E7A0}.Release|iPhoneSimulator.Deploy.0 = Release|Any CPU
		{15FE7FCD-A07D-4FB2-B7B4-231B7041E7A0}.Release|x64.ActiveCfg = Release|Any CPU
		{15FE7FCD-A07D-4FB2-B7B4-231B7041E7A0}.Release|x64.Build.0 = Release|Any CPU
		{15FE7FCD-A07D-4FB2-B7B4-231B7041E7A0}.Release|x64.Deploy.0 = Release|Any CPU
		{15FE7FCD-A07D-4FB2-B7B4-231B7041E7A0}.Release|x86.ActiveCfg = Release|Any CPU
		{15FE7FCD-A07D-4FB2-B7B4-231B7041E7A0}.Release|x86.Build.0 = Release|Any CPU
		{15FE7FCD-A07D-4FB2-B7B4-231B7041E7A0}.Release|x86.Deploy.0 = Release|Any CPU
		{5755EBB5-C9B3-4404-B900-E0C2D87A2ACC}.Ad-Hoc|Any CPU.ActiveCfg = Release|Any CPU
		{5755EBB5-C9B3-4404-B900-E0C2D87A2ACC}.Ad-Hoc|Any CPU.Build.0 = Release|Any CPU
		{5755EBB5-C9B3-4404-B900-E0C2D87A2ACC}.Ad-Hoc|ARM.ActiveCfg = Release|Any CPU
		{5755EBB5-C9B3-4404-B900-E0C2D87A2ACC}.Ad-Hoc|ARM.Build.0 = Release|Any CPU
		{5755EBB5-C9B3-4404-B900-E0C2D87A2ACC}.Ad-Hoc|iPhone.ActiveCfg = Release|Any CPU
		{5755EBB5-C9B3-4404-B900-E0C2D87A2ACC}.Ad-Hoc|iPhone.Build.0 = Release|Any CPU
		{5755EBB5-C9B3-4404-B900-E0C2D87A2ACC}.Ad-Hoc|iPhoneSimulator.ActiveCfg = Release|Any CPU
		{5755EBB5-C9B3-4404-B900-E0C2D87A2ACC}.Ad-Hoc|iPhoneSimulator.Build.0 = Release|Any CPU
		{5755EBB5-C9B3-4404-B900-E0C2D87A2ACC}.Ad-Hoc|x64.ActiveCfg = Release|Any CPU
		{5755EBB5-C9B3-4404-B900-E0C2D87A2ACC}.Ad-Hoc|x64.Build.0 = Release|Any CPU
		{5755EBB5-C9B3-4404-B900-E0C2D87A2ACC}.Ad-Hoc|x86.ActiveCfg = Release|Any CPU
		{5755EBB5-C9B3-4404-B900-E0C2D87A2ACC}.Ad-Hoc|x86.Build.0 = Release|Any CPU
		{5755EBB5-C9B3-4404-B900-E0C2D87A2ACC}.AppStore|Any CPU.ActiveCfg = Release|Any CPU
		{5755EBB5-C9B3-4404-B900-E0C2D87A2ACC}.AppStore|Any CPU.Build.0 = Release|Any CPU
		{5755EBB5-C9B3-4404-B900-E0C2D87A2ACC}.AppStore|ARM.ActiveCfg = Release|Any CPU
		{5755EBB5-C9B3-4404-B900-E0C2D87A2ACC}.AppStore|ARM.Build.0 = Release|Any CPU
		{5755EBB5-C9B3-4404-B900-E0C2D87A2ACC}.AppStore|iPhone.ActiveCfg = Release|Any CPU
		{5755EBB5-C9B3-4404-B900-E0C2D87A2ACC}.AppStore|iPhone.Build.0 = Release|Any CPU
		{5755EBB5-C9B3-4404-B900-E0C2D87A2ACC}.AppStore|iPhoneSimulator.ActiveCfg = Release|Any CPU
		{5755EBB5-C9B3-4404-B900-E0C2D87A2ACC}.AppStore|iPhoneSimulator.Build.0 = Release|Any CPU
		{5755EBB5-C9B3-4404-B900-E0C2D87A2ACC}.AppStore|x64.ActiveCfg = Release|Any CPU
		{5755EBB5-C9B3-4404-B900-E0C2D87A2ACC}.AppStore|x64.Build.0 = Release|Any CPU
		{5755EBB5-C9B3-4404-B900-E0C2D87A2ACC}.AppStore|x86.ActiveCfg = Release|Any CPU
		{5755EBB5-C9B3-4404-B900-E0C2D87A2ACC}.AppStore|x86.Build.0 = Release|Any CPU
		{5755EBB5-C9B3-4404-B900-E0C2D87A2ACC}.Debug|Any CPU.ActiveCfg = Debug|Any CPU
		{5755EBB5-C9B3-4404-B900-E0C2D87A2ACC}.Debug|Any CPU.Build.0 = Debug|Any CPU
		{5755EBB5-C9B3-4404-B900-E0C2D87A2ACC}.Debug|ARM.ActiveCfg = Debug|Any CPU
		{5755EBB5-C9B3-4404-B900-E0C2D87A2ACC}.Debug|ARM.Build.0 = Debug|Any CPU
		{5755EBB5-C9B3-4404-B900-E0C2D87A2ACC}.Debug|iPhone.ActiveCfg = Debug|Any CPU
		{5755EBB5-C9B3-4404-B900-E0C2D87A2ACC}.Debug|iPhone.Build.0 = Debug|Any CPU
		{5755EBB5-C9B3-4404-B900-E0C2D87A2ACC}.Debug|iPhoneSimulator.ActiveCfg = Debug|Any CPU
		{5755EBB5-C9B3-4404-B900-E0C2D87A2ACC}.Debug|iPhoneSimulator.Build.0 = Debug|Any CPU
		{5755EBB5-C9B3-4404-B900-E0C2D87A2ACC}.Debug|x64.ActiveCfg = Debug|Any CPU
		{5755EBB5-C9B3-4404-B900-E0C2D87A2ACC}.Debug|x64.Build.0 = Debug|Any CPU
		{5755EBB5-C9B3-4404-B900-E0C2D87A2ACC}.Debug|x86.ActiveCfg = Debug|Any CPU
		{5755EBB5-C9B3-4404-B900-E0C2D87A2ACC}.Debug|x86.Build.0 = Debug|Any CPU
		{5755EBB5-C9B3-4404-B900-E0C2D87A2ACC}.Release|Any CPU.ActiveCfg = Release|Any CPU
		{5755EBB5-C9B3-4404-B900-E0C2D87A2ACC}.Release|Any CPU.Build.0 = Release|Any CPU
		{5755EBB5-C9B3-4404-B900-E0C2D87A2ACC}.Release|ARM.ActiveCfg = Release|Any CPU
		{5755EBB5-C9B3-4404-B900-E0C2D87A2ACC}.Release|ARM.Build.0 = Release|Any CPU
		{5755EBB5-C9B3-4404-B900-E0C2D87A2ACC}.Release|iPhone.ActiveCfg = Release|Any CPU
		{5755EBB5-C9B3-4404-B900-E0C2D87A2ACC}.Release|iPhone.Build.0 = Release|Any CPU
		{5755EBB5-C9B3-4404-B900-E0C2D87A2ACC}.Release|iPhoneSimulator.ActiveCfg = Release|Any CPU
		{5755EBB5-C9B3-4404-B900-E0C2D87A2ACC}.Release|iPhoneSimulator.Build.0 = Release|Any CPU
		{5755EBB5-C9B3-4404-B900-E0C2D87A2ACC}.Release|x64.ActiveCfg = Release|Any CPU
		{5755EBB5-C9B3-4404-B900-E0C2D87A2ACC}.Release|x64.Build.0 = Release|Any CPU
		{5755EBB5-C9B3-4404-B900-E0C2D87A2ACC}.Release|x86.ActiveCfg = Release|Any CPU
		{5755EBB5-C9B3-4404-B900-E0C2D87A2ACC}.Release|x86.Build.0 = Release|Any CPU
		{064D2264-5FF8-4EF9-A471-7D828A51ADA2}.Ad-Hoc|Any CPU.ActiveCfg = Release|x86
		{064D2264-5FF8-4EF9-A471-7D828A51ADA2}.Ad-Hoc|Any CPU.Build.0 = Release|x86
		{064D2264-5FF8-4EF9-A471-7D828A51ADA2}.Ad-Hoc|Any CPU.Deploy.0 = Release|x86
		{064D2264-5FF8-4EF9-A471-7D828A51ADA2}.Ad-Hoc|ARM.ActiveCfg = Release|ARM
		{064D2264-5FF8-4EF9-A471-7D828A51ADA2}.Ad-Hoc|ARM.Build.0 = Release|ARM
		{064D2264-5FF8-4EF9-A471-7D828A51ADA2}.Ad-Hoc|ARM.Deploy.0 = Release|ARM
		{064D2264-5FF8-4EF9-A471-7D828A51ADA2}.Ad-Hoc|iPhone.ActiveCfg = Release|x86
		{064D2264-5FF8-4EF9-A471-7D828A51ADA2}.Ad-Hoc|iPhone.Build.0 = Release|x86
		{064D2264-5FF8-4EF9-A471-7D828A51ADA2}.Ad-Hoc|iPhone.Deploy.0 = Release|x86
		{064D2264-5FF8-4EF9-A471-7D828A51ADA2}.Ad-Hoc|iPhoneSimulator.ActiveCfg = Release|x86
		{064D2264-5FF8-4EF9-A471-7D828A51ADA2}.Ad-Hoc|iPhoneSimulator.Build.0 = Release|x86
		{064D2264-5FF8-4EF9-A471-7D828A51ADA2}.Ad-Hoc|iPhoneSimulator.Deploy.0 = Release|x86
		{064D2264-5FF8-4EF9-A471-7D828A51ADA2}.Ad-Hoc|x64.ActiveCfg = Release|x64
		{064D2264-5FF8-4EF9-A471-7D828A51ADA2}.Ad-Hoc|x64.Build.0 = Release|x64
		{064D2264-5FF8-4EF9-A471-7D828A51ADA2}.Ad-Hoc|x64.Deploy.0 = Release|x64
		{064D2264-5FF8-4EF9-A471-7D828A51ADA2}.Ad-Hoc|x86.ActiveCfg = Release|x86
		{064D2264-5FF8-4EF9-A471-7D828A51ADA2}.Ad-Hoc|x86.Build.0 = Release|x86
		{064D2264-5FF8-4EF9-A471-7D828A51ADA2}.Ad-Hoc|x86.Deploy.0 = Release|x86
		{064D2264-5FF8-4EF9-A471-7D828A51ADA2}.AppStore|Any CPU.ActiveCfg = Release|x86
		{064D2264-5FF8-4EF9-A471-7D828A51ADA2}.AppStore|Any CPU.Build.0 = Release|x86
		{064D2264-5FF8-4EF9-A471-7D828A51ADA2}.AppStore|Any CPU.Deploy.0 = Release|x86
		{064D2264-5FF8-4EF9-A471-7D828A51ADA2}.AppStore|ARM.ActiveCfg = Release|ARM
		{064D2264-5FF8-4EF9-A471-7D828A51ADA2}.AppStore|ARM.Build.0 = Release|ARM
		{064D2264-5FF8-4EF9-A471-7D828A51ADA2}.AppStore|ARM.Deploy.0 = Release|ARM
		{064D2264-5FF8-4EF9-A471-7D828A51ADA2}.AppStore|iPhone.ActiveCfg = Release|x86
		{064D2264-5FF8-4EF9-A471-7D828A51ADA2}.AppStore|iPhone.Build.0 = Release|x86
		{064D2264-5FF8-4EF9-A471-7D828A51ADA2}.AppStore|iPhone.Deploy.0 = Release|x86
		{064D2264-5FF8-4EF9-A471-7D828A51ADA2}.AppStore|iPhoneSimulator.ActiveCfg = Release|x86
		{064D2264-5FF8-4EF9-A471-7D828A51ADA2}.AppStore|iPhoneSimulator.Build.0 = Release|x86
		{064D2264-5FF8-4EF9-A471-7D828A51ADA2}.AppStore|iPhoneSimulator.Deploy.0 = Release|x86
		{064D2264-5FF8-4EF9-A471-7D828A51ADA2}.AppStore|x64.ActiveCfg = Release|x64
		{064D2264-5FF8-4EF9-A471-7D828A51ADA2}.AppStore|x64.Build.0 = Release|x64
		{064D2264-5FF8-4EF9-A471-7D828A51ADA2}.AppStore|x64.Deploy.0 = Release|x64
		{064D2264-5FF8-4EF9-A471-7D828A51ADA2}.AppStore|x86.ActiveCfg = Release|x86
		{064D2264-5FF8-4EF9-A471-7D828A51ADA2}.AppStore|x86.Build.0 = Release|x86
		{064D2264-5FF8-4EF9-A471-7D828A51ADA2}.AppStore|x86.Deploy.0 = Release|x86
		{064D2264-5FF8-4EF9-A471-7D828A51ADA2}.Debug|Any CPU.ActiveCfg = Debug|x86
		{064D2264-5FF8-4EF9-A471-7D828A51ADA2}.Debug|ARM.ActiveCfg = Debug|ARM
		{064D2264-5FF8-4EF9-A471-7D828A51ADA2}.Debug|ARM.Build.0 = Debug|ARM
		{064D2264-5FF8-4EF9-A471-7D828A51ADA2}.Debug|ARM.Deploy.0 = Debug|ARM
		{064D2264-5FF8-4EF9-A471-7D828A51ADA2}.Debug|iPhone.ActiveCfg = Debug|x86
		{064D2264-5FF8-4EF9-A471-7D828A51ADA2}.Debug|iPhoneSimulator.ActiveCfg = Debug|x86
		{064D2264-5FF8-4EF9-A471-7D828A51ADA2}.Debug|x64.ActiveCfg = Debug|x64
		{064D2264-5FF8-4EF9-A471-7D828A51ADA2}.Debug|x64.Build.0 = Debug|x64
		{064D2264-5FF8-4EF9-A471-7D828A51ADA2}.Debug|x64.Deploy.0 = Debug|x64
		{064D2264-5FF8-4EF9-A471-7D828A51ADA2}.Debug|x86.ActiveCfg = Debug|x86
		{064D2264-5FF8-4EF9-A471-7D828A51ADA2}.Debug|x86.Build.0 = Debug|x86
		{064D2264-5FF8-4EF9-A471-7D828A51ADA2}.Debug|x86.Deploy.0 = Debug|x86
		{064D2264-5FF8-4EF9-A471-7D828A51ADA2}.Release|Any CPU.ActiveCfg = Release|x86
		{064D2264-5FF8-4EF9-A471-7D828A51ADA2}.Release|ARM.ActiveCfg = Release|ARM
		{064D2264-5FF8-4EF9-A471-7D828A51ADA2}.Release|ARM.Build.0 = Release|ARM
		{064D2264-5FF8-4EF9-A471-7D828A51ADA2}.Release|ARM.Deploy.0 = Release|ARM
		{064D2264-5FF8-4EF9-A471-7D828A51ADA2}.Release|iPhone.ActiveCfg = Release|x86
		{064D2264-5FF8-4EF9-A471-7D828A51ADA2}.Release|iPhoneSimulator.ActiveCfg = Release|x86
		{064D2264-5FF8-4EF9-A471-7D828A51ADA2}.Release|x64.ActiveCfg = Release|x64
		{064D2264-5FF8-4EF9-A471-7D828A51ADA2}.Release|x64.Build.0 = Release|x64
		{064D2264-5FF8-4EF9-A471-7D828A51ADA2}.Release|x64.Deploy.0 = Release|x64
		{064D2264-5FF8-4EF9-A471-7D828A51ADA2}.Release|x86.ActiveCfg = Release|x86
		{064D2264-5FF8-4EF9-A471-7D828A51ADA2}.Release|x86.Build.0 = Release|x86
		{064D2264-5FF8-4EF9-A471-7D828A51ADA2}.Release|x86.Deploy.0 = Release|x86
	EndGlobalSection
	GlobalSection(SolutionProperties) = preSolution
		HideSolutionNode = FALSE
	EndGlobalSection
	GlobalSection(ExtensibilityGlobals) = postSolution
		SolutionGuid = {AE2F58BF-7E50-4125-BBBB-914C9CE4097C}
	EndGlobalSection
EndGlobal
