
Microsoft Visual Studio Solution File, Format Version 12.00
# Visual Studio 15
VisualStudioVersion = 15.0.27004.2009
MinimumVisualStudioVersion = 10.0.40219.1
Project("{FAE04EC0-301F-11D3-BF4B-00C04F79EFBC}") = "_01HelloForms.Android", "01HelloForms\_01HelloForms.Android\_01HelloForms.Android.csproj", "{7D36FC88-E464-488E-9371-12806C0050F0}"
EndProject
Project("{FAE04EC0-301F-11D3-BF4B-00C04F79EFBC}") = "_01HelloForms", "01HelloForms\_01HelloForms\_01HelloForms.csproj", "{44EF2EA8-07CA-4697-9682-DA5832B8BE8D}"
EndProject
Project("{FAE04EC0-301F-11D3-BF4B-00C04F79EFBC}") = "_01HelloForms.UWP", "01HelloForms\_01HelloForms.UWP\_01HelloForms.UWP.csproj", "{5EA87AF9-9A92-4932-82B0-405325AC575A}"
EndProject
Project("{FAE04EC0-301F-11D3-BF4B-00C04F79EFBC}") = "_01HelloForms.iOS", "01HelloForms\_01HelloForms.iOS\_01HelloForms.iOS.csproj", "{F364AA21-B640-47A8-B1F9-FB6725CD4F2E}"
EndProject
Global
	GlobalSection(SolutionConfigurationPlatforms) = preSolution
		Ad-Hoc|Any CPU = Ad-Hoc|Any CPU
		Ad-Hoc|ARM = Ad-Hoc|ARM
		Ad-Hoc|iPhone = Ad-Hoc|iPhone
		Ad-Hoc|iPhoneSimulator = Ad-Hoc|iPhoneSimulator
		Ad-Hoc|x64 = Ad-Hoc|x64
		Ad-Hoc|x86 = Ad-Hoc|x86
		AppStore|Any CPU = AppStore|Any CPU
		AppStore|ARM = AppStore|ARM
		AppStore|iPhone = AppStore|iPhone
		AppStore|iPhoneSimulator = AppStore|iPhoneSimulator
		AppStore|x64 = AppStore|x64
		AppStore|x86 = AppStore|x86
		Debug|Any CPU = Debug|Any CPU
		Debug|ARM = Debug|ARM
		Debug|iPhone = Debug|iPhone
		Debug|iPhoneSimulator = Debug|iPhoneSimulator
		Debug|x64 = Debug|x64
		Debug|x86 = Debug|x86
		Release|Any CPU = Release|Any CPU
		Release|ARM = Release|ARM
		Release|iPhone = Release|iPhone
		Release|iPhoneSimulator = Release|iPhoneSimulator
		Release|x64 = Release|x64
		Release|x86 = Release|x86
	EndGlobalSection
	GlobalSection(ProjectConfigurationPlatforms) = postSolution
		{7D36FC88-E464-488E-9371-12806C0050F0}.Ad-Hoc|Any CPU.ActiveCfg = Release|Any CPU
		{7D36FC88-E464-488E-9371-12806C0050F0}.Ad-Hoc|Any CPU.Build.0 = Release|Any CPU
		{7D36FC88-E464-488E-9371-12806C0050F0}.Ad-Hoc|Any CPU.Deploy.0 = Release|Any CPU
		{7D36FC88-E464-488E-9371-12806C0050F0}.Ad-Hoc|ARM.ActiveCfg = Release|Any CPU
		{7D36FC88-E464-488E-9371-12806C0050F0}.Ad-Hoc|ARM.Build.0 = Release|Any CPU
		{7D36FC88-E464-488E-9371-12806C0050F0}.Ad-Hoc|ARM.Deploy.0 = Release|Any CPU
		{7D36FC88-E464-488E-9371-12806C0050F0}.Ad-Hoc|iPhone.ActiveCfg = Release|Any CPU
		{7D36FC88-E464-488E-9371-12806C0050F0}.Ad-Hoc|iPhone.Build.0 = Release|Any CPU
		{7D36FC88-E464-488E-9371-12806C0050F0}.Ad-Hoc|iPhone.Deploy.0 = Release|Any CPU
		{7D36FC88-E464-488E-9371-12806C0050F0}.Ad-Hoc|iPhoneSimulator.ActiveCfg = Release|Any CPU
		{7D36FC88-E464-488E-9371-12806C0050F0}.Ad-Hoc|iPhoneSimulator.Build.0 = Release|Any CPU
		{7D36FC88-E464-488E-9371-12806C0050F0}.Ad-Hoc|iPhoneSimulator.Deploy.0 = Release|Any CPU
		{7D36FC88-E464-488E-9371-12806C0050F0}.Ad-Hoc|x64.ActiveCfg = Release|Any CPU
		{7D36FC88-E464-488E-9371-12806C0050F0}.Ad-Hoc|x64.Build.0 = Release|Any CPU
		{7D36FC88-E464-488E-9371-12806C0050F0}.Ad-Hoc|x64.Deploy.0 = Release|Any CPU
		{7D36FC88-E464-488E-9371-12806C0050F0}.Ad-Hoc|x86.ActiveCfg = Release|Any CPU
		{7D36FC88-E464-488E-9371-12806C0050F0}.Ad-Hoc|x86.Build.0 = Release|Any CPU
		{7D36FC88-E464-488E-9371-12806C0050F0}.Ad-Hoc|x86.Deploy.0 = Release|Any CPU
		{7D36FC88-E464-488E-9371-12806C0050F0}.AppStore|Any CPU.ActiveCfg = Release|Any CPU
		{7D36FC88-E464-488E-9371-12806C0050F0}.AppStore|Any CPU.Build.0 = Release|Any CPU
		{7D36FC88-E464-488E-9371-12806C0050F0}.AppStore|Any CPU.Deploy.0 = Release|Any CPU
		{7D36FC88-E464-488E-9371-12806C0050F0}.AppStore|ARM.ActiveCfg = Release|Any CPU
		{7D36FC88-E464-488E-9371-12806C0050F0}.AppStore|ARM.Build.0 = Release|Any CPU
		{7D36FC88-E464-488E-9371-12806C0050F0}.AppStore|ARM.Deploy.0 = Release|Any CPU
		{7D36FC88-E464-488E-9371-12806C0050F0}.AppStore|iPhone.ActiveCfg = Release|Any CPU
		{7D36FC88-E464-488E-9371-12806C0050F0}.AppStore|iPhone.Build.0 = Release|Any CPU
		{7D36FC88-E464-488E-9371-12806C0050F0}.AppStore|iPhone.Deploy.0 = Release|Any CPU
		{7D36FC88-E464-488E-9371-12806C0050F0}.AppStore|iPhoneSimulator.ActiveCfg = Release|Any CPU
		{7D36FC88-E464-488E-9371-12806C0050F0}.AppStore|iPhoneSimulator.Build.0 = Release|Any CPU
		{7D36FC88-E464-488E-9371-12806C0050F0}.AppStore|iPhoneSimulator.Deploy.0 = Release|Any CPU
		{7D36FC88-E464-488E-9371-12806C0050F0}.AppStore|x64.ActiveCfg = Release|Any CPU
		{7D36FC88-E464-488E-9371-12806C0050F0}.AppStore|x64.Build.0 = Release|Any CPU
		{7D36FC88-E464-488E-9371-12806C0050F0}.AppStore|x64.Deploy.0 = Release|Any CPU
		{7D36FC88-E464-488E-9371-12806C0050F0}.AppStore|x86.ActiveCfg = Release|Any CPU
		{7D36FC88-E464-488E-9371-12806C0050F0}.AppStore|x86.Build.0 = Release|Any CPU
		{7D36FC88-E464-488E-9371-12806C0050F0}.AppStore|x86.Deploy.0 = Release|Any CPU
		{7D36FC88-E464-488E-9371-12806C0050F0}.Debug|Any CPU.ActiveCfg = Debug|Any CPU
		{7D36FC88-E464-488E-9371-12806C0050F0}.Debug|Any CPU.Build.0 = Debug|Any CPU
		{7D36FC88-E464-488E-9371-12806C0050F0}.Debug|Any CPU.Deploy.0 = Debug|Any CPU
		{7D36FC88-E464-488E-9371-12806C0050F0}.Debug|ARM.ActiveCfg = Debug|Any CPU
		{7D36FC88-E464-488E-9371-12806C0050F0}.Debug|ARM.Build.0 = Debug|Any CPU
		{7D36FC88-E464-488E-9371-12806C0050F0}.Debug|ARM.Deploy.0 = Debug|Any CPU
		{7D36FC88-E464-488E-9371-12806C0050F0}.Debug|iPhone.ActiveCfg = Debug|Any CPU
		{7D36FC88-E464-488E-9371-12806C0050F0}.Debug|iPhone.Build.0 = Debug|Any CPU
		{7D36FC88-E464-488E-9371-12806C0050F0}.Debug|iPhone.Deploy.0 = Debug|Any CPU
		{7D36FC88-E464-488E-9371-12806C0050F0}.Debug|iPhoneSimulator.ActiveCfg = Debug|Any CPU
		{7D36FC88-E464-488E-9371-12806C0050F0}.Debug|iPhoneSimulator.Build.0 = Debug|Any CPU
		{7D36FC88-E464-488E-9371-12806C0050F0}.Debug|iPhoneSimulator.Deploy.0 = Debug|Any CPU
		{7D36FC88-E464-488E-9371-12806C0050F0}.Debug|x64.ActiveCfg = Debug|Any CPU
		{7D36FC88-E464-488E-9371-12806C0050F0}.Debug|x64.Build.0 = Debug|Any CPU
		{7D36FC88-E464-488E-9371-12806C0050F0}.Debug|x64.Deploy.0 = Debug|Any CPU
		{7D36FC88-E464-488E-9371-12806C0050F0}.Debug|x86.ActiveCfg = Debug|Any CPU
		{7D36FC88-E464-488E-9371-12806C0050F0}.Debug|x86.Build.0 = Debug|Any CPU
		{7D36FC88-E464-488E-9371-12806C0050F0}.Debug|x86.Deploy.0 = Debug|Any CPU
		{7D36FC88-E464-488E-9371-12806C0050F0}.Release|Any CPU.ActiveCfg = Release|Any CPU
		{7D36FC88-E464-488E-9371-12806C0050F0}.Release|Any CPU.Build.0 = Release|Any CPU
		{7D36FC88-E464-488E-9371-12806C0050F0}.Release|Any CPU.Deploy.0 = Release|Any CPU
		{7D36FC88-E464-488E-9371-12806C0050F0}.Release|ARM.ActiveCfg = Release|Any CPU
		{7D36FC88-E464-488E-9371-12806C0050F0}.Release|ARM.Build.0 = Release|Any CPU
		{7D36FC88-E464-488E-9371-12806C0050F0}.Release|ARM.Deploy.0 = Release|Any CPU
		{7D36FC88-E464-488E-9371-12806C0050F0}.Release|iPhone.ActiveCfg = Release|Any CPU
		{7D36FC88-E464-488E-9371-12806C0050F0}.Release|iPhone.Build.0 = Release|Any CPU
		{7D36FC88-E464-488E-9371-12806C0050F0}.Release|iPhone.Deploy.0 = Release|Any CPU
		{7D36FC88-E464-488E-9371-12806C0050F0}.Release|iPhoneSimulator.ActiveCfg = Release|Any CPU
		{7D36FC88-E464-488E-9371-12806C0050F0}.Release|iPhoneSimulator.Build.0 = Release|Any CPU
		{7D36FC88-E464-488E-9371-12806C0050F0}.Release|iPhoneSimulator.Deploy.0 = Release|Any CPU
		{7D36FC88-E464-488E-9371-12806C0050F0}.Release|x64.ActiveCfg = Release|Any CPU
		{7D36FC88-E464-488E-9371-12806C0050F0}.Release|x64.Build.0 = Release|Any CPU
		{7D36FC88-E464-488E-9371-12806C0050F0}.Release|x64.Deploy.0 = Release|Any CPU
		{7D36FC88-E464-488E-9371-12806C0050F0}.Release|x86.ActiveCfg = Release|Any CPU
		{7D36FC88-E464-488E-9371-12806C0050F0}.Release|x86.Build.0 = Release|Any CPU
		{7D36FC88-E464-488E-9371-12806C0050F0}.Release|x86.Deploy.0 = Release|Any CPU
		{44EF2EA8-07CA-4697-9682-DA5832B8BE8D}.Ad-Hoc|Any CPU.ActiveCfg = Release|Any CPU
		{44EF2EA8-07CA-4697-9682-DA5832B8BE8D}.Ad-Hoc|Any CPU.Build.0 = Release|Any CPU
		{44EF2EA8-07CA-4697-9682-DA5832B8BE8D}.Ad-Hoc|ARM.ActiveCfg = Release|Any CPU
		{44EF2EA8-07CA-4697-9682-DA5832B8BE8D}.Ad-Hoc|ARM.Build.0 = Release|Any CPU
		{44EF2EA8-07CA-4697-9682-DA5832B8BE8D}.Ad-Hoc|iPhone.ActiveCfg = Release|Any CPU
		{44EF2EA8-07CA-4697-9682-DA5832B8BE8D}.Ad-Hoc|iPhone.Build.0 = Release|Any CPU
		{44EF2EA8-07CA-4697-9682-DA5832B8BE8D}.Ad-Hoc|iPhoneSimulator.ActiveCfg = Release|Any CPU
		{44EF2EA8-07CA-4697-9682-DA5832B8BE8D}.Ad-Hoc|iPhoneSimulator.Build.0 = Release|Any CPU
		{44EF2EA8-07CA-4697-9682-DA5832B8BE8D}.Ad-Hoc|x64.ActiveCfg = Release|Any CPU
		{44EF2EA8-07CA-4697-9682-DA5832B8BE8D}.Ad-Hoc|x64.Build.0 = Release|Any CPU
		{44EF2EA8-07CA-4697-9682-DA5832B8BE8D}.Ad-Hoc|x86.ActiveCfg = Release|Any CPU
		{44EF2EA8-07CA-4697-9682-DA5832B8BE8D}.Ad-Hoc|x86.Build.0 = Release|Any CPU
		{44EF2EA8-07CA-4697-9682-DA5832B8BE8D}.AppStore|Any CPU.ActiveCfg = Release|Any CPU
		{44EF2EA8-07CA-4697-9682-DA5832B8BE8D}.AppStore|Any CPU.Build.0 = Release|Any CPU
		{44EF2EA8-07CA-4697-9682-DA5832B8BE8D}.AppStore|ARM.ActiveCfg = Release|Any CPU
		{44EF2EA8-07CA-4697-9682-DA5832B8BE8D}.AppStore|ARM.Build.0 = Release|Any CPU
		{44EF2EA8-07CA-4697-9682-DA5832B8BE8D}.AppStore|iPhone.ActiveCfg = Release|Any CPU
		{44EF2EA8-07CA-4697-9682-DA5832B8BE8D}.AppStore|iPhone.Build.0 = Release|Any CPU
		{44EF2EA8-07CA-4697-9682-DA5832B8BE8D}.AppStore|iPhoneSimulator.ActiveCfg = Release|Any CPU
		{44EF2EA8-07CA-4697-9682-DA5832B8BE8D}.AppStore|iPhoneSimulator.Build.0 = Release|Any CPU
		{44EF2EA8-07CA-4697-9682-DA5832B8BE8D}.AppStore|x64.ActiveCfg = Release|Any CPU
		{44EF2EA8-07CA-4697-9682-DA5832B8BE8D}.AppStore|x64.Build.0 = Release|Any CPU
		{44EF2EA8-07CA-4697-9682-DA5832B8BE8D}.AppStore|x86.ActiveCfg = Release|Any CPU
		{44EF2EA8-07CA-4697-9682-DA5832B8BE8D}.AppStore|x86.Build.0 = Release|Any CPU
		{44EF2EA8-07CA-4697-9682-DA5832B8BE8D}.Debug|Any CPU.ActiveCfg = Debug|Any CPU
		{44EF2EA8-07CA-4697-9682-DA5832B8BE8D}.Debug|Any CPU.Build.0 = Debug|Any CPU
		{44EF2EA8-07CA-4697-9682-DA5832B8BE8D}.Debug|ARM.ActiveCfg = Debug|Any CPU
		{44EF2EA8-07CA-4697-9682-DA5832B8BE8D}.Debug|ARM.Build.0 = Debug|Any CPU
		{44EF2EA8-07CA-4697-9682-DA5832B8BE8D}.Debug|iPhone.ActiveCfg = Debug|Any CPU
		{44EF2EA8-07CA-4697-9682-DA5832B8BE8D}.Debug|iPhone.Build.0 = Debug|Any CPU
		{44EF2EA8-07CA-4697-9682-DA5832B8BE8D}.Debug|iPhoneSimulator.ActiveCfg = Debug|Any CPU
		{44EF2EA8-07CA-4697-9682-DA5832B8BE8D}.Debug|iPhoneSimulator.Build.0 = Debug|Any CPU
		{44EF2EA8-07CA-4697-9682-DA5832B8BE8D}.Debug|x64.ActiveCfg = Debug|Any CPU
		{44EF2EA8-07CA-4697-9682-DA5832B8BE8D}.Debug|x64.Build.0 = Debug|Any CPU
		{44EF2EA8-07CA-4697-9682-DA5832B8BE8D}.Debug|x86.ActiveCfg = Debug|Any CPU
		{44EF2EA8-07CA-4697-9682-DA5832B8BE8D}.Debug|x86.Build.0 = Debug|Any CPU
		{44EF2EA8-07CA-4697-9682-DA5832B8BE8D}.Release|Any CPU.ActiveCfg = Release|Any CPU
		{44EF2EA8-07CA-4697-9682-DA5832B8BE8D}.Release|Any CPU.Build.0 = Release|Any CPU
		{44EF2EA8-07CA-4697-9682-DA5832B8BE8D}.Release|ARM.ActiveCfg = Release|Any CPU
		{44EF2EA8-07CA-4697-9682-DA5832B8BE8D}.Release|ARM.Build.0 = Release|Any CPU
		{44EF2EA8-07CA-4697-9682-DA5832B8BE8D}.Release|iPhone.ActiveCfg = Release|Any CPU
		{44EF2EA8-07CA-4697-9682-DA5832B8BE8D}.Release|iPhone.Build.0 = Release|Any CPU
		{44EF2EA8-07CA-4697-9682-DA5832B8BE8D}.Release|iPhoneSimulator.ActiveCfg = Release|Any CPU
		{44EF2EA8-07CA-4697-9682-DA5832B8BE8D}.Release|iPhoneSimulator.Build.0 = Release|Any CPU
		{44EF2EA8-07CA-4697-9682-DA5832B8BE8D}.Release|x64.ActiveCfg = Release|Any CPU
		{44EF2EA8-07CA-4697-9682-DA5832B8BE8D}.Release|x64.Build.0 = Release|Any CPU
		{44EF2EA8-07CA-4697-9682-DA5832B8BE8D}.Release|x86.ActiveCfg = Release|Any CPU
		{44EF2EA8-07CA-4697-9682-DA5832B8BE8D}.Release|x86.Build.0 = Release|Any CPU
		{5EA87AF9-9A92-4932-82B0-405325AC575A}.Ad-Hoc|Any CPU.ActiveCfg = Release|x86
		{5EA87AF9-9A92-4932-82B0-405325AC575A}.Ad-Hoc|Any CPU.Build.0 = Release|x86
		{5EA87AF9-9A92-4932-82B0-405325AC575A}.Ad-Hoc|Any CPU.Deploy.0 = Release|x86
		{5EA87AF9-9A92-4932-82B0-405325AC575A}.Ad-Hoc|ARM.ActiveCfg = Release|ARM
		{5EA87AF9-9A92-4932-82B0-405325AC575A}.Ad-Hoc|ARM.Build.0 = Release|ARM
		{5EA87AF9-9A92-4932-82B0-405325AC575A}.Ad-Hoc|ARM.Deploy.0 = Release|ARM
		{5EA87AF9-9A92-4932-82B0-405325AC575A}.Ad-Hoc|iPhone.ActiveCfg = Release|x86
		{5EA87AF9-9A92-4932-82B0-405325AC575A}.Ad-Hoc|iPhone.Build.0 = Release|x86
		{5EA87AF9-9A92-4932-82B0-405325AC575A}.Ad-Hoc|iPhone.Deploy.0 = Release|x86
		{5EA87AF9-9A92-4932-82B0-405325AC575A}.Ad-Hoc|iPhoneSimulator.ActiveCfg = Release|x86
		{5EA87AF9-9A92-4932-82B0-405325AC575A}.Ad-Hoc|iPhoneSimulator.Build.0 = Release|x86
		{5EA87AF9-9A92-4932-82B0-405325AC575A}.Ad-Hoc|iPhoneSimulator.Deploy.0 = Release|x86
		{5EA87AF9-9A92-4932-82B0-405325AC575A}.Ad-Hoc|x64.ActiveCfg = Release|x64
		{5EA87AF9-9A92-4932-82B0-405325AC575A}.Ad-Hoc|x64.Build.0 = Release|x64
		{5EA87AF9-9A92-4932-82B0-405325AC575A}.Ad-Hoc|x64.Deploy.0 = Release|x64
		{5EA87AF9-9A92-4932-82B0-405325AC575A}.Ad-Hoc|x86.ActiveCfg = Release|x86
		{5EA87AF9-9A92-4932-82B0-405325AC575A}.Ad-Hoc|x86.Build.0 = Release|x86
		{5EA87AF9-9A92-4932-82B0-405325AC575A}.Ad-Hoc|x86.Deploy.0 = Release|x86
		{5EA87AF9-9A92-4932-82B0-405325AC575A}.AppStore|Any CPU.ActiveCfg = Release|x86
		{5EA87AF9-9A92-4932-82B0-405325AC575A}.AppStore|Any CPU.Build.0 = Release|x86
		{5EA87AF9-9A92-4932-82B0-405325AC575A}.AppStore|Any CPU.Deploy.0 = Release|x86
		{5EA87AF9-9A92-4932-82B0-405325AC575A}.AppStore|ARM.ActiveCfg = Release|ARM
		{5EA87AF9-9A92-4932-82B0-405325AC575A}.AppStore|ARM.Build.0 = Release|ARM
		{5EA87AF9-9A92-4932-82B0-405325AC575A}.AppStore|ARM.Deploy.0 = Release|ARM
		{5EA87AF9-9A92-4932-82B0-405325AC575A}.AppStore|iPhone.ActiveCfg = Release|x86
		{5EA87AF9-9A92-4932-82B0-405325AC575A}.AppStore|iPhone.Build.0 = Release|x86
		{5EA87AF9-9A92-4932-82B0-405325AC575A}.AppStore|iPhone.Deploy.0 = Release|x86
		{5EA87AF9-9A92-4932-82B0-405325AC575A}.AppStore|iPhoneSimulator.ActiveCfg = Release|x86
		{5EA87AF9-9A92-4932-82B0-405325AC575A}.AppStore|iPhoneSimulator.Build.0 = Release|x86
		{5EA87AF9-9A92-4932-82B0-405325AC575A}.AppStore|iPhoneSimulator.Deploy.0 = Release|x86
		{5EA87AF9-9A92-4932-82B0-405325AC575A}.AppStore|x64.ActiveCfg = Release|x64
		{5EA87AF9-9A92-4932-82B0-405325AC575A}.AppStore|x64.Build.0 = Release|x64
		{5EA87AF9-9A92-4932-82B0-405325AC575A}.AppStore|x64.Deploy.0 = Release|x64
		{5EA87AF9-9A92-4932-82B0-405325AC575A}.AppStore|x86.ActiveCfg = Release|x86
		{5EA87AF9-9A92-4932-82B0-405325AC575A}.AppStore|x86.Build.0 = Release|x86
		{5EA87AF9-9A92-4932-82B0-405325AC575A}.AppStore|x86.Deploy.0 = Release|x86
		{5EA87AF9-9A92-4932-82B0-405325AC575A}.Debug|Any CPU.ActiveCfg = Debug|x86
		{5EA87AF9-9A92-4932-82B0-405325AC575A}.Debug|ARM.ActiveCfg = Debug|ARM
		{5EA87AF9-9A92-4932-82B0-405325AC575A}.Debug|ARM.Build.0 = Debug|ARM
		{5EA87AF9-9A92-4932-82B0-405325AC575A}.Debug|ARM.Deploy.0 = Debug|ARM
		{5EA87AF9-9A92-4932-82B0-405325AC575A}.Debug|iPhone.ActiveCfg = Debug|x86
		{5EA87AF9-9A92-4932-82B0-405325AC575A}.Debug|iPhoneSimulator.ActiveCfg = Debug|x86
		{5EA87AF9-9A92-4932-82B0-405325AC575A}.Debug|x64.ActiveCfg = Debug|x64
		{5EA87AF9-9A92-4932-82B0-405325AC575A}.Debug|x64.Build.0 = Debug|x64
		{5EA87AF9-9A92-4932-82B0-405325AC575A}.Debug|x64.Deploy.0 = Debug|x64
		{5EA87AF9-9A92-4932-82B0-405325AC575A}.Debug|x86.ActiveCfg = Debug|x86
		{5EA87AF9-9A92-4932-82B0-405325AC575A}.Debug|x86.Build.0 = Debug|x86
		{5EA87AF9-9A92-4932-82B0-405325AC575A}.Debug|x86.Deploy.0 = Debug|x86
		{5EA87AF9-9A92-4932-82B0-405325AC575A}.Release|Any CPU.ActiveCfg = Release|x86
		{5EA87AF9-9A92-4932-82B0-405325AC575A}.Release|ARM.ActiveCfg = Release|ARM
		{5EA87AF9-9A92-4932-82B0-405325AC575A}.Release|ARM.Build.0 = Release|ARM
		{5EA87AF9-9A92-4932-82B0-405325AC575A}.Release|ARM.Deploy.0 = Release|ARM
		{5EA87AF9-9A92-4932-82B0-405325AC575A}.Release|iPhone.ActiveCfg = Release|x86
		{5EA87AF9-9A92-4932-82B0-405325AC575A}.Release|iPhoneSimulator.ActiveCfg = Release|x86
		{5EA87AF9-9A92-4932-82B0-405325AC575A}.Release|x64.ActiveCfg = Release|x64
		{5EA87AF9-9A92-4932-82B0-405325AC575A}.Release|x64.Build.0 = Release|x64
		{5EA87AF9-9A92-4932-82B0-405325AC575A}.Release|x64.Deploy.0 = Release|x64
		{5EA87AF9-9A92-4932-82B0-405325AC575A}.Release|x86.ActiveCfg = Release|x86
		{5EA87AF9-9A92-4932-82B0-405325AC575A}.Release|x86.Build.0 = Release|x86
		{5EA87AF9-9A92-4932-82B0-405325AC575A}.Release|x86.Deploy.0 = Release|x86
		{F364AA21-B640-47A8-B1F9-FB6725CD4F2E}.Ad-Hoc|Any CPU.ActiveCfg = Ad-Hoc|iPhoneSimulator
		{F364AA21-B640-47A8-B1F9-FB6725CD4F2E}.Ad-Hoc|ARM.ActiveCfg = Ad-Hoc|iPhone
		{F364AA21-B640-47A8-B1F9-FB6725CD4F2E}.Ad-Hoc|iPhone.ActiveCfg = Ad-Hoc|iPhone
		{F364AA21-B640-47A8-B1F9-FB6725CD4F2E}.Ad-Hoc|iPhone.Build.0 = Ad-Hoc|iPhone
		{F364AA21-B640-47A8-B1F9-FB6725CD4F2E}.Ad-Hoc|iPhoneSimulator.ActiveCfg = Ad-Hoc|iPhoneSimulator
		{F364AA21-B640-47A8-B1F9-FB6725CD4F2E}.Ad-Hoc|iPhoneSimulator.Build.0 = Ad-Hoc|iPhoneSimulator
		{F364AA21-B640-47A8-B1F9-FB6725CD4F2E}.Ad-Hoc|x64.ActiveCfg = Ad-Hoc|iPhone
		{F364AA21-B640-47A8-B1F9-FB6725CD4F2E}.Ad-Hoc|x86.ActiveCfg = Ad-Hoc|iPhone
		{F364AA21-B640-47A8-B1F9-FB6725CD4F2E}.AppStore|Any CPU.ActiveCfg = AppStore|iPhoneSimulator
		{F364AA21-B640-47A8-B1F9-FB6725CD4F2E}.AppStore|ARM.ActiveCfg = AppStore|iPhone
		{F364AA21-B640-47A8-B1F9-FB6725CD4F2E}.AppStore|iPhone.ActiveCfg = AppStore|iPhone
		{F364AA21-B640-47A8-B1F9-FB6725CD4F2E}.AppStore|iPhone.Build.0 = AppStore|iPhone
		{F364AA21-B640-47A8-B1F9-FB6725CD4F2E}.AppStore|iPhoneSimulator.ActiveCfg = AppStore|iPhoneSimulator
		{F364AA21-B640-47A8-B1F9-FB6725CD4F2E}.AppStore|iPhoneSimulator.Build.0 = AppStore|iPhoneSimulator
		{F364AA21-B640-47A8-B1F9-FB6725CD4F2E}.AppStore|x64.ActiveCfg = AppStore|iPhone
		{F364AA21-B640-47A8-B1F9-FB6725CD4F2E}.AppStore|x86.ActiveCfg = AppStore|iPhone
		{F364AA21-B640-47A8-B1F9-FB6725CD4F2E}.Debug|Any CPU.ActiveCfg = Debug|iPhoneSimulator
		{F364AA21-B640-47A8-B1F9-FB6725CD4F2E}.Debug|ARM.ActiveCfg = Debug|iPhone
		{F364AA21-B640-47A8-B1F9-FB6725CD4F2E}.Debug|iPhone.ActiveCfg = Debug|iPhone
		{F364AA21-B640-47A8-B1F9-FB6725CD4F2E}.Debug|iPhone.Build.0 = Debug|iPhone
		{F364AA21-B640-47A8-B1F9-FB6725CD4F2E}.Debug|iPhoneSimulator.ActiveCfg = Debug|iPhoneSimulator
		{F364AA21-B640-47A8-B1F9-FB6725CD4F2E}.Debug|iPhoneSimulator.Build.0 = Debug|iPhoneSimulator
		{F364AA21-B640-47A8-B1F9-FB6725CD4F2E}.Debug|x64.ActiveCfg = Debug|iPhone
		{F364AA21-B640-47A8-B1F9-FB6725CD4F2E}.Debug|x86.ActiveCfg = Debug|iPhone
		{F364AA21-B640-47A8-B1F9-FB6725CD4F2E}.Release|Any CPU.ActiveCfg = Release|iPhoneSimulator
		{F364AA21-B640-47A8-B1F9-FB6725CD4F2E}.Release|ARM.ActiveCfg = Release|iPhone
		{F364AA21-B640-47A8-B1F9-FB6725CD4F2E}.Release|iPhone.ActiveCfg = Release|iPhone
		{F364AA21-B640-47A8-B1F9-FB6725CD4F2E}.Release|iPhone.Build.0 = Release|iPhone
		{F364AA21-B640-47A8-B1F9-FB6725CD4F2E}.Release|iPhoneSimulator.ActiveCfg = Release|iPhoneSimulator
		{F364AA21-B640-47A8-B1F9-FB6725CD4F2E}.Release|iPhoneSimulator.Build.0 = Release|iPhoneSimulator
		{F364AA21-B640-47A8-B1F9-FB6725CD4F2E}.Release|x64.ActiveCfg = Release|iPhone
		{F364AA21-B640-47A8-B1F9-FB6725CD4F2E}.Release|x86.ActiveCfg = Release|iPhone
	EndGlobalSection
	GlobalSection(SolutionProperties) = preSolution
		HideSolutionNode = FALSE
	EndGlobalSection
	GlobalSection(ExtensibilityGlobals) = postSolution
		SolutionGuid = {B9CEE90C-61E8-4E00-990A-9F6C21445182}
	EndGlobalSection
EndGlobal
