
Microsoft Visual Studio Solution File, Format Version 12.00
# Visual Studio 15
VisualStudioVersion = 15.0.27004.2009
MinimumVisualStudioVersion = 10.0.40219.1
Project("{FAE04EC0-301F-11D3-BF4B-00C04F79EFBC}") = "_05VarFormTxt.Android", "05VarFormTxt\_05VarFormTxt.Android\_05VarFormTxt.Android.csproj", "{A32BE584-2241-4946-9E1A-DF7BD9832101}"
EndProject
Project("{FAE04EC0-301F-11D3-BF4B-00C04F79EFBC}") = "_05VarFormTxt", "05VarFormTxt\_05VarFormTxt\_05VarFormTxt.csproj", "{5AE15D9F-8E96-49D3-9EFC-373919448585}"
EndProject
Project("{FAE04EC0-301F-11D3-BF4B-00C04F79EFBC}") = "_05VarFormTxt.UWP", "05VarFormTxt\_05VarFormTxt.UWP\_05VarFormTxt.UWP.csproj", "{813ADD39-AF42-43E2-8E01-1FEDA5C65F63}"
EndProject
Global
	GlobalSection(SolutionConfigurationPlatforms) = preSolution
		Ad-Hoc|Any CPU = Ad-Hoc|Any CPU
		Ad-Hoc|ARM = Ad-Hoc|ARM
		Ad-Hoc|iPhone = Ad-Hoc|iPhone
		Ad-Hoc|iPhoneSimulator = Ad-Hoc|iPhoneSimulator
		Ad-Hoc|x64 = Ad-Hoc|x64
		Ad-Hoc|x86 = Ad-Hoc|x86
		AppStore|Any CPU = AppStore|Any CPU
		AppStore|ARM = AppStore|ARM
		AppStore|iPhone = AppStore|iPhone
		AppStore|iPhoneSimulator = AppStore|iPhoneSimulator
		AppStore|x64 = AppStore|x64
		AppStore|x86 = AppStore|x86
		Debug|Any CPU = Debug|Any CPU
		Debug|ARM = Debug|ARM
		Debug|iPhone = Debug|iPhone
		Debug|iPhoneSimulator = Debug|iPhoneSimulator
		Debug|x64 = Debug|x64
		Debug|x86 = Debug|x86
		Release|Any CPU = Release|Any CPU
		Release|ARM = Release|ARM
		Release|iPhone = Release|iPhone
		Release|iPhoneSimulator = Release|iPhoneSimulator
		Release|x64 = Release|x64
		Release|x86 = Release|x86
	EndGlobalSection
	GlobalSection(ProjectConfigurationPlatforms) = postSolution
		{A32BE584-2241-4946-9E1A-DF7BD9832101}.Ad-Hoc|Any CPU.ActiveCfg = Release|Any CPU
		{A32BE584-2241-4946-9E1A-DF7BD9832101}.Ad-Hoc|Any CPU.Build.0 = Release|Any CPU
		{A32BE584-2241-4946-9E1A-DF7BD9832101}.Ad-Hoc|Any CPU.Deploy.0 = Release|Any CPU
		{A32BE584-2241-4946-9E1A-DF7BD9832101}.Ad-Hoc|ARM.ActiveCfg = Release|Any CPU
		{A32BE584-2241-4946-9E1A-DF7BD9832101}.Ad-Hoc|ARM.Build.0 = Release|Any CPU
		{A32BE584-2241-4946-9E1A-DF7BD9832101}.Ad-Hoc|ARM.Deploy.0 = Release|Any CPU
		{A32BE584-2241-4946-9E1A-DF7BD9832101}.Ad-Hoc|iPhone.ActiveCfg = Release|Any CPU
		{A32BE584-2241-4946-9E1A-DF7BD9832101}.Ad-Hoc|iPhone.Build.0 = Release|Any CPU
		{A32BE584-2241-4946-9E1A-DF7BD9832101}.Ad-Hoc|iPhone.Deploy.0 = Release|Any CPU
		{A32BE584-2241-4946-9E1A-DF7BD9832101}.Ad-Hoc|iPhoneSimulator.ActiveCfg = Release|Any CPU
		{A32BE584-2241-4946-9E1A-DF7BD9832101}.Ad-Hoc|iPhoneSimulator.Build.0 = Release|Any CPU
		{A32BE584-2241-4946-9E1A-DF7BD9832101}.Ad-Hoc|iPhoneSimulator.Deploy.0 = Release|Any CPU
		{A32BE584-2241-4946-9E1A-DF7BD9832101}.Ad-Hoc|x64.ActiveCfg = Release|Any CPU
		{A32BE584-2241-4946-9E1A-DF7BD9832101}.Ad-Hoc|x64.Build.0 = Release|Any CPU
		{A32BE584-2241-4946-9E1A-DF7BD9832101}.Ad-Hoc|x64.Deploy.0 = Release|Any CPU
		{A32BE584-2241-4946-9E1A-DF7BD9832101}.Ad-Hoc|x86.ActiveCfg = Release|Any CPU
		{A32BE584-2241-4946-9E1A-DF7BD9832101}.Ad-Hoc|x86.Build.0 = Release|Any CPU
		{A32BE584-2241-4946-9E1A-DF7BD9832101}.Ad-Hoc|x86.Deploy.0 = Release|Any CPU
		{A32BE584-2241-4946-9E1A-DF7BD9832101}.AppStore|Any CPU.ActiveCfg = Release|Any CPU
		{A32BE584-2241-4946-9E1A-DF7BD9832101}.AppStore|Any CPU.Build.0 = Release|Any CPU
		{A32BE584-2241-4946-9E1A-DF7BD9832101}.AppStore|Any CPU.Deploy.0 = Release|Any CPU
		{A32BE584-2241-4946-9E1A-DF7BD9832101}.AppStore|ARM.ActiveCfg = Release|Any CPU
		{A32BE584-2241-4946-9E1A-DF7BD9832101}.AppStore|ARM.Build.0 = Release|Any CPU
		{A32BE584-2241-4946-9E1A-DF7BD9832101}.AppStore|ARM.Deploy.0 = Release|Any CPU
		{A32BE584-2241-4946-9E1A-DF7BD9832101}.AppStore|iPhone.ActiveCfg = Release|Any CPU
		{A32BE584-2241-4946-9E1A-DF7BD9832101}.AppStore|iPhone.Build.0 = Release|Any CPU
		{A32BE584-2241-4946-9E1A-DF7BD9832101}.AppStore|iPhone.Deploy.0 = Release|Any CPU
		{A32BE584-2241-4946-9E1A-DF7BD9832101}.AppStore|iPhoneSimulator.ActiveCfg = Release|Any CPU
		{A32BE584-2241-4946-9E1A-DF7BD9832101}.AppStore|iPhoneSimulator.Build.0 = Release|Any CPU
		{A32BE584-2241-4946-9E1A-DF7BD9832101}.AppStore|iPhoneSimulator.Deploy.0 = Release|Any CPU
		{A32BE584-2241-4946-9E1A-DF7BD9832101}.AppStore|x64.ActiveCfg = Release|Any CPU
		{A32BE584-2241-4946-9E1A-DF7BD9832101}.AppStore|x64.Build.0 = Release|Any CPU
		{A32BE584-2241-4946-9E1A-DF7BD9832101}.AppStore|x64.Deploy.0 = Release|Any CPU
		{A32BE584-2241-4946-9E1A-DF7BD9832101}.AppStore|x86.ActiveCfg = Release|Any CPU
		{A32BE584-2241-4946-9E1A-DF7BD9832101}.AppStore|x86.Build.0 = Release|Any CPU
		{A32BE584-2241-4946-9E1A-DF7BD9832101}.AppStore|x86.Deploy.0 = Release|Any CPU
		{A32BE584-2241-4946-9E1A-DF7BD9832101}.Debug|Any CPU.ActiveCfg = Debug|Any CPU
		{A32BE584-2241-4946-9E1A-DF7BD9832101}.Debug|Any CPU.Build.0 = Debug|Any CPU
		{A32BE584-2241-4946-9E1A-DF7BD9832101}.Debug|Any CPU.Deploy.0 = Debug|Any CPU
		{A32BE584-2241-4946-9E1A-DF7BD9832101}.Debug|ARM.ActiveCfg = Debug|Any CPU
		{A32BE584-2241-4946-9E1A-DF7BD9832101}.Debug|ARM.Build.0 = Debug|Any CPU
		{A32BE584-2241-4946-9E1A-DF7BD9832101}.Debug|ARM.Deploy.0 = Debug|Any CPU
		{A32BE584-2241-4946-9E1A-DF7BD9832101}.Debug|iPhone.ActiveCfg = Debug|Any CPU
		{A32BE584-2241-4946-9E1A-DF7BD9832101}.Debug|iPhone.Build.0 = Debug|Any CPU
		{A32BE584-2241-4946-9E1A-DF7BD9832101}.Debug|iPhone.Deploy.0 = Debug|Any CPU
		{A32BE584-2241-4946-9E1A-DF7BD9832101}.Debug|iPhoneSimulator.ActiveCfg = Debug|Any CPU
		{A32BE584-2241-4946-9E1A-DF7BD9832101}.Debug|iPhoneSimulator.Build.0 = Debug|Any CPU
		{A32BE584-2241-4946-9E1A-DF7BD9832101}.Debug|iPhoneSimulator.Deploy.0 = Debug|Any CPU
		{A32BE584-2241-4946-9E1A-DF7BD9832101}.Debug|x64.ActiveCfg = Debug|Any CPU
		{A32BE584-2241-4946-9E1A-DF7BD9832101}.Debug|x64.Build.0 = Debug|Any CPU
		{A32BE584-2241-4946-9E1A-DF7BD9832101}.Debug|x64.Deploy.0 = Debug|Any CPU
		{A32BE584-2241-4946-9E1A-DF7BD9832101}.Debug|x86.ActiveCfg = Debug|Any CPU
		{A32BE584-2241-4946-9E1A-DF7BD9832101}.Debug|x86.Build.0 = Debug|Any CPU
		{A32BE584-2241-4946-9E1A-DF7BD9832101}.Debug|x86.Deploy.0 = Debug|Any CPU
		{A32BE584-2241-4946-9E1A-DF7BD9832101}.Release|Any CPU.ActiveCfg = Release|Any CPU
		{A32BE584-2241-4946-9E1A-DF7BD9832101}.Release|Any CPU.Build.0 = Release|Any CPU
		{A32BE584-2241-4946-9E1A-DF7BD9832101}.Release|Any CPU.Deploy.0 = Release|Any CPU
		{A32BE584-2241-4946-9E1A-DF7BD9832101}.Release|ARM.ActiveCfg = Release|Any CPU
		{A32BE584-2241-4946-9E1A-DF7BD9832101}.Release|ARM.Build.0 = Release|Any CPU
		{A32BE584-2241-4946-9E1A-DF7BD9832101}.Release|ARM.Deploy.0 = Release|Any CPU
		{A32BE584-2241-4946-9E1A-DF7BD9832101}.Release|iPhone.ActiveCfg = Release|Any CPU
		{A32BE584-2241-4946-9E1A-DF7BD9832101}.Release|iPhone.Build.0 = Release|Any CPU
		{A32BE584-2241-4946-9E1A-DF7BD9832101}.Release|iPhone.Deploy.0 = Release|Any CPU
		{A32BE584-2241-4946-9E1A-DF7BD9832101}.Release|iPhoneSimulator.ActiveCfg = Release|Any CPU
		{A32BE584-2241-4946-9E1A-DF7BD9832101}.Release|iPhoneSimulator.Build.0 = Release|Any CPU
		{A32BE584-2241-4946-9E1A-DF7BD9832101}.Release|iPhoneSimulator.Deploy.0 = Release|Any CPU
		{A32BE584-2241-4946-9E1A-DF7BD9832101}.Release|x64.ActiveCfg = Release|Any CPU
		{A32BE584-2241-4946-9E1A-DF7BD9832101}.Release|x64.Build.0 = Release|Any CPU
		{A32BE584-2241-4946-9E1A-DF7BD9832101}.Release|x64.Deploy.0 = Release|Any CPU
		{A32BE584-2241-4946-9E1A-DF7BD9832101}.Release|x86.ActiveCfg = Release|Any CPU
		{A32BE584-2241-4946-9E1A-DF7BD9832101}.Release|x86.Build.0 = Release|Any CPU
		{A32BE584-2241-4946-9E1A-DF7BD9832101}.Release|x86.Deploy.0 = Release|Any CPU
		{5AE15D9F-8E96-49D3-9EFC-373919448585}.Ad-Hoc|Any CPU.ActiveCfg = Release|Any CPU
		{5AE15D9F-8E96-49D3-9EFC-373919448585}.Ad-Hoc|Any CPU.Build.0 = Release|Any CPU
		{5AE15D9F-8E96-49D3-9EFC-373919448585}.Ad-Hoc|ARM.ActiveCfg = Release|Any CPU
		{5AE15D9F-8E96-49D3-9EFC-373919448585}.Ad-Hoc|ARM.Build.0 = Release|Any CPU
		{5AE15D9F-8E96-49D3-9EFC-373919448585}.Ad-Hoc|iPhone.ActiveCfg = Release|Any CPU
		{5AE15D9F-8E96-49D3-9EFC-373919448585}.Ad-Hoc|iPhone.Build.0 = Release|Any CPU
		{5AE15D9F-8E96-49D3-9EFC-373919448585}.Ad-Hoc|iPhoneSimulator.ActiveCfg = Release|Any CPU
		{5AE15D9F-8E96-49D3-9EFC-373919448585}.Ad-Hoc|iPhoneSimulator.Build.0 = Release|Any CPU
		{5AE15D9F-8E96-49D3-9EFC-373919448585}.Ad-Hoc|x64.ActiveCfg = Release|Any CPU
		{5AE15D9F-8E96-49D3-9EFC-373919448585}.Ad-Hoc|x64.Build.0 = Release|Any CPU
		{5AE15D9F-8E96-49D3-9EFC-373919448585}.Ad-Hoc|x86.ActiveCfg = Release|Any CPU
		{5AE15D9F-8E96-49D3-9EFC-373919448585}.Ad-Hoc|x86.Build.0 = Release|Any CPU
		{5AE15D9F-8E96-49D3-9EFC-373919448585}.AppStore|Any CPU.ActiveCfg = Release|Any CPU
		{5AE15D9F-8E96-49D3-9EFC-373919448585}.AppStore|Any CPU.Build.0 = Release|Any CPU
		{5AE15D9F-8E96-49D3-9EFC-373919448585}.AppStore|ARM.ActiveCfg = Release|Any CPU
		{5AE15D9F-8E96-49D3-9EFC-373919448585}.AppStore|ARM.Build.0 = Release|Any CPU
		{5AE15D9F-8E96-49D3-9EFC-373919448585}.AppStore|iPhone.ActiveCfg = Release|Any CPU
		{5AE15D9F-8E96-49D3-9EFC-373919448585}.AppStore|iPhone.Build.0 = Release|Any CPU
		{5AE15D9F-8E96-49D3-9EFC-373919448585}.AppStore|iPhoneSimulator.ActiveCfg = Release|Any CPU
		{5AE15D9F-8E96-49D3-9EFC-373919448585}.AppStore|iPhoneSimulator.Build.0 = Release|Any CPU
		{5AE15D9F-8E96-49D3-9EFC-373919448585}.AppStore|x64.ActiveCfg = Release|Any CPU
		{5AE15D9F-8E96-49D3-9EFC-373919448585}.AppStore|x64.Build.0 = Release|Any CPU
		{5AE15D9F-8E96-49D3-9EFC-373919448585}.AppStore|x86.ActiveCfg = Release|Any CPU
		{5AE15D9F-8E96-49D3-9EFC-373919448585}.AppStore|x86.Build.0 = Release|Any CPU
		{5AE15D9F-8E96-49D3-9EFC-373919448585}.Debug|Any CPU.ActiveCfg = Debug|Any CPU
		{5AE15D9F-8E96-49D3-9EFC-373919448585}.Debug|Any CPU.Build.0 = Debug|Any CPU
		{5AE15D9F-8E96-49D3-9EFC-373919448585}.Debug|ARM.ActiveCfg = Debug|Any CPU
		{5AE15D9F-8E96-49D3-9EFC-373919448585}.Debug|ARM.Build.0 = Debug|Any CPU
		{5AE15D9F-8E96-49D3-9EFC-373919448585}.Debug|iPhone.ActiveCfg = Debug|Any CPU
		{5AE15D9F-8E96-49D3-9EFC-373919448585}.Debug|iPhone.Build.0 = Debug|Any CPU
		{5AE15D9F-8E96-49D3-9EFC-373919448585}.Debug|iPhoneSimulator.ActiveCfg = Debug|Any CPU
		{5AE15D9F-8E96-49D3-9EFC-373919448585}.Debug|iPhoneSimulator.Build.0 = Debug|Any CPU
		{5AE15D9F-8E96-49D3-9EFC-373919448585}.Debug|x64.ActiveCfg = Debug|Any CPU
		{5AE15D9F-8E96-49D3-9EFC-373919448585}.Debug|x64.Build.0 = Debug|Any CPU
		{5AE15D9F-8E96-49D3-9EFC-373919448585}.Debug|x86.ActiveCfg = Debug|Any CPU
		{5AE15D9F-8E96-49D3-9EFC-373919448585}.Debug|x86.Build.0 = Debug|Any CPU
		{5AE15D9F-8E96-49D3-9EFC-373919448585}.Release|Any CPU.ActiveCfg = Release|Any CPU
		{5AE15D9F-8E96-49D3-9EFC-373919448585}.Release|Any CPU.Build.0 = Release|Any CPU
		{5AE15D9F-8E96-49D3-9EFC-373919448585}.Release|ARM.ActiveCfg = Release|Any CPU
		{5AE15D9F-8E96-49D3-9EFC-373919448585}.Release|ARM.Build.0 = Release|Any CPU
		{5AE15D9F-8E96-49D3-9EFC-373919448585}.Release|iPhone.ActiveCfg = Release|Any CPU
		{5AE15D9F-8E96-49D3-9EFC-373919448585}.Release|iPhone.Build.0 = Release|Any CPU
		{5AE15D9F-8E96-49D3-9EFC-373919448585}.Release|iPhoneSimulator.ActiveCfg = Release|Any CPU
		{5AE15D9F-8E96-49D3-9EFC-373919448585}.Release|iPhoneSimulator.Build.0 = Release|Any CPU
		{5AE15D9F-8E96-49D3-9EFC-373919448585}.Release|x64.ActiveCfg = Release|Any CPU
		{5AE15D9F-8E96-49D3-9EFC-373919448585}.Release|x64.Build.0 = Release|Any CPU
		{5AE15D9F-8E96-49D3-9EFC-373919448585}.Release|x86.ActiveCfg = Release|Any CPU
		{5AE15D9F-8E96-49D3-9EFC-373919448585}.Release|x86.Build.0 = Release|Any CPU
		{813ADD39-AF42-43E2-8E01-1FEDA5C65F63}.Ad-Hoc|Any CPU.ActiveCfg = Release|x86
		{813ADD39-AF42-43E2-8E01-1FEDA5C65F63}.Ad-Hoc|Any CPU.Build.0 = Release|x86
		{813ADD39-AF42-43E2-8E01-1FEDA5C65F63}.Ad-Hoc|Any CPU.Deploy.0 = Release|x86
		{813ADD39-AF42-43E2-8E01-1FEDA5C65F63}.Ad-Hoc|ARM.ActiveCfg = Release|ARM
		{813ADD39-AF42-43E2-8E01-1FEDA5C65F63}.Ad-Hoc|ARM.Build.0 = Release|ARM
		{813ADD39-AF42-43E2-8E01-1FEDA5C65F63}.Ad-Hoc|ARM.Deploy.0 = Release|ARM
		{813ADD39-AF42-43E2-8E01-1FEDA5C65F63}.Ad-Hoc|iPhone.ActiveCfg = Release|x86
		{813ADD39-AF42-43E2-8E01-1FEDA5C65F63}.Ad-Hoc|iPhone.Build.0 = Release|x86
		{813ADD39-AF42-43E2-8E01-1FEDA5C65F63}.Ad-Hoc|iPhone.Deploy.0 = Release|x86
		{813ADD39-AF42-43E2-8E01-1FEDA5C65F63}.Ad-Hoc|iPhoneSimulator.ActiveCfg = Release|x86
		{813ADD39-AF42-43E2-8E01-1FEDA5C65F63}.Ad-Hoc|iPhoneSimulator.Build.0 = Release|x86
		{813ADD39-AF42-43E2-8E01-1FEDA5C65F63}.Ad-Hoc|iPhoneSimulator.Deploy.0 = Release|x86
		{813ADD39-AF42-43E2-8E01-1FEDA5C65F63}.Ad-Hoc|x64.ActiveCfg = Release|x64
		{813ADD39-AF42-43E2-8E01-1FEDA5C65F63}.Ad-Hoc|x64.Build.0 = Release|x64
		{813ADD39-AF42-43E2-8E01-1FEDA5C65F63}.Ad-Hoc|x64.Deploy.0 = Release|x64
		{813ADD39-AF42-43E2-8E01-1FEDA5C65F63}.Ad-Hoc|x86.ActiveCfg = Release|x86
		{813ADD39-AF42-43E2-8E01-1FEDA5C65F63}.Ad-Hoc|x86.Build.0 = Release|x86
		{813ADD39-AF42-43E2-8E01-1FEDA5C65F63}.Ad-Hoc|x86.Deploy.0 = Release|x86
		{813ADD39-AF42-43E2-8E01-1FEDA5C65F63}.AppStore|Any CPU.ActiveCfg = Release|x86
		{813ADD39-AF42-43E2-8E01-1FEDA5C65F63}.AppStore|Any CPU.Build.0 = Release|x86
		{813ADD39-AF42-43E2-8E01-1FEDA5C65F63}.AppStore|Any CPU.Deploy.0 = Release|x86
		{813ADD39-AF42-43E2-8E01-1FEDA5C65F63}.AppStore|ARM.ActiveCfg = Release|ARM
		{813ADD39-AF42-43E2-8E01-1FEDA5C65F63}.AppStore|ARM.Build.0 = Release|ARM
		{813ADD39-AF42-43E2-8E01-1FEDA5C65F63}.AppStore|ARM.Deploy.0 = Release|ARM
		{813ADD39-AF42-43E2-8E01-1FEDA5C65F63}.AppStore|iPhone.ActiveCfg = Release|x86
		{813ADD39-AF42-43E2-8E01-1FEDA5C65F63}.AppStore|iPhone.Build.0 = Release|x86
		{813ADD39-AF42-43E2-8E01-1FEDA5C65F63}.AppStore|iPhone.Deploy.0 = Release|x86
		{813ADD39-AF42-43E2-8E01-1FEDA5C65F63}.AppStore|iPhoneSimulator.ActiveCfg = Release|x86
		{813ADD39-AF42-43E2-8E01-1FEDA5C65F63}.AppStore|iPhoneSimulator.Build.0 = Release|x86
		{813ADD39-AF42-43E2-8E01-1FEDA5C65F63}.AppStore|iPhoneSimulator.Deploy.0 = Release|x86
		{813ADD39-AF42-43E2-8E01-1FEDA5C65F63}.AppStore|x64.ActiveCfg = Release|x64
		{813ADD39-AF42-43E2-8E01-1FEDA5C65F63}.AppStore|x64.Build.0 = Release|x64
		{813ADD39-AF42-43E2-8E01-1FEDA5C65F63}.AppStore|x64.Deploy.0 = Release|x64
		{813ADD39-AF42-43E2-8E01-1FEDA5C65F63}.AppStore|x86.ActiveCfg = Release|x86
		{813ADD39-AF42-43E2-8E01-1FEDA5C65F63}.AppStore|x86.Build.0 = Release|x86
		{813ADD39-AF42-43E2-8E01-1FEDA5C65F63}.AppStore|x86.Deploy.0 = Release|x86
		{813ADD39-AF42-43E2-8E01-1FEDA5C65F63}.Debug|Any CPU.ActiveCfg = Debug|x86
		{813ADD39-AF42-43E2-8E01-1FEDA5C65F63}.Debug|ARM.ActiveCfg = Debug|ARM
		{813ADD39-AF42-43E2-8E01-1FEDA5C65F63}.Debug|ARM.Build.0 = Debug|ARM
		{813ADD39-AF42-43E2-8E01-1FEDA5C65F63}.Debug|ARM.Deploy.0 = Debug|ARM
		{813ADD39-AF42-43E2-8E01-1FEDA5C65F63}.Debug|iPhone.ActiveCfg = Debug|x86
		{813ADD39-AF42-43E2-8E01-1FEDA5C65F63}.Debug|iPhoneSimulator.ActiveCfg = Debug|x86
		{813ADD39-AF42-43E2-8E01-1FEDA5C65F63}.Debug|x64.ActiveCfg = Debug|x64
		{813ADD39-AF42-43E2-8E01-1FEDA5C65F63}.Debug|x64.Build.0 = Debug|x64
		{813ADD39-AF42-43E2-8E01-1FEDA5C65F63}.Debug|x64.Deploy.0 = Debug|x64
		{813ADD39-AF42-43E2-8E01-1FEDA5C65F63}.Debug|x86.ActiveCfg = Debug|x86
		{813ADD39-AF42-43E2-8E01-1FEDA5C65F63}.Debug|x86.Build.0 = Debug|x86
		{813ADD39-AF42-43E2-8E01-1FEDA5C65F63}.Debug|x86.Deploy.0 = Debug|x86
		{813ADD39-AF42-43E2-8E01-1FEDA5C65F63}.Release|Any CPU.ActiveCfg = Release|x86
		{813ADD39-AF42-43E2-8E01-1FEDA5C65F63}.Release|ARM.ActiveCfg = Release|ARM
		{813ADD39-AF42-43E2-8E01-1FEDA5C65F63}.Release|ARM.Build.0 = Release|ARM
		{813ADD39-AF42-43E2-8E01-1FEDA5C65F63}.Release|ARM.Deploy.0 = Release|ARM
		{813ADD39-AF42-43E2-8E01-1FEDA5C65F63}.Release|iPhone.ActiveCfg = Release|x86
		{813ADD39-AF42-43E2-8E01-1FEDA5C65F63}.Release|iPhoneSimulator.ActiveCfg = Release|x86
		{813ADD39-AF42-43E2-8E01-1FEDA5C65F63}.Release|x64.ActiveCfg = Release|x64
		{813ADD39-AF42-43E2-8E01-1FEDA5C65F63}.Release|x64.Build.0 = Release|x64
		{813ADD39-AF42-43E2-8E01-1FEDA5C65F63}.Release|x64.Deploy.0 = Release|x64
		{813ADD39-AF42-43E2-8E01-1FEDA5C65F63}.Release|x86.ActiveCfg = Release|x86
		{813ADD39-AF42-43E2-8E01-1FEDA5C65F63}.Release|x86.Build.0 = Release|x86
		{813ADD39-AF42-43E2-8E01-1FEDA5C65F63}.Release|x86.Deploy.0 = Release|x86
	EndGlobalSection
	GlobalSection(SolutionProperties) = preSolution
		HideSolutionNode = FALSE
	EndGlobalSection
	GlobalSection(ExtensibilityGlobals) = postSolution
		SolutionGuid = {22553868-542F-417A-848D-788FE28A0138}
	EndGlobalSection
EndGlobal
